
Microsoft Visual Studio Solution File, Format Version 11.00
# Visual Studio 2010
# $Id: VC10WorkspaceCreator.pm 2035 2011-10-06 15:05:21Z johnnyw $
#
# This file was generated by MPC.  Any changes made directly to
# this file will be lost the next time it is generated.
#
# MPC Command:
# /tmp/DOC_ROOT/stage-2947/ACE_wrappers/bin/mwc.pl -type vc10 -exclude TAO/CIAO/CIAO_TAO_DAnCE_OpenDDS.mwc,TAO/CIAO/CIAO_TAO_OpenDDS.mwc -recurse -hierarchy -relative ACE_ROOT=/tmp/DOC_ROOT/stage-2947/ACE_wrappers -relative TAO_ROOT=/tmp/DOC_ROOT/stage-2947/ACE_wrappers/TAO -relative CIAO_ROOT=/tmp/DOC_ROOT/stage-2947/ACE_wrappers/TAO/CIAO -relative DANCE_ROOT=/tmp/DOC_ROOT/stage-2947/ACE_wrappers/TAO/DAnCE -workers 10 -name_modifier "*_vc10"
Project("{8BC9CEB8-8B4A-11D0-8D11-00A0C91BC942}") = "Sequence_Unit_Tests_B_Obj_Ref_Seq", "Sequence_Unit_Tests_B_Obj_Ref_Seq_vc10.vcxproj", "{A1B4938A-FECA-1BAD-7B2F-5844F646D6AF}"
EndProject
Project("{8BC9CEB8-8B4A-11D0-8D11-00A0C91BC942}") = "Sequence_Unit_Tests_B_Sequence_CDR", "Sequence_Unit_Tests_B_Sequence_CDR_vc10.vcxproj", "{3CD7B660-FECA-1BAD-7B2F-5844F646D6AF}"
EndProject
Project("{8BC9CEB8-8B4A-11D0-8D11-00A0C91BC942}") = "Sequence_Unit_Tests_B_Simple_Types", "Sequence_Unit_Tests_B_Simple_Types_vc10.vcxproj", "{F39E3955-FECA-1BAD-7B2F-5844F646D6AF}"
EndProject
Project("{8BC9CEB8-8B4A-11D0-8D11-00A0C91BC942}") = "Sequence_Unit_Tests_B_String_Seq", "Sequence_Unit_Tests_B_String_Seq_vc10.vcxproj", "{C1B386A6-FECA-1BAD-7B2F-5844F646D6AF}"
EndProject
Project("{8BC9CEB8-8B4A-11D0-8D11-00A0C91BC942}") = "Sequence_Unit_Tests_B_Value_Sequence", "Sequence_Unit_Tests_B_Value_Sequence_vc10.vcxproj", "{8D7CF7DA-FECA-1BAD-7B2F-5844F646D6AF}"
EndProject
Project("{8BC9CEB8-8B4A-11D0-8D11-00A0C91BC942}") = "Sequence_Unit_Tests_Bounded_String", "Sequence_Unit_Tests_Bounded_String_vc10.vcxproj", "{11859479-FECA-1BAD-7B2F-5844F646D6AF}"
EndProject
Project("{8BC9CEB8-8B4A-11D0-8D11-00A0C91BC942}") = "Sequence_Unit_Tests_Obj_Ref_Seq_Elem", "Sequence_Unit_Tests_Obj_Ref_Seq_Elem_vc10.vcxproj", "{A8F21A85-FECA-1BAD-7B2F-5844F646D6AF}"
EndProject
Project("{8BC9CEB8-8B4A-11D0-8D11-00A0C91BC942}") = "Sequence_Unit_Tests_String_Seq_Elem", "Sequence_Unit_Tests_String_Seq_Elem_vc10.vcxproj", "{831E1362-FECA-1BAD-7B2F-5844F646D6AF}"
EndProject
Project("{8BC9CEB8-8B4A-11D0-8D11-00A0C91BC942}") = "Sequence_Unit_Tests_Test_Alloc_Traits", "Sequence_Unit_Tests_Test_Alloc_Traits_vc10.vcxproj", "{DE4AC3AB-FECA-1BAD-7B2F-5844F646D6AF}"
EndProject
Project("{8BC9CEB8-8B4A-11D0-8D11-00A0C91BC942}") = "Sequence_Unit_Tests_UB_Fwd_Ob_Ref_Seq", "Sequence_Unit_Tests_UB_Fwd_Ob_Ref_Seq_vc10.vcxproj", "{7CB3D370-FECA-1BAD-7B2F-5844F646D6AF}"
EndProject
Project("{8BC9CEB8-8B4A-11D0-8D11-00A0C91BC942}") = "Sequence_Unit_Tests_UB_Obj_Ref_Seq", "Sequence_Unit_Tests_UB_Obj_Ref_Seq_vc10.vcxproj", "{AD2E668F-FECA-1BAD-7B2F-5844F646D6AF}"
EndProject
Project("{8BC9CEB8-8B4A-11D0-8D11-00A0C91BC942}") = "Sequence_Unit_Tests_UB_Oct_Seq_No_Cpy", "Sequence_Unit_Tests_UB_Oct_Seq_No_Cpy_vc10.vcxproj", "{756D20B1-FECA-1BAD-7B2F-5844F646D6AF}"
EndProject
Project("{8BC9CEB8-8B4A-11D0-8D11-00A0C91BC942}") = "Sequence_Unit_Tests_UB_Octet_Sequence", "Sequence_Unit_Tests_UB_Octet_Sequence_vc10.vcxproj", "{332CBE2A-FECA-1BAD-7B2F-5844F646D6AF}"
EndProject
Project("{8BC9CEB8-8B4A-11D0-8D11-00A0C91BC942}") = "Sequence_Unit_Tests_UB_Sequence_CDR", "Sequence_Unit_Tests_UB_Sequence_CDR_vc10.vcxproj", "{F578E630-FECA-1BAD-7B2F-5844F646D6AF}"
EndProject
Project("{8BC9CEB8-8B4A-11D0-8D11-00A0C91BC942}") = "Sequence_Unit_Tests_UB_Simple_Types", "Sequence_Unit_Tests_UB_Simple_Types_vc10.vcxproj", "{3A316905-FECA-1BAD-7B2F-5844F646D6AF}"
EndProject
Project("{8BC9CEB8-8B4A-11D0-8D11-00A0C91BC942}") = "Sequence_Unit_Tests_UB_String_Seq", "Sequence_Unit_Tests_UB_String_Seq_vc10.vcxproj", "{917A29F6-FECA-1BAD-7B2F-5844F646D6AF}"
EndProject
Project("{8BC9CEB8-8B4A-11D0-8D11-00A0C91BC942}") = "Sequence_Unit_Tests_UB_Value_Sequence", "Sequence_Unit_Tests_UB_Value_Sequence_vc10.vcxproj", "{222CA713-FECA-1BAD-7B2F-5844F646D6AF}"
EndProject
Project("{8BC9CEB8-8B4A-11D0-8D11-00A0C91BC942}") = "Sequence_Unit_Tests_Unbounded_Octet", "Sequence_Unit_Tests_Unbounded_Octet_vc10.vcxproj", "{B8085742-FECA-1BAD-7B2F-5844F646D6AF}"
EndProject
Project("{8BC9CEB8-8B4A-11D0-8D11-00A0C91BC942}") = "Sequence_Unit_Tests_Unbounded_String", "Sequence_Unit_Tests_Unbounded_String_vc10.vcxproj", "{42DC5125-FECA-1BAD-7B2F-5844F646D6AF}"
EndProject
Global
	GlobalSection(SolutionConfigurationPlatforms) = preSolution
		Debug|Win32 = Debug|Win32
		Debug|x64 = Debug|x64
		Release|Win32 = Release|Win32
		Release|x64 = Release|x64
	EndGlobalSection
	GlobalSection(ProjectConfigurationPlatforms) = postSolution
		{A1B4938A-FECA-1BAD-7B2F-5844F646D6AF}.Debug|Win32.ActiveCfg = Debug|Win32
		{A1B4938A-FECA-1BAD-7B2F-5844F646D6AF}.Debug|Win32.Build.0 = Debug|Win32
		{A1B4938A-FECA-1BAD-7B2F-5844F646D6AF}.Debug|x64.ActiveCfg = Debug|x64
		{A1B4938A-FECA-1BAD-7B2F-5844F646D6AF}.Debug|x64.Build.0 = Debug|x64
		{A1B4938A-FECA-1BAD-7B2F-5844F646D6AF}.Release|Win32.ActiveCfg = Release|Win32
		{A1B4938A-FECA-1BAD-7B2F-5844F646D6AF}.Release|Win32.Build.0 = Release|Win32
		{A1B4938A-FECA-1BAD-7B2F-5844F646D6AF}.Release|x64.ActiveCfg = Release|x64
		{A1B4938A-FECA-1BAD-7B2F-5844F646D6AF}.Release|x64.Build.0 = Release|x64
		{3CD7B660-FECA-1BAD-7B2F-5844F646D6AF}.Debug|Win32.ActiveCfg = Debug|Win32
		{3CD7B660-FECA-1BAD-7B2F-5844F646D6AF}.Debug|Win32.Build.0 = Debug|Win32
		{3CD7B660-FECA-1BAD-7B2F-5844F646D6AF}.Debug|x64.ActiveCfg = Debug|x64
		{3CD7B660-FECA-1BAD-7B2F-5844F646D6AF}.Debug|x64.Build.0 = Debug|x64
		{3CD7B660-FECA-1BAD-7B2F-5844F646D6AF}.Release|Win32.ActiveCfg = Release|Win32
		{3CD7B660-FECA-1BAD-7B2F-5844F646D6AF}.Release|Win32.Build.0 = Release|Win32
		{3CD7B660-FECA-1BAD-7B2F-5844F646D6AF}.Release|x64.ActiveCfg = Release|x64
		{3CD7B660-FECA-1BAD-7B2F-5844F646D6AF}.Release|x64.Build.0 = Release|x64
		{F39E3955-FECA-1BAD-7B2F-5844F646D6AF}.Debug|Win32.ActiveCfg = Debug|Win32
		{F39E3955-FECA-1BAD-7B2F-5844F646D6AF}.Debug|Win32.Build.0 = Debug|Win32
		{F39E3955-FECA-1BAD-7B2F-5844F646D6AF}.Debug|x64.ActiveCfg = Debug|x64
		{F39E3955-FECA-1BAD-7B2F-5844F646D6AF}.Debug|x64.Build.0 = Debug|x64
		{F39E3955-FECA-1BAD-7B2F-5844F646D6AF}.Release|Win32.ActiveCfg = Release|Win32
		{F39E3955-FECA-1BAD-7B2F-5844F646D6AF}.Release|Win32.Build.0 = Release|Win32
		{F39E3955-FECA-1BAD-7B2F-5844F646D6AF}.Release|x64.ActiveCfg = Release|x64
		{F39E3955-FECA-1BAD-7B2F-5844F646D6AF}.Release|x64.Build.0 = Release|x64
		{C1B386A6-FECA-1BAD-7B2F-5844F646D6AF}.Debug|Win32.ActiveCfg = Debug|Win32
		{C1B386A6-FECA-1BAD-7B2F-5844F646D6AF}.Debug|Win32.Build.0 = Debug|Win32
		{C1B386A6-FECA-1BAD-7B2F-5844F646D6AF}.Debug|x64.ActiveCfg = Debug|x64
		{C1B386A6-FECA-1BAD-7B2F-5844F646D6AF}.Debug|x64.Build.0 = Debug|x64
		{C1B386A6-FECA-1BAD-7B2F-5844F646D6AF}.Release|Win32.ActiveCfg = Release|Win32
		{C1B386A6-FECA-1BAD-7B2F-5844F646D6AF}.Release|Win32.Build.0 = Release|Win32
		{C1B386A6-FECA-1BAD-7B2F-5844F646D6AF}.Release|x64.ActiveCfg = Release|x64
		{C1B386A6-FECA-1BAD-7B2F-5844F646D6AF}.Release|x64.Build.0 = Release|x64
		{8D7CF7DA-FECA-1BAD-7B2F-5844F646D6AF}.Debug|Win32.ActiveCfg = Debug|Win32
		{8D7CF7DA-FECA-1BAD-7B2F-5844F646D6AF}.Debug|Win32.Build.0 = Debug|Win32
		{8D7CF7DA-FECA-1BAD-7B2F-5844F646D6AF}.Debug|x64.ActiveCfg = Debug|x64
		{8D7CF7DA-FECA-1BAD-7B2F-5844F646D6AF}.Debug|x64.Build.0 = Debug|x64
		{8D7CF7DA-FECA-1BAD-7B2F-5844F646D6AF}.Release|Win32.ActiveCfg = Release|Win32
		{8D7CF7DA-FECA-1BAD-7B2F-5844F646D6AF}.Release|Win32.Build.0 = Release|Win32
		{8D7CF7DA-FECA-1BAD-7B2F-5844F646D6AF}.Release|x64.ActiveCfg = Release|x64
		{8D7CF7DA-FECA-1BAD-7B2F-5844F646D6AF}.Release|x64.Build.0 = Release|x64
		{11859479-FECA-1BAD-7B2F-5844F646D6AF}.Debug|Win32.ActiveCfg = Debug|Win32
		{11859479-FECA-1BAD-7B2F-5844F646D6AF}.Debug|Win32.Build.0 = Debug|Win32
		{11859479-FECA-1BAD-7B2F-5844F646D6AF}.Debug|x64.ActiveCfg = Debug|x64
		{11859479-FECA-1BAD-7B2F-5844F646D6AF}.Debug|x64.Build.0 = Debug|x64
		{11859479-FECA-1BAD-7B2F-5844F646D6AF}.Release|Win32.ActiveCfg = Release|Win32
		{11859479-FECA-1BAD-7B2F-5844F646D6AF}.Release|Win32.Build.0 = Release|Win32
		{11859479-FECA-1BAD-7B2F-5844F646D6AF}.Release|x64.ActiveCfg = Release|x64
		{11859479-FECA-1BAD-7B2F-5844F646D6AF}.Release|x64.Build.0 = Release|x64
		{A8F21A85-FECA-1BAD-7B2F-5844F646D6AF}.Debug|Win32.ActiveCfg = Debug|Win32
		{A8F21A85-FECA-1BAD-7B2F-5844F646D6AF}.Debug|Win32.Build.0 = Debug|Win32
		{A8F21A85-FECA-1BAD-7B2F-5844F646D6AF}.Debug|x64.ActiveCfg = Debug|x64
		{A8F21A85-FECA-1BAD-7B2F-5844F646D6AF}.Debug|x64.Build.0 = Debug|x64
		{A8F21A85-FECA-1BAD-7B2F-5844F646D6AF}.Release|Win32.ActiveCfg = Release|Win32
		{A8F21A85-FECA-1BAD-7B2F-5844F646D6AF}.Release|Win32.Build.0 = Release|Win32
		{A8F21A85-FECA-1BAD-7B2F-5844F646D6AF}.Release|x64.ActiveCfg = Release|x64
		{A8F21A85-FECA-1BAD-7B2F-5844F646D6AF}.Release|x64.Build.0 = Release|x64
		{831E1362-FECA-1BAD-7B2F-5844F646D6AF}.Debug|Win32.ActiveCfg = Debug|Win32
		{831E1362-FECA-1BAD-7B2F-5844F646D6AF}.Debug|Win32.Build.0 = Debug|Win32
		{831E1362-FECA-1BAD-7B2F-5844F646D6AF}.Debug|x64.ActiveCfg = Debug|x64
		{831E1362-FECA-1BAD-7B2F-5844F646D6AF}.Debug|x64.Build.0 = Debug|x64
		{831E1362-FECA-1BAD-7B2F-5844F646D6AF}.Release|Win32.ActiveCfg = Release|Win32
		{831E1362-FECA-1BAD-7B2F-5844F646D6AF}.Release|Win32.Build.0 = Release|Win32
		{831E1362-FECA-1BAD-7B2F-5844F646D6AF}.Release|x64.ActiveCfg = Release|x64
		{831E1362-FECA-1BAD-7B2F-5844F646D6AF}.Release|x64.Build.0 = Release|x64
		{DE4AC3AB-FECA-1BAD-7B2F-5844F646D6AF}.Debug|Win32.ActiveCfg = Debug|Win32
		{DE4AC3AB-FECA-1BAD-7B2F-5844F646D6AF}.Debug|Win32.Build.0 = Debug|Win32
		{DE4AC3AB-FECA-1BAD-7B2F-5844F646D6AF}.Debug|x64.ActiveCfg = Debug|x64
		{DE4AC3AB-FECA-1BAD-7B2F-5844F646D6AF}.Debug|x64.Build.0 = Debug|x64
		{DE4AC3AB-FECA-1BAD-7B2F-5844F646D6AF}.Release|Win32.ActiveCfg = Release|Win32
		{DE4AC3AB-FECA-1BAD-7B2F-5844F646D6AF}.Release|Win32.Build.0 = Release|Win32
		{DE4AC3AB-FECA-1BAD-7B2F-5844F646D6AF}.Release|x64.ActiveCfg = Release|x64
		{DE4AC3AB-FECA-1BAD-7B2F-5844F646D6AF}.Release|x64.Build.0 = Release|x64
		{7CB3D370-FECA-1BAD-7B2F-5844F646D6AF}.Debug|Win32.ActiveCfg = Debug|Win32
		{7CB3D370-FECA-1BAD-7B2F-5844F646D6AF}.Debug|Win32.Build.0 = Debug|Win32
		{7CB3D370-FECA-1BAD-7B2F-5844F646D6AF}.Debug|x64.ActiveCfg = Debug|x64
		{7CB3D370-FECA-1BAD-7B2F-5844F646D6AF}.Debug|x64.Build.0 = Debug|x64
		{7CB3D370-FECA-1BAD-7B2F-5844F646D6AF}.Release|Win32.ActiveCfg = Release|Win32
		{7CB3D370-FECA-1BAD-7B2F-5844F646D6AF}.Release|Win32.Build.0 = Release|Win32
		{7CB3D370-FECA-1BAD-7B2F-5844F646D6AF}.Release|x64.ActiveCfg = Release|x64
		{7CB3D370-FECA-1BAD-7B2F-5844F646D6AF}.Release|x64.Build.0 = Release|x64
		{AD2E668F-FECA-1BAD-7B2F-5844F646D6AF}.Debug|Win32.ActiveCfg = Debug|Win32
		{AD2E668F-FECA-1BAD-7B2F-5844F646D6AF}.Debug|Win32.Build.0 = Debug|Win32
		{AD2E668F-FECA-1BAD-7B2F-5844F646D6AF}.Debug|x64.ActiveCfg = Debug|x64
		{AD2E668F-FECA-1BAD-7B2F-5844F646D6AF}.Debug|x64.Build.0 = Debug|x64
		{AD2E668F-FECA-1BAD-7B2F-5844F646D6AF}.Release|Win32.ActiveCfg = Release|Win32
		{AD2E668F-FECA-1BAD-7B2F-5844F646D6AF}.Release|Win32.Build.0 = Release|Win32
		{AD2E668F-FECA-1BAD-7B2F-5844F646D6AF}.Release|x64.ActiveCfg = Release|x64
		{AD2E668F-FECA-1BAD-7B2F-5844F646D6AF}.Release|x64.Build.0 = Release|x64
		{756D20B1-FECA-1BAD-7B2F-5844F646D6AF}.Debug|Win32.ActiveCfg = Debug|Win32
		{756D20B1-FECA-1BAD-7B2F-5844F646D6AF}.Debug|Win32.Build.0 = Debug|Win32
		{756D20B1-FECA-1BAD-7B2F-5844F646D6AF}.Debug|x64.ActiveCfg = Debug|x64
		{756D20B1-FECA-1BAD-7B2F-5844F646D6AF}.Debug|x64.Build.0 = Debug|x64
		{756D20B1-FECA-1BAD-7B2F-5844F646D6AF}.Release|Win32.ActiveCfg = Release|Win32
		{756D20B1-FECA-1BAD-7B2F-5844F646D6AF}.Release|Win32.Build.0 = Release|Win32
		{756D20B1-FECA-1BAD-7B2F-5844F646D6AF}.Release|x64.ActiveCfg = Release|x64
		{756D20B1-FECA-1BAD-7B2F-5844F646D6AF}.Release|x64.Build.0 = Release|x64
		{332CBE2A-FECA-1BAD-7B2F-5844F646D6AF}.Debug|Win32.ActiveCfg = Debug|Win32
		{332CBE2A-FECA-1BAD-7B2F-5844F646D6AF}.Debug|Win32.Build.0 = Debug|Win32
		{332CBE2A-FECA-1BAD-7B2F-5844F646D6AF}.Debug|x64.ActiveCfg = Debug|x64
		{332CBE2A-FECA-1BAD-7B2F-5844F646D6AF}.Debug|x64.Build.0 = Debug|x64
		{332CBE2A-FECA-1BAD-7B2F-5844F646D6AF}.Release|Win32.ActiveCfg = Release|Win32
		{332CBE2A-FECA-1BAD-7B2F-5844F646D6AF}.Release|Win32.Build.0 = Release|Win32
		{332CBE2A-FECA-1BAD-7B2F-5844F646D6AF}.Release|x64.ActiveCfg = Release|x64
		{332CBE2A-FECA-1BAD-7B2F-5844F646D6AF}.Release|x64.Build.0 = Release|x64
		{F578E630-FECA-1BAD-7B2F-5844F646D6AF}.Debug|Win32.ActiveCfg = Debug|Win32
		{F578E630-FECA-1BAD-7B2F-5844F646D6AF}.Debug|Win32.Build.0 = Debug|Win32
		{F578E630-FECA-1BAD-7B2F-5844F646D6AF}.Debug|x64.ActiveCfg = Debug|x64
		{F578E630-FECA-1BAD-7B2F-5844F646D6AF}.Debug|x64.Build.0 = Debug|x64
		{F578E630-FECA-1BAD-7B2F-5844F646D6AF}.Release|Win32.ActiveCfg = Release|Win32
		{F578E630-FECA-1BAD-7B2F-5844F646D6AF}.Release|Win32.Build.0 = Release|Win32
		{F578E630-FECA-1BAD-7B2F-5844F646D6AF}.Release|x64.ActiveCfg = Release|x64
		{F578E630-FECA-1BAD-7B2F-5844F646D6AF}.Release|x64.Build.0 = Release|x64
		{3A316905-FECA-1BAD-7B2F-5844F646D6AF}.Debug|Win32.ActiveCfg = Debug|Win32
		{3A316905-FECA-1BAD-7B2F-5844F646D6AF}.Debug|Win32.Build.0 = Debug|Win32
		{3A316905-FECA-1BAD-7B2F-5844F646D6AF}.Debug|x64.ActiveCfg = Debug|x64
		{3A316905-FECA-1BAD-7B2F-5844F646D6AF}.Debug|x64.Build.0 = Debug|x64
		{3A316905-FECA-1BAD-7B2F-5844F646D6AF}.Release|Win32.ActiveCfg = Release|Win32
		{3A316905-FECA-1BAD-7B2F-5844F646D6AF}.Release|Win32.Build.0 = Release|Win32
		{3A316905-FECA-1BAD-7B2F-5844F646D6AF}.Release|x64.ActiveCfg = Release|x64
		{3A316905-FECA-1BAD-7B2F-5844F646D6AF}.Release|x64.Build.0 = Release|x64
		{917A29F6-FECA-1BAD-7B2F-5844F646D6AF}.Debug|Win32.ActiveCfg = Debug|Win32
		{917A29F6-FECA-1BAD-7B2F-5844F646D6AF}.Debug|Win32.Build.0 = Debug|Win32
		{917A29F6-FECA-1BAD-7B2F-5844F646D6AF}.Debug|x64.ActiveCfg = Debug|x64
		{917A29F6-FECA-1BAD-7B2F-5844F646D6AF}.Debug|x64.Build.0 = Debug|x64
		{917A29F6-FECA-1BAD-7B2F-5844F646D6AF}.Release|Win32.ActiveCfg = Release|Win32
		{917A29F6-FECA-1BAD-7B2F-5844F646D6AF}.Release|Win32.Build.0 = Release|Win32
		{917A29F6-FECA-1BAD-7B2F-5844F646D6AF}.Release|x64.ActiveCfg = Release|x64
		{917A29F6-FECA-1BAD-7B2F-5844F646D6AF}.Release|x64.Build.0 = Release|x64
		{222CA713-FECA-1BAD-7B2F-5844F646D6AF}.Debug|Win32.ActiveCfg = Debug|Win32
		{222CA713-FECA-1BAD-7B2F-5844F646D6AF}.Debug|Win32.Build.0 = Debug|Win32
		{222CA713-FECA-1BAD-7B2F-5844F646D6AF}.Debug|x64.ActiveCfg = Debug|x64
		{222CA713-FECA-1BAD-7B2F-5844F646D6AF}.Debug|x64.Build.0 = Debug|x64
		{222CA713-FECA-1BAD-7B2F-5844F646D6AF}.Release|Win32.ActiveCfg = Release|Win32
		{222CA713-FECA-1BAD-7B2F-5844F646D6AF}.Release|Win32.Build.0 = Release|Win32
		{222CA713-FECA-1BAD-7B2F-5844F646D6AF}.Release|x64.ActiveCfg = Release|x64
		{222CA713-FECA-1BAD-7B2F-5844F646D6AF}.Release|x64.Build.0 = Release|x64
		{B8085742-FECA-1BAD-7B2F-5844F646D6AF}.Debug|Win32.ActiveCfg = Debug|Win32
		{B8085742-FECA-1BAD-7B2F-5844F646D6AF}.Debug|Win32.Build.0 = Debug|Win32
		{B8085742-FECA-1BAD-7B2F-5844F646D6AF}.Debug|x64.ActiveCfg = Debug|x64
		{B8085742-FECA-1BAD-7B2F-5844F646D6AF}.Debug|x64.Build.0 = Debug|x64
		{B8085742-FECA-1BAD-7B2F-5844F646D6AF}.Release|Win32.ActiveCfg = Release|Win32
		{B8085742-FECA-1BAD-7B2F-5844F646D6AF}.Release|Win32.Build.0 = Release|Win32
		{B8085742-FECA-1BAD-7B2F-5844F646D6AF}.Release|x64.ActiveCfg = Release|x64
		{B8085742-FECA-1BAD-7B2F-5844F646D6AF}.Release|x64.Build.0 = Release|x64
		{42DC5125-FECA-1BAD-7B2F-5844F646D6AF}.Debug|Win32.ActiveCfg = Debug|Win32
		{42DC5125-FECA-1BAD-7B2F-5844F646D6AF}.Debug|Win32.Build.0 = Debug|Win32
		{42DC5125-FECA-1BAD-7B2F-5844F646D6AF}.Debug|x64.ActiveCfg = Debug|x64
		{42DC5125-FECA-1BAD-7B2F-5844F646D6AF}.Debug|x64.Build.0 = Debug|x64
		{42DC5125-FECA-1BAD-7B2F-5844F646D6AF}.Release|Win32.ActiveCfg = Release|Win32
		{42DC5125-FECA-1BAD-7B2F-5844F646D6AF}.Release|Win32.Build.0 = Release|Win32
		{42DC5125-FECA-1BAD-7B2F-5844F646D6AF}.Release|x64.ActiveCfg = Release|x64
		{42DC5125-FECA-1BAD-7B2F-5844F646D6AF}.Release|x64.Build.0 = Release|x64
	EndGlobalSection
	GlobalSection(SolutionProperties) = preSolution
		HideSolutionNode = FALSE
	EndGlobalSection
EndGlobal
