
Microsoft Visual Studio Solution File, Format Version 10.00
# Visual Studio 2008
# $Id: VC9WorkspaceCreator.pm 2035 2011-10-06 15:05:21Z johnnyw $
#
# This file was generated by MPC.  Any changes made directly to
# this file will be lost the next time it is generated.
#
# MPC Command:
# /home/build/DOC_ROOT/stage-775/ACE_wrappers/bin/mwc.pl -type vc9 -exclude TAO/CIAO/CIAO_TAO_DAnCE_OpenDDS.mwc,TAO/CIAO/CIAO_TAO_OpenDDS.mwc,TAO/CIAO/CIAO_TAO_DAnCE_OpenDDS_shapes.mwc -recurse -hierarchy -relative ACE_ROOT=/home/build/DOC_ROOT/stage-775/ACE_wrappers -relative TAO_ROOT=/home/build/DOC_ROOT/stage-775/ACE_wrappers/TAO -relative CIAO_ROOT=/home/build/DOC_ROOT/stage-775/ACE_wrappers/TAO/CIAO -relative DANCE_ROOT=/home/build/DOC_ROOT/stage-775/ACE_wrappers/TAO/DAnCE -workers 16 -name_modifier "*_vc9"
Project("{8BC9CEB8-8B4A-11D0-8D11-00A0C91BC942}") = "AMI4CCM_IDL_Test_conn", "AMI4CCM_IDL_Test_conn_vc9.vcproj", "{A5A69954-FECA-1BAD-253E-72F0723DD91F}"
	ProjectSection(ProjectDependencies) = postProject
		{68F91F98-FECA-1BAD-253E-72F0723DD91F} = {68F91F98-FECA-1BAD-253E-72F0723DD91F}
		{B5EDB954-FECA-1BAD-253E-72F0723DD91F} = {B5EDB954-FECA-1BAD-253E-72F0723DD91F}
		{A5D9DF9B-FECA-1BAD-253E-72F0723DD91F} = {A5D9DF9B-FECA-1BAD-253E-72F0723DD91F}
		{ECF6FC88-FECA-1BAD-253E-72F0723DD91F} = {ECF6FC88-FECA-1BAD-253E-72F0723DD91F}
	EndProjectSection
EndProject
Project("{8BC9CEB8-8B4A-11D0-8D11-00A0C91BC942}") = "AMI4CCM_IDL_Test_idl_gen", "AMI4CCM_IDL_Test_idl_gen_vc9.vcproj", "{854B2DFB-FECA-1BAD-253E-72F0723DD91F}"
EndProject
Project("{8BC9CEB8-8B4A-11D0-8D11-00A0C91BC942}") = "AMI4CCM_IDL_Test_lem_gen", "AMI4CCM_IDL_Test_lem_gen_vc9.vcproj", "{954B2DAA-FECA-1BAD-253E-72F0723DD91F}"
	ProjectSection(ProjectDependencies) = postProject
		{854B2DFB-FECA-1BAD-253E-72F0723DD91F} = {854B2DFB-FECA-1BAD-253E-72F0723DD91F}
		{A5D9DF9B-FECA-1BAD-253E-72F0723DD91F} = {A5D9DF9B-FECA-1BAD-253E-72F0723DD91F}
	EndProjectSection
EndProject
Project("{8BC9CEB8-8B4A-11D0-8D11-00A0C91BC942}") = "AMI4CCM_IDL_Test_lem_stub", "AMI4CCM_IDL_Test_lem_stub_vc9.vcproj", "{68F91F98-FECA-1BAD-253E-72F0723DD91F}"
	ProjectSection(ProjectDependencies) = postProject
		{954B2DAA-FECA-1BAD-253E-72F0723DD91F} = {954B2DAA-FECA-1BAD-253E-72F0723DD91F}
		{B40D5954-FECA-1BAD-253E-72F0723DD91F} = {B40D5954-FECA-1BAD-253E-72F0723DD91F}
		{ECF6FC88-FECA-1BAD-253E-72F0723DD91F} = {ECF6FC88-FECA-1BAD-253E-72F0723DD91F}
		{B5EDB954-FECA-1BAD-253E-72F0723DD91F} = {B5EDB954-FECA-1BAD-253E-72F0723DD91F}
	EndProjectSection
EndProject
Project("{8BC9CEB8-8B4A-11D0-8D11-00A0C91BC942}") = "AMI4CCM_IDL_Test_lema_gen", "AMI4CCM_IDL_Test_lema_gen_vc9.vcproj", "{A5D9DF9B-FECA-1BAD-253E-72F0723DD91F}"
	ProjectSection(ProjectDependencies) = postProject
		{854B2DFB-FECA-1BAD-253E-72F0723DD91F} = {854B2DFB-FECA-1BAD-253E-72F0723DD91F}
	EndProjectSection
EndProject
Project("{8BC9CEB8-8B4A-11D0-8D11-00A0C91BC942}") = "AMI4CCM_IDL_Test_lemae_gen", "AMI4CCM_IDL_Test_lemae_gen_vc9.vcproj", "{ECF6FC88-FECA-1BAD-253E-72F0723DD91F}"
	ProjectSection(ProjectDependencies) = postProject
		{A5D9DF9B-FECA-1BAD-253E-72F0723DD91F} = {A5D9DF9B-FECA-1BAD-253E-72F0723DD91F}
	EndProjectSection
EndProject
Project("{8BC9CEB8-8B4A-11D0-8D11-00A0C91BC942}") = "AMI4CCM_IDL_Test_skel", "AMI4CCM_IDL_Test_skel_vc9.vcproj", "{B5EDB954-FECA-1BAD-253E-72F0723DD91F}"
	ProjectSection(ProjectDependencies) = postProject
		{B40D5954-FECA-1BAD-253E-72F0723DD91F} = {B40D5954-FECA-1BAD-253E-72F0723DD91F}
	EndProjectSection
EndProject
Project("{8BC9CEB8-8B4A-11D0-8D11-00A0C91BC942}") = "AMI4CCM_IDL_Test_stub", "AMI4CCM_IDL_Test_stub_vc9.vcproj", "{B40D5954-FECA-1BAD-253E-72F0723DD91F}"
	ProjectSection(ProjectDependencies) = postProject
		{954B2DAA-FECA-1BAD-253E-72F0723DD91F} = {954B2DAA-FECA-1BAD-253E-72F0723DD91F}
		{A5D9DF9B-FECA-1BAD-253E-72F0723DD91F} = {A5D9DF9B-FECA-1BAD-253E-72F0723DD91F}
	EndProjectSection
EndProject
Project("{8BC9CEB8-8B4A-11D0-8D11-00A0C91BC942}") = "AMI4CCM_IDL_Test_svnt", "AMI4CCM_IDL_Test_svnt_vc9.vcproj", "{B4373954-FECA-1BAD-253E-72F0723DD91F}"
	ProjectSection(ProjectDependencies) = postProject
		{68F91F98-FECA-1BAD-253E-72F0723DD91F} = {68F91F98-FECA-1BAD-253E-72F0723DD91F}
		{B5EDB954-FECA-1BAD-253E-72F0723DD91F} = {B5EDB954-FECA-1BAD-253E-72F0723DD91F}
		{A5D9DF9B-FECA-1BAD-253E-72F0723DD91F} = {A5D9DF9B-FECA-1BAD-253E-72F0723DD91F}
		{ECF6FC88-FECA-1BAD-253E-72F0723DD91F} = {ECF6FC88-FECA-1BAD-253E-72F0723DD91F}
		{A5A69954-FECA-1BAD-253E-72F0723DD91F} = {A5A69954-FECA-1BAD-253E-72F0723DD91F}
	EndProjectSection
EndProject
Project("{8BC9CEB8-8B4A-11D0-8D11-00A0C91BC942}") = "AMI4CCM_ITB_Hello_Comp_exec", "AMI4CCM_ITB_Hello_Comp_exec_vc9.vcproj", "{0ED59EAB-FECA-1BAD-2923-5E30723DD91F}"
	ProjectSection(ProjectDependencies) = postProject
		{BF06B390-FECA-1BAD-2923-5E30723DD91F} = {BF06B390-FECA-1BAD-2923-5E30723DD91F}
		{18058EAB-FECA-1BAD-2923-5E30723DD91F} = {18058EAB-FECA-1BAD-2923-5E30723DD91F}
		{68F91F98-FECA-1BAD-253E-72F0723DD91F} = {68F91F98-FECA-1BAD-253E-72F0723DD91F}
	EndProjectSection
EndProject
Project("{8BC9CEB8-8B4A-11D0-8D11-00A0C91BC942}") = "AMI4CCM_ITB_Hello_Comp_idl_gen", "AMI4CCM_ITB_Hello_Comp_idl_gen_vc9.vcproj", "{0834D73B-FECA-1BAD-2923-5E30723DD91F}"
	ProjectSection(ProjectDependencies) = postProject
		{854B2DFB-FECA-1BAD-253E-72F0723DD91F} = {854B2DFB-FECA-1BAD-253E-72F0723DD91F}
	EndProjectSection
EndProject
Project("{8BC9CEB8-8B4A-11D0-8D11-00A0C91BC942}") = "AMI4CCM_ITB_Hello_Comp_lem_gen", "AMI4CCM_ITB_Hello_Comp_lem_gen_vc9.vcproj", "{1834D76A-FECA-1BAD-2923-5E30723DD91F}"
	ProjectSection(ProjectDependencies) = postProject
		{0834D73B-FECA-1BAD-2923-5E30723DD91F} = {0834D73B-FECA-1BAD-2923-5E30723DD91F}
	EndProjectSection
EndProject
Project("{8BC9CEB8-8B4A-11D0-8D11-00A0C91BC942}") = "AMI4CCM_ITB_Hello_Comp_lem_stub", "AMI4CCM_ITB_Hello_Comp_lem_stub_vc9.vcproj", "{BF06B390-FECA-1BAD-2923-5E30723DD91F}"
	ProjectSection(ProjectDependencies) = postProject
		{1834D76A-FECA-1BAD-2923-5E30723DD91F} = {1834D76A-FECA-1BAD-2923-5E30723DD91F}
		{B40D5954-FECA-1BAD-253E-72F0723DD91F} = {B40D5954-FECA-1BAD-253E-72F0723DD91F}
		{18058EAB-FECA-1BAD-2923-5E30723DD91F} = {18058EAB-FECA-1BAD-2923-5E30723DD91F}
	EndProjectSection
EndProject
Project("{8BC9CEB8-8B4A-11D0-8D11-00A0C91BC942}") = "AMI4CCM_ITB_Hello_Comp_stub", "AMI4CCM_ITB_Hello_Comp_stub_vc9.vcproj", "{18058EAB-FECA-1BAD-2923-5E30723DD91F}"
	ProjectSection(ProjectDependencies) = postProject
		{0834D73B-FECA-1BAD-2923-5E30723DD91F} = {0834D73B-FECA-1BAD-2923-5E30723DD91F}
		{B40D5954-FECA-1BAD-253E-72F0723DD91F} = {B40D5954-FECA-1BAD-253E-72F0723DD91F}
	EndProjectSection
EndProject
Project("{8BC9CEB8-8B4A-11D0-8D11-00A0C91BC942}") = "AMI4CCM_ITB_Hello_Comp_svnt", "AMI4CCM_ITB_Hello_Comp_svnt_vc9.vcproj", "{183FEEAB-FECA-1BAD-2923-5E30723DD91F}"
	ProjectSection(ProjectDependencies) = postProject
		{BF06B390-FECA-1BAD-2923-5E30723DD91F} = {BF06B390-FECA-1BAD-2923-5E30723DD91F}
		{18058EAB-FECA-1BAD-2923-5E30723DD91F} = {18058EAB-FECA-1BAD-2923-5E30723DD91F}
		{B5EDB954-FECA-1BAD-253E-72F0723DD91F} = {B5EDB954-FECA-1BAD-253E-72F0723DD91F}
	EndProjectSection
EndProject
Global
	GlobalSection(SolutionConfigurationPlatforms) = preSolution
		Debug|Win32 = Debug|Win32
		Debug|x64 = Debug|x64
		Release|Win32 = Release|Win32
		Release|x64 = Release|x64
	EndGlobalSection
	GlobalSection(ProjectConfigurationPlatforms) = postSolution
		{A5A69954-FECA-1BAD-253E-72F0723DD91F}.Debug|Win32.ActiveCfg = Debug|Win32
		{A5A69954-FECA-1BAD-253E-72F0723DD91F}.Debug|Win32.Build.0 = Debug|Win32
		{A5A69954-FECA-1BAD-253E-72F0723DD91F}.Debug|x64.ActiveCfg = Debug|x64
		{A5A69954-FECA-1BAD-253E-72F0723DD91F}.Debug|x64.Build.0 = Debug|x64
		{A5A69954-FECA-1BAD-253E-72F0723DD91F}.Release|Win32.ActiveCfg = Release|Win32
		{A5A69954-FECA-1BAD-253E-72F0723DD91F}.Release|Win32.Build.0 = Release|Win32
		{A5A69954-FECA-1BAD-253E-72F0723DD91F}.Release|x64.ActiveCfg = Release|x64
		{A5A69954-FECA-1BAD-253E-72F0723DD91F}.Release|x64.Build.0 = Release|x64
		{854B2DFB-FECA-1BAD-253E-72F0723DD91F}.Debug|Win32.ActiveCfg = Debug|Win32
		{854B2DFB-FECA-1BAD-253E-72F0723DD91F}.Debug|Win32.Build.0 = Debug|Win32
		{854B2DFB-FECA-1BAD-253E-72F0723DD91F}.Debug|x64.ActiveCfg = Debug|x64
		{854B2DFB-FECA-1BAD-253E-72F0723DD91F}.Debug|x64.Build.0 = Debug|x64
		{854B2DFB-FECA-1BAD-253E-72F0723DD91F}.Release|Win32.ActiveCfg = Release|Win32
		{854B2DFB-FECA-1BAD-253E-72F0723DD91F}.Release|Win32.Build.0 = Release|Win32
		{854B2DFB-FECA-1BAD-253E-72F0723DD91F}.Release|x64.ActiveCfg = Release|x64
		{854B2DFB-FECA-1BAD-253E-72F0723DD91F}.Release|x64.Build.0 = Release|x64
		{954B2DAA-FECA-1BAD-253E-72F0723DD91F}.Debug|Win32.ActiveCfg = Debug|Win32
		{954B2DAA-FECA-1BAD-253E-72F0723DD91F}.Debug|Win32.Build.0 = Debug|Win32
		{954B2DAA-FECA-1BAD-253E-72F0723DD91F}.Debug|x64.ActiveCfg = Debug|x64
		{954B2DAA-FECA-1BAD-253E-72F0723DD91F}.Debug|x64.Build.0 = Debug|x64
		{954B2DAA-FECA-1BAD-253E-72F0723DD91F}.Release|Win32.ActiveCfg = Release|Win32
		{954B2DAA-FECA-1BAD-253E-72F0723DD91F}.Release|Win32.Build.0 = Release|Win32
		{954B2DAA-FECA-1BAD-253E-72F0723DD91F}.Release|x64.ActiveCfg = Release|x64
		{954B2DAA-FECA-1BAD-253E-72F0723DD91F}.Release|x64.Build.0 = Release|x64
		{68F91F98-FECA-1BAD-253E-72F0723DD91F}.Debug|Win32.ActiveCfg = Debug|Win32
		{68F91F98-FECA-1BAD-253E-72F0723DD91F}.Debug|Win32.Build.0 = Debug|Win32
		{68F91F98-FECA-1BAD-253E-72F0723DD91F}.Debug|x64.ActiveCfg = Debug|x64
		{68F91F98-FECA-1BAD-253E-72F0723DD91F}.Debug|x64.Build.0 = Debug|x64
		{68F91F98-FECA-1BAD-253E-72F0723DD91F}.Release|Win32.ActiveCfg = Release|Win32
		{68F91F98-FECA-1BAD-253E-72F0723DD91F}.Release|Win32.Build.0 = Release|Win32
		{68F91F98-FECA-1BAD-253E-72F0723DD91F}.Release|x64.ActiveCfg = Release|x64
		{68F91F98-FECA-1BAD-253E-72F0723DD91F}.Release|x64.Build.0 = Release|x64
		{A5D9DF9B-FECA-1BAD-253E-72F0723DD91F}.Debug|Win32.ActiveCfg = Debug|Win32
		{A5D9DF9B-FECA-1BAD-253E-72F0723DD91F}.Debug|Win32.Build.0 = Debug|Win32
		{A5D9DF9B-FECA-1BAD-253E-72F0723DD91F}.Debug|x64.ActiveCfg = Debug|x64
		{A5D9DF9B-FECA-1BAD-253E-72F0723DD91F}.Debug|x64.Build.0 = Debug|x64
		{A5D9DF9B-FECA-1BAD-253E-72F0723DD91F}.Release|Win32.ActiveCfg = Release|Win32
		{A5D9DF9B-FECA-1BAD-253E-72F0723DD91F}.Release|Win32.Build.0 = Release|Win32
		{A5D9DF9B-FECA-1BAD-253E-72F0723DD91F}.Release|x64.ActiveCfg = Release|x64
		{A5D9DF9B-FECA-1BAD-253E-72F0723DD91F}.Release|x64.Build.0 = Release|x64
		{ECF6FC88-FECA-1BAD-253E-72F0723DD91F}.Debug|Win32.ActiveCfg = Debug|Win32
		{ECF6FC88-FECA-1BAD-253E-72F0723DD91F}.Debug|Win32.Build.0 = Debug|Win32
		{ECF6FC88-FECA-1BAD-253E-72F0723DD91F}.Debug|x64.ActiveCfg = Debug|x64
		{ECF6FC88-FECA-1BAD-253E-72F0723DD91F}.Debug|x64.Build.0 = Debug|x64
		{ECF6FC88-FECA-1BAD-253E-72F0723DD91F}.Release|Win32.ActiveCfg = Release|Win32
		{ECF6FC88-FECA-1BAD-253E-72F0723DD91F}.Release|Win32.Build.0 = Release|Win32
		{ECF6FC88-FECA-1BAD-253E-72F0723DD91F}.Release|x64.ActiveCfg = Release|x64
		{ECF6FC88-FECA-1BAD-253E-72F0723DD91F}.Release|x64.Build.0 = Release|x64
		{B5EDB954-FECA-1BAD-253E-72F0723DD91F}.Debug|Win32.ActiveCfg = Debug|Win32
		{B5EDB954-FECA-1BAD-253E-72F0723DD91F}.Debug|Win32.Build.0 = Debug|Win32
		{B5EDB954-FECA-1BAD-253E-72F0723DD91F}.Debug|x64.ActiveCfg = Debug|x64
		{B5EDB954-FECA-1BAD-253E-72F0723DD91F}.Debug|x64.Build.0 = Debug|x64
		{B5EDB954-FECA-1BAD-253E-72F0723DD91F}.Release|Win32.ActiveCfg = Release|Win32
		{B5EDB954-FECA-1BAD-253E-72F0723DD91F}.Release|Win32.Build.0 = Release|Win32
		{B5EDB954-FECA-1BAD-253E-72F0723DD91F}.Release|x64.ActiveCfg = Release|x64
		{B5EDB954-FECA-1BAD-253E-72F0723DD91F}.Release|x64.Build.0 = Release|x64
		{B40D5954-FECA-1BAD-253E-72F0723DD91F}.Debug|Win32.ActiveCfg = Debug|Win32
		{B40D5954-FECA-1BAD-253E-72F0723DD91F}.Debug|Win32.Build.0 = Debug|Win32
		{B40D5954-FECA-1BAD-253E-72F0723DD91F}.Debug|x64.ActiveCfg = Debug|x64
		{B40D5954-FECA-1BAD-253E-72F0723DD91F}.Debug|x64.Build.0 = Debug|x64
		{B40D5954-FECA-1BAD-253E-72F0723DD91F}.Release|Win32.ActiveCfg = Release|Win32
		{B40D5954-FECA-1BAD-253E-72F0723DD91F}.Release|Win32.Build.0 = Release|Win32
		{B40D5954-FECA-1BAD-253E-72F0723DD91F}.Release|x64.ActiveCfg = Release|x64
		{B40D5954-FECA-1BAD-253E-72F0723DD91F}.Release|x64.Build.0 = Release|x64
		{B4373954-FECA-1BAD-253E-72F0723DD91F}.Debug|Win32.ActiveCfg = Debug|Win32
		{B4373954-FECA-1BAD-253E-72F0723DD91F}.Debug|Win32.Build.0 = Debug|Win32
		{B4373954-FECA-1BAD-253E-72F0723DD91F}.Debug|x64.ActiveCfg = Debug|x64
		{B4373954-FECA-1BAD-253E-72F0723DD91F}.Debug|x64.Build.0 = Debug|x64
		{B4373954-FECA-1BAD-253E-72F0723DD91F}.Release|Win32.ActiveCfg = Release|Win32
		{B4373954-FECA-1BAD-253E-72F0723DD91F}.Release|Win32.Build.0 = Release|Win32
		{B4373954-FECA-1BAD-253E-72F0723DD91F}.Release|x64.ActiveCfg = Release|x64
		{B4373954-FECA-1BAD-253E-72F0723DD91F}.Release|x64.Build.0 = Release|x64
		{0ED59EAB-FECA-1BAD-2923-5E30723DD91F}.Debug|Win32.ActiveCfg = Debug|Win32
		{0ED59EAB-FECA-1BAD-2923-5E30723DD91F}.Debug|Win32.Build.0 = Debug|Win32
		{0ED59EAB-FECA-1BAD-2923-5E30723DD91F}.Debug|x64.ActiveCfg = Debug|x64
		{0ED59EAB-FECA-1BAD-2923-5E30723DD91F}.Debug|x64.Build.0 = Debug|x64
		{0ED59EAB-FECA-1BAD-2923-5E30723DD91F}.Release|Win32.ActiveCfg = Release|Win32
		{0ED59EAB-FECA-1BAD-2923-5E30723DD91F}.Release|Win32.Build.0 = Release|Win32
		{0ED59EAB-FECA-1BAD-2923-5E30723DD91F}.Release|x64.ActiveCfg = Release|x64
		{0ED59EAB-FECA-1BAD-2923-5E30723DD91F}.Release|x64.Build.0 = Release|x64
		{0834D73B-FECA-1BAD-2923-5E30723DD91F}.Debug|Win32.ActiveCfg = Debug|Win32
		{0834D73B-FECA-1BAD-2923-5E30723DD91F}.Debug|Win32.Build.0 = Debug|Win32
		{0834D73B-FECA-1BAD-2923-5E30723DD91F}.Debug|x64.ActiveCfg = Debug|x64
		{0834D73B-FECA-1BAD-2923-5E30723DD91F}.Debug|x64.Build.0 = Debug|x64
		{0834D73B-FECA-1BAD-2923-5E30723DD91F}.Release|Win32.ActiveCfg = Release|Win32
		{0834D73B-FECA-1BAD-2923-5E30723DD91F}.Release|Win32.Build.0 = Release|Win32
		{0834D73B-FECA-1BAD-2923-5E30723DD91F}.Release|x64.ActiveCfg = Release|x64
		{0834D73B-FECA-1BAD-2923-5E30723DD91F}.Release|x64.Build.0 = Release|x64
		{1834D76A-FECA-1BAD-2923-5E30723DD91F}.Debug|Win32.ActiveCfg = Debug|Win32
		{1834D76A-FECA-1BAD-2923-5E30723DD91F}.Debug|Win32.Build.0 = Debug|Win32
		{1834D76A-FECA-1BAD-2923-5E30723DD91F}.Debug|x64.ActiveCfg = Debug|x64
		{1834D76A-FECA-1BAD-2923-5E30723DD91F}.Debug|x64.Build.0 = Debug|x64
		{1834D76A-FECA-1BAD-2923-5E30723DD91F}.Release|Win32.ActiveCfg = Release|Win32
		{1834D76A-FECA-1BAD-2923-5E30723DD91F}.Release|Win32.Build.0 = Release|Win32
		{1834D76A-FECA-1BAD-2923-5E30723DD91F}.Release|x64.ActiveCfg = Release|x64
		{1834D76A-FECA-1BAD-2923-5E30723DD91F}.Release|x64.Build.0 = Release|x64
		{BF06B390-FECA-1BAD-2923-5E30723DD91F}.Debug|Win32.ActiveCfg = Debug|Win32
		{BF06B390-FECA-1BAD-2923-5E30723DD91F}.Debug|Win32.Build.0 = Debug|Win32
		{BF06B390-FECA-1BAD-2923-5E30723DD91F}.Debug|x64.ActiveCfg = Debug|x64
		{BF06B390-FECA-1BAD-2923-5E30723DD91F}.Debug|x64.Build.0 = Debug|x64
		{BF06B390-FECA-1BAD-2923-5E30723DD91F}.Release|Win32.ActiveCfg = Release|Win32
		{BF06B390-FECA-1BAD-2923-5E30723DD91F}.Release|Win32.Build.0 = Release|Win32
		{BF06B390-FECA-1BAD-2923-5E30723DD91F}.Release|x64.ActiveCfg = Release|x64
		{BF06B390-FECA-1BAD-2923-5E30723DD91F}.Release|x64.Build.0 = Release|x64
		{18058EAB-FECA-1BAD-2923-5E30723DD91F}.Debug|Win32.ActiveCfg = Debug|Win32
		{18058EAB-FECA-1BAD-2923-5E30723DD91F}.Debug|Win32.Build.0 = Debug|Win32
		{18058EAB-FECA-1BAD-2923-5E30723DD91F}.Debug|x64.ActiveCfg = Debug|x64
		{18058EAB-FECA-1BAD-2923-5E30723DD91F}.Debug|x64.Build.0 = Debug|x64
		{18058EAB-FECA-1BAD-2923-5E30723DD91F}.Release|Win32.ActiveCfg = Release|Win32
		{18058EAB-FECA-1BAD-2923-5E30723DD91F}.Release|Win32.Build.0 = Release|Win32
		{18058EAB-FECA-1BAD-2923-5E30723DD91F}.Release|x64.ActiveCfg = Release|x64
		{18058EAB-FECA-1BAD-2923-5E30723DD91F}.Release|x64.Build.0 = Release|x64
		{183FEEAB-FECA-1BAD-2923-5E30723DD91F}.Debug|Win32.ActiveCfg = Debug|Win32
		{183FEEAB-FECA-1BAD-2923-5E30723DD91F}.Debug|Win32.Build.0 = Debug|Win32
		{183FEEAB-FECA-1BAD-2923-5E30723DD91F}.Debug|x64.ActiveCfg = Debug|x64
		{183FEEAB-FECA-1BAD-2923-5E30723DD91F}.Debug|x64.Build.0 = Debug|x64
		{183FEEAB-FECA-1BAD-2923-5E30723DD91F}.Release|Win32.ActiveCfg = Release|Win32
		{183FEEAB-FECA-1BAD-2923-5E30723DD91F}.Release|Win32.Build.0 = Release|Win32
		{183FEEAB-FECA-1BAD-2923-5E30723DD91F}.Release|x64.ActiveCfg = Release|x64
		{183FEEAB-FECA-1BAD-2923-5E30723DD91F}.Release|x64.Build.0 = Release|x64
	EndGlobalSection
	GlobalSection(SolutionProperties) = preSolution
		HideSolutionNode = FALSE
	EndGlobalSection
EndGlobal
