
Microsoft Visual Studio Solution File, Format Version 11.00
# Visual Studio 2010
# $Id: VC10WorkspaceCreator.pm 2035 2011-10-06 15:05:21Z johnnyw $
#
# This file was generated by MPC.  Any changes made directly to
# this file will be lost the next time it is generated.
#
# MPC Command:
# /tmp/DOC_ROOT/stage-816/ACE_wrappers/bin/mwc.pl -type vc10 -exclude TAO/CIAO/CIAO_TAO_DAnCE_OpenDDS.mwc,TAO/CIAO/CIAO_TAO_OpenDDS.mwc -recurse -hierarchy -relative ACE_ROOT=/tmp/DOC_ROOT/stage-816/ACE_wrappers -relative TAO_ROOT=/tmp/DOC_ROOT/stage-816/ACE_wrappers/TAO -relative CIAO_ROOT=/tmp/DOC_ROOT/stage-816/ACE_wrappers/TAO/CIAO -relative DANCE_ROOT=/tmp/DOC_ROOT/stage-816/ACE_wrappers/TAO/DAnCE -workers 10 -name_modifier "*_vc10"
Project("{8BC9CEB8-8B4A-11D0-8D11-00A0C91BC942}") = "AMI_NoReplyH_conn", "AMI_NoReplyH_conn_vc10.vcxproj", "{CE3E40F6-FECA-1BAD-6BDE-00210819C80C}"
	ProjectSection(ProjectDependencies) = postProject
		{35DC285F-FECA-1BAD-6BDE-00210819C80C} = {35DC285F-FECA-1BAD-6BDE-00210819C80C}
		{851E40E6-FECA-1BAD-6BDE-00210819C80C} = {851E40E6-FECA-1BAD-6BDE-00210819C80C}
		{151C2B92-FECA-1BAD-6BDE-00210819C80C} = {151C2B92-FECA-1BAD-6BDE-00210819C80C}
		{620B82C1-FECA-1BAD-6BDE-00210819C80C} = {620B82C1-FECA-1BAD-6BDE-00210819C80C}
	EndProjectSection
EndProject
Project("{8BC9CEB8-8B4A-11D0-8D11-00A0C91BC942}") = "AMI_NoReplyH_idl_gen", "AMI_NoReplyH_idl_gen_vc10.vcxproj", "{226D0013-FECA-1BAD-6BDE-00210819C80C}"
EndProject
Project("{8BC9CEB8-8B4A-11D0-8D11-00A0C91BC942}") = "AMI_NoReplyH_lem_gen", "AMI_NoReplyH_lem_gen_vc10.vcxproj", "{226D5103-FECA-1BAD-6BDE-00210819C80C}"
	ProjectSection(ProjectDependencies) = postProject
		{226D0013-FECA-1BAD-6BDE-00210819C80C} = {226D0013-FECA-1BAD-6BDE-00210819C80C}
		{151C2B92-FECA-1BAD-6BDE-00210819C80C} = {151C2B92-FECA-1BAD-6BDE-00210819C80C}
	EndProjectSection
EndProject
Project("{8BC9CEB8-8B4A-11D0-8D11-00A0C91BC942}") = "AMI_NoReplyH_lem_stub", "AMI_NoReplyH_lem_stub_vc10.vcxproj", "{35DC285F-FECA-1BAD-6BDE-00210819C80C}"
	ProjectSection(ProjectDependencies) = postProject
		{226D5103-FECA-1BAD-6BDE-00210819C80C} = {226D5103-FECA-1BAD-6BDE-00210819C80C}
		{65FE40E7-FECA-1BAD-6BDE-00210819C80C} = {65FE40E7-FECA-1BAD-6BDE-00210819C80C}
		{620B82C1-FECA-1BAD-6BDE-00210819C80C} = {620B82C1-FECA-1BAD-6BDE-00210819C80C}
		{851E40E6-FECA-1BAD-6BDE-00210819C80C} = {851E40E6-FECA-1BAD-6BDE-00210819C80C}
	EndProjectSection
EndProject
Project("{8BC9CEB8-8B4A-11D0-8D11-00A0C91BC942}") = "AMI_NoReplyH_lema_gen", "AMI_NoReplyH_lema_gen_vc10.vcxproj", "{151C2B92-FECA-1BAD-6BDE-00210819C80C}"
	ProjectSection(ProjectDependencies) = postProject
		{226D0013-FECA-1BAD-6BDE-00210819C80C} = {226D0013-FECA-1BAD-6BDE-00210819C80C}
	EndProjectSection
EndProject
Project("{8BC9CEB8-8B4A-11D0-8D11-00A0C91BC942}") = "AMI_NoReplyH_lemae_gen", "AMI_NoReplyH_lemae_gen_vc10.vcxproj", "{620B82C1-FECA-1BAD-6BDE-00210819C80C}"
	ProjectSection(ProjectDependencies) = postProject
		{151C2B92-FECA-1BAD-6BDE-00210819C80C} = {151C2B92-FECA-1BAD-6BDE-00210819C80C}
	EndProjectSection
EndProject
Project("{8BC9CEB8-8B4A-11D0-8D11-00A0C91BC942}") = "AMI_NoReplyH_skel", "AMI_NoReplyH_skel_vc10.vcxproj", "{851E40E6-FECA-1BAD-6BDE-00210819C80C}"
	ProjectSection(ProjectDependencies) = postProject
		{65FE40E7-FECA-1BAD-6BDE-00210819C80C} = {65FE40E7-FECA-1BAD-6BDE-00210819C80C}
	EndProjectSection
EndProject
Project("{8BC9CEB8-8B4A-11D0-8D11-00A0C91BC942}") = "AMI_NoReplyH_stub", "AMI_NoReplyH_stub_vc10.vcxproj", "{65FE40E7-FECA-1BAD-6BDE-00210819C80C}"
	ProjectSection(ProjectDependencies) = postProject
		{226D5103-FECA-1BAD-6BDE-00210819C80C} = {226D5103-FECA-1BAD-6BDE-00210819C80C}
	EndProjectSection
EndProject
Project("{8BC9CEB8-8B4A-11D0-8D11-00A0C91BC942}") = "AMI_NoReplyH_svnt", "AMI_NoReplyH_svnt_vc10.vcxproj", "{5F9E40E7-FECA-1BAD-6BDE-00210819C80C}"
	ProjectSection(ProjectDependencies) = postProject
		{35DC285F-FECA-1BAD-6BDE-00210819C80C} = {35DC285F-FECA-1BAD-6BDE-00210819C80C}
		{851E40E6-FECA-1BAD-6BDE-00210819C80C} = {851E40E6-FECA-1BAD-6BDE-00210819C80C}
		{151C2B92-FECA-1BAD-6BDE-00210819C80C} = {151C2B92-FECA-1BAD-6BDE-00210819C80C}
		{620B82C1-FECA-1BAD-6BDE-00210819C80C} = {620B82C1-FECA-1BAD-6BDE-00210819C80C}
		{CE3E40F6-FECA-1BAD-6BDE-00210819C80C} = {CE3E40F6-FECA-1BAD-6BDE-00210819C80C}
	EndProjectSection
EndProject
Global
	GlobalSection(SolutionConfigurationPlatforms) = preSolution
		Debug|Win32 = Debug|Win32
		Debug|x64 = Debug|x64
		Release|Win32 = Release|Win32
		Release|x64 = Release|x64
	EndGlobalSection
	GlobalSection(ProjectConfigurationPlatforms) = postSolution
		{CE3E40F6-FECA-1BAD-6BDE-00210819C80C}.Debug|Win32.ActiveCfg = Debug|Win32
		{CE3E40F6-FECA-1BAD-6BDE-00210819C80C}.Debug|Win32.Build.0 = Debug|Win32
		{CE3E40F6-FECA-1BAD-6BDE-00210819C80C}.Debug|x64.ActiveCfg = Debug|x64
		{CE3E40F6-FECA-1BAD-6BDE-00210819C80C}.Debug|x64.Build.0 = Debug|x64
		{CE3E40F6-FECA-1BAD-6BDE-00210819C80C}.Release|Win32.ActiveCfg = Release|Win32
		{CE3E40F6-FECA-1BAD-6BDE-00210819C80C}.Release|Win32.Build.0 = Release|Win32
		{CE3E40F6-FECA-1BAD-6BDE-00210819C80C}.Release|x64.ActiveCfg = Release|x64
		{CE3E40F6-FECA-1BAD-6BDE-00210819C80C}.Release|x64.Build.0 = Release|x64
		{226D0013-FECA-1BAD-6BDE-00210819C80C}.Debug|Win32.ActiveCfg = Debug|Win32
		{226D0013-FECA-1BAD-6BDE-00210819C80C}.Debug|Win32.Build.0 = Debug|Win32
		{226D0013-FECA-1BAD-6BDE-00210819C80C}.Debug|x64.ActiveCfg = Debug|x64
		{226D0013-FECA-1BAD-6BDE-00210819C80C}.Debug|x64.Build.0 = Debug|x64
		{226D0013-FECA-1BAD-6BDE-00210819C80C}.Release|Win32.ActiveCfg = Release|Win32
		{226D0013-FECA-1BAD-6BDE-00210819C80C}.Release|Win32.Build.0 = Release|Win32
		{226D0013-FECA-1BAD-6BDE-00210819C80C}.Release|x64.ActiveCfg = Release|x64
		{226D0013-FECA-1BAD-6BDE-00210819C80C}.Release|x64.Build.0 = Release|x64
		{226D5103-FECA-1BAD-6BDE-00210819C80C}.Debug|Win32.ActiveCfg = Debug|Win32
		{226D5103-FECA-1BAD-6BDE-00210819C80C}.Debug|Win32.Build.0 = Debug|Win32
		{226D5103-FECA-1BAD-6BDE-00210819C80C}.Debug|x64.ActiveCfg = Debug|x64
		{226D5103-FECA-1BAD-6BDE-00210819C80C}.Debug|x64.Build.0 = Debug|x64
		{226D5103-FECA-1BAD-6BDE-00210819C80C}.Release|Win32.ActiveCfg = Release|Win32
		{226D5103-FECA-1BAD-6BDE-00210819C80C}.Release|Win32.Build.0 = Release|Win32
		{226D5103-FECA-1BAD-6BDE-00210819C80C}.Release|x64.ActiveCfg = Release|x64
		{226D5103-FECA-1BAD-6BDE-00210819C80C}.Release|x64.Build.0 = Release|x64
		{35DC285F-FECA-1BAD-6BDE-00210819C80C}.Debug|Win32.ActiveCfg = Debug|Win32
		{35DC285F-FECA-1BAD-6BDE-00210819C80C}.Debug|Win32.Build.0 = Debug|Win32
		{35DC285F-FECA-1BAD-6BDE-00210819C80C}.Debug|x64.ActiveCfg = Debug|x64
		{35DC285F-FECA-1BAD-6BDE-00210819C80C}.Debug|x64.Build.0 = Debug|x64
		{35DC285F-FECA-1BAD-6BDE-00210819C80C}.Release|Win32.ActiveCfg = Release|Win32
		{35DC285F-FECA-1BAD-6BDE-00210819C80C}.Release|Win32.Build.0 = Release|Win32
		{35DC285F-FECA-1BAD-6BDE-00210819C80C}.Release|x64.ActiveCfg = Release|x64
		{35DC285F-FECA-1BAD-6BDE-00210819C80C}.Release|x64.Build.0 = Release|x64
		{151C2B92-FECA-1BAD-6BDE-00210819C80C}.Debug|Win32.ActiveCfg = Debug|Win32
		{151C2B92-FECA-1BAD-6BDE-00210819C80C}.Debug|Win32.Build.0 = Debug|Win32
		{151C2B92-FECA-1BAD-6BDE-00210819C80C}.Debug|x64.ActiveCfg = Debug|x64
		{151C2B92-FECA-1BAD-6BDE-00210819C80C}.Debug|x64.Build.0 = Debug|x64
		{151C2B92-FECA-1BAD-6BDE-00210819C80C}.Release|Win32.ActiveCfg = Release|Win32
		{151C2B92-FECA-1BAD-6BDE-00210819C80C}.Release|Win32.Build.0 = Release|Win32
		{151C2B92-FECA-1BAD-6BDE-00210819C80C}.Release|x64.ActiveCfg = Release|x64
		{151C2B92-FECA-1BAD-6BDE-00210819C80C}.Release|x64.Build.0 = Release|x64
		{620B82C1-FECA-1BAD-6BDE-00210819C80C}.Debug|Win32.ActiveCfg = Debug|Win32
		{620B82C1-FECA-1BAD-6BDE-00210819C80C}.Debug|Win32.Build.0 = Debug|Win32
		{620B82C1-FECA-1BAD-6BDE-00210819C80C}.Debug|x64.ActiveCfg = Debug|x64
		{620B82C1-FECA-1BAD-6BDE-00210819C80C}.Debug|x64.Build.0 = Debug|x64
		{620B82C1-FECA-1BAD-6BDE-00210819C80C}.Release|Win32.ActiveCfg = Release|Win32
		{620B82C1-FECA-1BAD-6BDE-00210819C80C}.Release|Win32.Build.0 = Release|Win32
		{620B82C1-FECA-1BAD-6BDE-00210819C80C}.Release|x64.ActiveCfg = Release|x64
		{620B82C1-FECA-1BAD-6BDE-00210819C80C}.Release|x64.Build.0 = Release|x64
		{851E40E6-FECA-1BAD-6BDE-00210819C80C}.Debug|Win32.ActiveCfg = Debug|Win32
		{851E40E6-FECA-1BAD-6BDE-00210819C80C}.Debug|Win32.Build.0 = Debug|Win32
		{851E40E6-FECA-1BAD-6BDE-00210819C80C}.Debug|x64.ActiveCfg = Debug|x64
		{851E40E6-FECA-1BAD-6BDE-00210819C80C}.Debug|x64.Build.0 = Debug|x64
		{851E40E6-FECA-1BAD-6BDE-00210819C80C}.Release|Win32.ActiveCfg = Release|Win32
		{851E40E6-FECA-1BAD-6BDE-00210819C80C}.Release|Win32.Build.0 = Release|Win32
		{851E40E6-FECA-1BAD-6BDE-00210819C80C}.Release|x64.ActiveCfg = Release|x64
		{851E40E6-FECA-1BAD-6BDE-00210819C80C}.Release|x64.Build.0 = Release|x64
		{65FE40E7-FECA-1BAD-6BDE-00210819C80C}.Debug|Win32.ActiveCfg = Debug|Win32
		{65FE40E7-FECA-1BAD-6BDE-00210819C80C}.Debug|Win32.Build.0 = Debug|Win32
		{65FE40E7-FECA-1BAD-6BDE-00210819C80C}.Debug|x64.ActiveCfg = Debug|x64
		{65FE40E7-FECA-1BAD-6BDE-00210819C80C}.Debug|x64.Build.0 = Debug|x64
		{65FE40E7-FECA-1BAD-6BDE-00210819C80C}.Release|Win32.ActiveCfg = Release|Win32
		{65FE40E7-FECA-1BAD-6BDE-00210819C80C}.Release|Win32.Build.0 = Release|Win32
		{65FE40E7-FECA-1BAD-6BDE-00210819C80C}.Release|x64.ActiveCfg = Release|x64
		{65FE40E7-FECA-1BAD-6BDE-00210819C80C}.Release|x64.Build.0 = Release|x64
		{5F9E40E7-FECA-1BAD-6BDE-00210819C80C}.Debug|Win32.ActiveCfg = Debug|Win32
		{5F9E40E7-FECA-1BAD-6BDE-00210819C80C}.Debug|Win32.Build.0 = Debug|Win32
		{5F9E40E7-FECA-1BAD-6BDE-00210819C80C}.Debug|x64.ActiveCfg = Debug|x64
		{5F9E40E7-FECA-1BAD-6BDE-00210819C80C}.Debug|x64.Build.0 = Debug|x64
		{5F9E40E7-FECA-1BAD-6BDE-00210819C80C}.Release|Win32.ActiveCfg = Release|Win32
		{5F9E40E7-FECA-1BAD-6BDE-00210819C80C}.Release|Win32.Build.0 = Release|Win32
		{5F9E40E7-FECA-1BAD-6BDE-00210819C80C}.Release|x64.ActiveCfg = Release|x64
		{5F9E40E7-FECA-1BAD-6BDE-00210819C80C}.Release|x64.Build.0 = Release|x64
	EndGlobalSection
	GlobalSection(SolutionProperties) = preSolution
		HideSolutionNode = FALSE
	EndGlobalSection
EndGlobal
