<?xml version="1.0" encoding="utf-8"?>
<Project ToolsVersion="4.0" xmlns="http://schemas.microsoft.com/developer/msbuild/2003">
  <ItemGroup>
    <Filter Include="Build Files">
      <UniqueIdentifier>{A1909F1C-FECA-1BAD-A663-DD64F75A241C}</UniqueIdentifier>
      <Extensions>mpc;mpb;mwc</Extensions>
    </Filter>
    <Filter Include="Idl Files">
      <UniqueIdentifier>{2990FA4C-FECA-1BAD-A663-DD64F75A241C}</UniqueIdentifier>
      <Extensions>idl</Extensions>
    </Filter>
    <Filter Include="Pidlinstallwithoutbuilding Files">
      <UniqueIdentifier>{B5581BA1-FECA-1BAD-A663-DD64F75A241C}</UniqueIdentifier>
    </Filter>
  </ItemGroup>
  <ItemGroup>
    <None Include="RTCORBA.mpc">
      <Filter>Build Files</Filter>
    </None>
  </ItemGroup>
  <ItemGroup>
    <CustomBuild Include="RTCORBA.pidl">
      <Filter>Idl Files</Filter>
    </CustomBuild>
    <CustomBuild Include="RTCORBA_include.pidl">
      <Filter>Idl Files</Filter>
    </CustomBuild>
  </ItemGroup>
  <ItemGroup>
    <None Include="RT_ProtocolProperties.pidl">
      <Filter>Pidlinstallwithoutbuilding Files</Filter>
    </None>
  </ItemGroup>
</Project>
