<?xml version="1.0" encoding="utf-8"?>
<Project ToolsVersion="4.0" xmlns="http://schemas.microsoft.com/developer/msbuild/2003">
  <ItemGroup>
    <Filter Include="Build Files">
      <UniqueIdentifier>{A1909F1C-FECA-1BAD-73A4-0DDC5F98A9A3}</UniqueIdentifier>
      <Extensions>mpc;mpb;mwc</Extensions>
    </Filter>
    <Filter Include="Idl Files">
      <UniqueIdentifier>{2990FA4C-FECA-1BAD-73A4-0DDC5F98A9A3}</UniqueIdentifier>
      <Extensions>idl</Extensions>
    </Filter>
    <Filter Include="Pkgconfig Files">
      <UniqueIdentifier>{8441A3A3-FECA-1BAD-73A4-0DDC5F98A9A3}</UniqueIdentifier>
      <Extensions>pcin</Extensions>
    </Filter>
    <Filter Include="Pidl Files">
      <UniqueIdentifier>{2990FD4C-FECA-1BAD-73A4-0DDC5F98A9A3}</UniqueIdentifier>
      <Extensions>pidl</Extensions>
    </Filter>
  </ItemGroup>
  <ItemGroup>
    <None Include="DynamicAny.mpc">
      <Filter>Build Files</Filter>
    </None>
  </ItemGroup>
  <ItemGroup>
    <CustomBuild Include="DynamicAny.pidl">
      <Filter>Idl Files</Filter>
    </CustomBuild>
  </ItemGroup>
  <ItemGroup>
    <None Include="TAO_DynamicAny.pc.in">
      <Filter>Pkgconfig Files</Filter>
    </None>
  </ItemGroup>
  <ItemGroup>
    <None Include="DynamicAny.pidl">
      <Filter>Pidl Files</Filter>
    </None>
  </ItemGroup>
</Project>
