
Microsoft Visual Studio Solution File, Format Version 11.00
# Visual Studio 2010
# $Id: VC10WorkspaceCreator.pm 2035 2011-10-06 15:05:21Z johnnyw $
#
# This file was generated by MPC.  Any changes made directly to
# this file will be lost the next time it is generated.
#
# MPC Command:
# /tmp/DOC_ROOT/stage-26662/ACE_wrappers/bin/mwc.pl -type vc10 -recurse -hierarchy -relative ACE_ROOT=/tmp/DOC_ROOT/stage-26662/ACE_wrappers -relative TAO_ROOT=/tmp/DOC_ROOT/stage-26662/ACE_wrappers/TAO -relative CIAO_ROOT=/tmp/DOC_ROOT/stage-26662/ACE_wrappers/TAO/CIAO -relative DANCE_ROOT=/tmp/DOC_ROOT/stage-26662/ACE_wrappers/TAO/DAnCE -workers 8 -name_modifier "*_vc10"
Project("{8BC9CEB8-8B4A-11D0-8D11-00A0C91BC942}") = "POA_Adapter_Activator_Server", "Adapter_Activator\POA_Adapter_Activator_Server_vc10.vcxproj", "{E34B970A-FECA-1BAD-F180-EEA5056B74A6}"
	ProjectSection(ProjectDependencies) = postProject
		{FE1B2BD3-FECA-1BAD-77D4-9E7E307CDA53} = {FE1B2BD3-FECA-1BAD-77D4-9E7E307CDA53}
	EndProjectSection
EndProject
Project("{8BC9CEB8-8B4A-11D0-8D11-00A0C91BC942}") = "Bug_1592_Regression_Client", "Bug_1592_Regression\Bug_1592_Regression_Client_vc10.vcxproj", "{49462508-FECA-1BAD-60ED-4C2D3F7FB48E}"
	ProjectSection(ProjectDependencies) = postProject
		{86CA584E-FECA-1BAD-60ED-4C2D3F7FB48E} = {86CA584E-FECA-1BAD-60ED-4C2D3F7FB48E}
	EndProjectSection
EndProject
Project("{8BC9CEB8-8B4A-11D0-8D11-00A0C91BC942}") = "Bug_1592_Regression_Idl", "Bug_1592_Regression\Bug_1592_Regression_Idl_vc10.vcxproj", "{86CA584E-FECA-1BAD-60ED-4C2D3F7FB48E}"
EndProject
Project("{8BC9CEB8-8B4A-11D0-8D11-00A0C91BC942}") = "Bug_1592_Regression_Server", "Bug_1592_Regression\Bug_1592_Regression_Server_vc10.vcxproj", "{72263582-FECA-1BAD-60ED-4C2D3F7FB48E}"
	ProjectSection(ProjectDependencies) = postProject
		{86CA584E-FECA-1BAD-60ED-4C2D3F7FB48E} = {86CA584E-FECA-1BAD-60ED-4C2D3F7FB48E}
	EndProjectSection
EndProject
Project("{8BC9CEB8-8B4A-11D0-8D11-00A0C91BC942}") = "POA_Bug_2511_Regression", "Bug_2511_Regression\POA_Bug_2511_Regression_vc10.vcxproj", "{1E1549C3-FECA-1BAD-50ED-4F253C77848E}"
EndProject
Project("{8BC9CEB8-8B4A-11D0-8D11-00A0C91BC942}") = "POA_Current", "Current\POA_Current_vc10.vcxproj", "{62E714B8-FECA-1BAD-4396-CE469044BAA5}"
EndProject
Project("{8BC9CEB8-8B4A-11D0-8D11-00A0C91BC942}") = "POA_DSI_Client", "DSI\POA_DSI_Client_vc10.vcxproj", "{98D0B7F2-FECA-1BAD-B17B-DED7F9319518}"
	ProjectSection(ProjectDependencies) = postProject
		{8B674127-FECA-1BAD-B17B-DED7F9319518} = {8B674127-FECA-1BAD-B17B-DED7F9319518}
	EndProjectSection
EndProject
Project("{8BC9CEB8-8B4A-11D0-8D11-00A0C91BC942}") = "POA_DSI_IDL", "DSI\POA_DSI_IDL_vc10.vcxproj", "{8B674127-FECA-1BAD-B17B-DED7F9319518}"
EndProject
Project("{8BC9CEB8-8B4A-11D0-8D11-00A0C91BC942}") = "POA_DSI_Server", "DSI\POA_DSI_Server_vc10.vcxproj", "{A3B0A778-FECA-1BAD-B17B-DED7F9319518}"
	ProjectSection(ProjectDependencies) = postProject
		{8B674127-FECA-1BAD-B17B-DED7F9319518} = {8B674127-FECA-1BAD-B17B-DED7F9319518}
	EndProjectSection
EndProject
Project("{8BC9CEB8-8B4A-11D0-8D11-00A0C91BC942}") = "Deactivate_Object_Server", "Deactivate_Object\Deactivate_Object_Server_vc10.vcxproj", "{31ADCF1A-FECA-1BAD-2366-B6B55D2F12B0}"
EndProject
Project("{8BC9CEB8-8B4A-11D0-8D11-00A0C91BC942}") = "POA_Default_Servant", "Default_Servant\POA_Default_Servant_vc10.vcxproj", "{19FD27BA-FECA-1BAD-6427-6D7633749D14}"
EndProject
Project("{8BC9CEB8-8B4A-11D0-8D11-00A0C91BC942}") = "POA_Default_Servant_Client", "Default_Servant2\POA_Default_Servant_Client_vc10.vcxproj", "{1938F453-FECA-1BAD-3093-9D763749D171}"
	ProjectSection(ProjectDependencies) = postProject
		{B17F5FA3-FECA-1BAD-3093-9D763749D171} = {B17F5FA3-FECA-1BAD-3093-9D763749D171}
	EndProjectSection
EndProject
Project("{8BC9CEB8-8B4A-11D0-8D11-00A0C91BC942}") = "POA_Default_Servant_IDL", "Default_Servant2\POA_Default_Servant_IDL_vc10.vcxproj", "{B17F5FA3-FECA-1BAD-3093-9D763749D171}"
EndProject
Project("{8BC9CEB8-8B4A-11D0-8D11-00A0C91BC942}") = "POA_Default_Servant_Server", "Default_Servant2\POA_Default_Servant_Server_vc10.vcxproj", "{2258E4D9-FECA-1BAD-3093-9D763749D171}"
	ProjectSection(ProjectDependencies) = postProject
		{B17F5FA3-FECA-1BAD-3093-9D763749D171} = {B17F5FA3-FECA-1BAD-3093-9D763749D171}
	EndProjectSection
EndProject
Project("{8BC9CEB8-8B4A-11D0-8D11-00A0C91BC942}") = "EndpointPolicy_Client", "EndpointPolicy\EndpointPolicy_Client_vc10.vcxproj", "{B07F7617-FECA-1BAD-99D4-1F3288178645}"
	ProjectSection(ProjectDependencies) = postProject
		{B735CBDB-FECA-1BAD-99D4-1F3288178645} = {B735CBDB-FECA-1BAD-99D4-1F3288178645}
	EndProjectSection
EndProject
Project("{8BC9CEB8-8B4A-11D0-8D11-00A0C91BC942}") = "EndpointPolicy_Idl", "EndpointPolicy\EndpointPolicy_Idl_vc10.vcxproj", "{B735CBDB-FECA-1BAD-99D4-1F3288178645}"
EndProject
Project("{8BC9CEB8-8B4A-11D0-8D11-00A0C91BC942}") = "EndpointPolicy_Server", "EndpointPolicy\EndpointPolicy_Server_vc10.vcxproj", "{8B1F669D-FECA-1BAD-99D4-1F3288178645}"
	ProjectSection(ProjectDependencies) = postProject
		{B735CBDB-FECA-1BAD-99D4-1F3288178645} = {B735CBDB-FECA-1BAD-99D4-1F3288178645}
	EndProjectSection
EndProject
Project("{8BC9CEB8-8B4A-11D0-8D11-00A0C91BC942}") = "POA_Etherealization", "Etherealization\POA_Etherealization_vc10.vcxproj", "{E13D986C-FECA-1BAD-0BAB-668B3889F298}"
EndProject
Project("{8BC9CEB8-8B4A-11D0-8D11-00A0C91BC942}") = "POA_Excessive_Object_Deactivations", "Excessive_Object_Deactivations\POA_Excessive_Object_Deactivations_vc10.vcxproj", "{C12CF9B9-FECA-1BAD-0855-CF9658B317C4}"
EndProject
Project("{8BC9CEB8-8B4A-11D0-8D11-00A0C91BC942}") = "Alt_Resource", "Explicit_Activation\Alt_Resources\Alt_Resource_vc10.vcxproj", "{E418732C-FECA-1BAD-5F4D-C83F5A4D9D25}"
EndProject
Project("{8BC9CEB8-8B4A-11D0-8D11-00A0C91BC942}") = "POA_Explicit_Activation_Server", "Explicit_Activation\POA_Explicit_Activation_Server_vc10.vcxproj", "{94D52620-FECA-1BAD-861E-5F8F7869A27D}"
	ProjectSection(ProjectDependencies) = postProject
		{FE1B2BD3-FECA-1BAD-77D4-9E7E307CDA53} = {FE1B2BD3-FECA-1BAD-77D4-9E7E307CDA53}
	EndProjectSection
EndProject
Project("{8BC9CEB8-8B4A-11D0-8D11-00A0C91BC942}") = "POA_FindPOA", "FindPOA\POA_FindPOA_vc10.vcxproj", "{10B7596D-FECA-1BAD-4007-3A9B9499ED80}"
EndProject
Project("{8BC9CEB8-8B4A-11D0-8D11-00A0C91BC942}") = "POA_Forwarding_Client", "Forwarding\POA_Forwarding_Client_vc10.vcxproj", "{4D26B769-FECA-1BAD-648D-DE4C4EF736C9}"
	ProjectSection(ProjectDependencies) = postProject
		{82DA1E47-FECA-1BAD-648D-DE4C4EF736C9} = {82DA1E47-FECA-1BAD-648D-DE4C4EF736C9}
	EndProjectSection
EndProject
Project("{8BC9CEB8-8B4A-11D0-8D11-00A0C91BC942}") = "POA_Forwarding_IDL", "Forwarding\POA_Forwarding_IDL_vc10.vcxproj", "{82DA1E47-FECA-1BAD-648D-DE4C4EF736C9}"
EndProject
Project("{8BC9CEB8-8B4A-11D0-8D11-00A0C91BC942}") = "POA_Forwarding_Server", "Forwarding\POA_Forwarding_Server_vc10.vcxproj", "{7646A7E3-FECA-1BAD-648D-DE4C4EF736C9}"
	ProjectSection(ProjectDependencies) = postProject
		{82DA1E47-FECA-1BAD-648D-DE4C4EF736C9} = {82DA1E47-FECA-1BAD-648D-DE4C4EF736C9}
	EndProjectSection
EndProject
Project("{8BC9CEB8-8B4A-11D0-8D11-00A0C91BC942}") = "POA_Generic_Servant_Client", "Generic_Servant\POA_Generic_Servant_Client_vc10.vcxproj", "{5E7FF75B-FECA-1BAD-77D4-9E7E307CDA53}"
	ProjectSection(ProjectDependencies) = postProject
		{FE1B2BD3-FECA-1BAD-77D4-9E7E307CDA53} = {FE1B2BD3-FECA-1BAD-77D4-9E7E307CDA53}
	EndProjectSection
EndProject
Project("{8BC9CEB8-8B4A-11D0-8D11-00A0C91BC942}") = "POA_Generic_Servant_Lib", "Generic_Servant\POA_Generic_Servant_Lib_vc10.vcxproj", "{FE1B2BD3-FECA-1BAD-77D4-9E7E307CDA53}"
EndProject
Project("{8BC9CEB8-8B4A-11D0-8D11-00A0C91BC942}") = "POA_Identity", "Identity\POA_Identity_vc10.vcxproj", "{47C3752F-FECA-1BAD-2E3F-785AB426BD20}"
EndProject
Project("{8BC9CEB8-8B4A-11D0-8D11-00A0C91BC942}") = "POA_Loader_Server", "Loader\POA_Loader_Server_vc10.vcxproj", "{65A0B865-FECA-1BAD-776B-C1CA19EF6DB1}"
EndProject
Project("{8BC9CEB8-8B4A-11D0-8D11-00A0C91BC942}") = "POA_MT_Servant_Locator", "MT_Servant_Locator\POA_MT_Servant_Locator_vc10.vcxproj", "{F9CDF95B-FECA-1BAD-6190-95D300237CD4}"
EndProject
Project("{8BC9CEB8-8B4A-11D0-8D11-00A0C91BC942}") = "POA_Nested_Non_Servant_Upcalls", "Nested_Non_Servant_Upcalls\POA_Nested_Non_Servant_Upcalls_vc10.vcxproj", "{F3585541-FECA-1BAD-C139-CF125AE2DC7D}"
EndProject
Project("{8BC9CEB8-8B4A-11D0-8D11-00A0C91BC942}") = "POA_NewPOA", "NewPOA\POA_NewPOA_vc10.vcxproj", "{0F48EECB-FECA-1BAD-21F8-C1E119C43B22}"
EndProject
Project("{8BC9CEB8-8B4A-11D0-8D11-00A0C91BC942}") = "POA_Non_Servant_Upcalls", "Non_Servant_Upcalls\POA_Non_Servant_Upcalls_vc10.vcxproj", "{4B7969A5-FECA-1BAD-35BB-8D23FE71E1D8}"
EndProject
Project("{8BC9CEB8-8B4A-11D0-8D11-00A0C91BC942}") = "POA_Object_Reactivation", "Object_Reactivation\POA_Object_Reactivation_vc10.vcxproj", "{4A88BC64-FECA-1BAD-25A4-907FE32DF1C7}"
EndProject
Project("{8BC9CEB8-8B4A-11D0-8D11-00A0C91BC942}") = "On_Demand_Act_D_Coll", "On_Demand_Act_Direct_Coll\On_Demand_Act_D_Coll_vc10.vcxproj", "{864E5094-FECA-1BAD-D968-AA0459806D54}"
EndProject
Project("{8BC9CEB8-8B4A-11D0-8D11-00A0C91BC942}") = "POA_On_Demand_Activation_Server", "On_Demand_Activation\POA_On_Demand_Activation_Server_vc10.vcxproj", "{BD94ADF9-FECA-1BAD-AF5F-D4568667E947}"
	ProjectSection(ProjectDependencies) = postProject
		{FE1B2BD3-FECA-1BAD-77D4-9E7E307CDA53} = {FE1B2BD3-FECA-1BAD-77D4-9E7E307CDA53}
	EndProjectSection
EndProject
Project("{8BC9CEB8-8B4A-11D0-8D11-00A0C91BC942}") = "POA_On_Demand_Loading_Server", "On_Demand_Loading\POA_On_Demand_Loading_Server_vc10.vcxproj", "{3E76F22C-FECA-1BAD-2CBD-8B83604DA99B}"
EndProject
Project("{8BC9CEB8-8B4A-11D0-8D11-00A0C91BC942}") = "POA_POAManagerFactory", "POAManagerFactory\POA_POAManagerFactory_vc10.vcxproj", "{AE110F98-FECA-1BAD-AF1D-5FA0B43A9ECB}"
EndProject
Project("{8BC9CEB8-8B4A-11D0-8D11-00A0C91BC942}") = "POA_BiDir", "POA_BiDir\POA_BiDir_vc10.vcxproj", "{3B871DA4-FECA-1BAD-D2B4-3ED7D54DE362}"
EndProject
Project("{8BC9CEB8-8B4A-11D0-8D11-00A0C91BC942}") = "POA_POA_Destruction", "POA_Destruction\POA_POA_Destruction_vc10.vcxproj", "{80054EE5-FECA-1BAD-9DB8-EBE3B5E1648B}"
EndProject
Project("{8BC9CEB8-8B4A-11D0-8D11-00A0C91BC942}") = "POA_Client_Persistent_ID", "Persistent_ID\POA_Client_Persistent_ID_vc10.vcxproj", "{5725DBAF-FECA-1BAD-3E88-C80C73BB5F73}"
	ProjectSection(ProjectDependencies) = postProject
		{B398EA51-FECA-1BAD-3E88-C80C73BB5F73} = {B398EA51-FECA-1BAD-3E88-C80C73BB5F73}
		{DD1EBBBF-FECA-1BAD-3E88-C80C73BB5F73} = {DD1EBBBF-FECA-1BAD-3E88-C80C73BB5F73}
	EndProjectSection
EndProject
Project("{8BC9CEB8-8B4A-11D0-8D11-00A0C91BC942}") = "POA_IDL_Persistent_ID", "Persistent_ID\POA_IDL_Persistent_ID_vc10.vcxproj", "{B398EA51-FECA-1BAD-3E88-C80C73BB5F73}"
EndProject
Project("{8BC9CEB8-8B4A-11D0-8D11-00A0C91BC942}") = "POA_Server_Persistent_ID", "Persistent_ID\POA_Server_Persistent_ID_vc10.vcxproj", "{DD1EBBBF-FECA-1BAD-3E88-C80C73BB5F73}"
	ProjectSection(ProjectDependencies) = postProject
		{B398EA51-FECA-1BAD-3E88-C80C73BB5F73} = {B398EA51-FECA-1BAD-3E88-C80C73BB5F73}
	EndProjectSection
EndProject
Project("{8BC9CEB8-8B4A-11D0-8D11-00A0C91BC942}") = "POA_Policies", "Policies\POA_Policies_vc10.vcxproj", "{567ACC48-FECA-1BAD-5F24-E3CC2FB0CC3B}"
EndProject
Project("{8BC9CEB8-8B4A-11D0-8D11-00A0C91BC942}") = "Reference_Counted_Servant_Server", "Reference_Counted_Servant\Reference_Counted_Servant_Server_vc10.vcxproj", "{BF68D34E-FECA-1BAD-ADA3-AAE1417B9C75}"
	ProjectSection(ProjectDependencies) = postProject
		{FE1B2BD3-FECA-1BAD-77D4-9E7E307CDA53} = {FE1B2BD3-FECA-1BAD-77D4-9E7E307CDA53}
	EndProjectSection
EndProject
Project("{8BC9CEB8-8B4A-11D0-8D11-00A0C91BC942}") = "Reference_Counting_Server", "Reference_Counting\Reference_Counting_Server_vc10.vcxproj", "{BD06A9B6-FECA-1BAD-AFCD-D01945E9B289}"
EndProject
Project("{8BC9CEB8-8B4A-11D0-8D11-00A0C91BC942}") = "RootPOA_Server", "RootPOA\RootPOA_Server_vc10.vcxproj", "{0678A754-FECA-1BAD-14B3-DEFB80F9ED80}"
EndProject
Project("{8BC9CEB8-8B4A-11D0-8D11-00A0C91BC942}") = "POA_Single_Threaded_POA", "Single_Threaded_POA\POA_Single_Threaded_POA_vc10.vcxproj", "{F04F9E1B-FECA-1BAD-DE08-E258910A0A6B}"
EndProject
Project("{8BC9CEB8-8B4A-11D0-8D11-00A0C91BC942}") = "POA_TIE_Client", "TIE\POA_TIE_Client_vc10.vcxproj", "{897CB7F2-FECA-1BAD-A0D7-DED7F93184B4}"
	ProjectSection(ProjectDependencies) = postProject
		{8B665BE7-FECA-1BAD-A0D7-DED7F93184B4} = {8B665BE7-FECA-1BAD-A0D7-DED7F93184B4}
	EndProjectSection
EndProject
Project("{8BC9CEB8-8B4A-11D0-8D11-00A0C91BC942}") = "POA_TIE_IDL", "TIE\POA_TIE_IDL_vc10.vcxproj", "{8B665BE7-FECA-1BAD-A0D7-DED7F93184B4}"
EndProject
Project("{8BC9CEB8-8B4A-11D0-8D11-00A0C91BC942}") = "POA_TIE_Server", "TIE\POA_TIE_Server_vc10.vcxproj", "{B21CA778-FECA-1BAD-A0D7-DED7F93184B4}"
	ProjectSection(ProjectDependencies) = postProject
		{8B665BE7-FECA-1BAD-A0D7-DED7F93184B4} = {8B665BE7-FECA-1BAD-A0D7-DED7F93184B4}
	EndProjectSection
EndProject
Project("{8BC9CEB8-8B4A-11D0-8D11-00A0C91BC942}") = "POA_Wait_For_Completion", "wait_for_completion\POA_Wait_For_Completion_vc10.vcxproj", "{4B72C706-FECA-1BAD-27BB-35C9469BF3D8}"
EndProject
Global
	GlobalSection(SolutionConfigurationPlatforms) = preSolution
		Debug|Win32 = Debug|Win32
		Debug|x64 = Debug|x64
		Release|Win32 = Release|Win32
		Release|x64 = Release|x64
	EndGlobalSection
	GlobalSection(ProjectConfigurationPlatforms) = postSolution
		{E34B970A-FECA-1BAD-F180-EEA5056B74A6}.Debug|Win32.ActiveCfg = Debug|Win32
		{E34B970A-FECA-1BAD-F180-EEA5056B74A6}.Debug|Win32.Build.0 = Debug|Win32
		{E34B970A-FECA-1BAD-F180-EEA5056B74A6}.Debug|x64.ActiveCfg = Debug|x64
		{E34B970A-FECA-1BAD-F180-EEA5056B74A6}.Debug|x64.Build.0 = Debug|x64
		{E34B970A-FECA-1BAD-F180-EEA5056B74A6}.Release|Win32.ActiveCfg = Release|Win32
		{E34B970A-FECA-1BAD-F180-EEA5056B74A6}.Release|Win32.Build.0 = Release|Win32
		{E34B970A-FECA-1BAD-F180-EEA5056B74A6}.Release|x64.ActiveCfg = Release|x64
		{E34B970A-FECA-1BAD-F180-EEA5056B74A6}.Release|x64.Build.0 = Release|x64
		{49462508-FECA-1BAD-60ED-4C2D3F7FB48E}.Debug|Win32.ActiveCfg = Debug|Win32
		{49462508-FECA-1BAD-60ED-4C2D3F7FB48E}.Debug|Win32.Build.0 = Debug|Win32
		{49462508-FECA-1BAD-60ED-4C2D3F7FB48E}.Debug|x64.ActiveCfg = Debug|x64
		{49462508-FECA-1BAD-60ED-4C2D3F7FB48E}.Debug|x64.Build.0 = Debug|x64
		{49462508-FECA-1BAD-60ED-4C2D3F7FB48E}.Release|Win32.ActiveCfg = Release|Win32
		{49462508-FECA-1BAD-60ED-4C2D3F7FB48E}.Release|Win32.Build.0 = Release|Win32
		{49462508-FECA-1BAD-60ED-4C2D3F7FB48E}.Release|x64.ActiveCfg = Release|x64
		{49462508-FECA-1BAD-60ED-4C2D3F7FB48E}.Release|x64.Build.0 = Release|x64
		{86CA584E-FECA-1BAD-60ED-4C2D3F7FB48E}.Debug|Win32.ActiveCfg = Debug|Win32
		{86CA584E-FECA-1BAD-60ED-4C2D3F7FB48E}.Debug|Win32.Build.0 = Debug|Win32
		{86CA584E-FECA-1BAD-60ED-4C2D3F7FB48E}.Debug|x64.ActiveCfg = Debug|x64
		{86CA584E-FECA-1BAD-60ED-4C2D3F7FB48E}.Debug|x64.Build.0 = Debug|x64
		{86CA584E-FECA-1BAD-60ED-4C2D3F7FB48E}.Release|Win32.ActiveCfg = Release|Win32
		{86CA584E-FECA-1BAD-60ED-4C2D3F7FB48E}.Release|Win32.Build.0 = Release|Win32
		{86CA584E-FECA-1BAD-60ED-4C2D3F7FB48E}.Release|x64.ActiveCfg = Release|x64
		{86CA584E-FECA-1BAD-60ED-4C2D3F7FB48E}.Release|x64.Build.0 = Release|x64
		{72263582-FECA-1BAD-60ED-4C2D3F7FB48E}.Debug|Win32.ActiveCfg = Debug|Win32
		{72263582-FECA-1BAD-60ED-4C2D3F7FB48E}.Debug|Win32.Build.0 = Debug|Win32
		{72263582-FECA-1BAD-60ED-4C2D3F7FB48E}.Debug|x64.ActiveCfg = Debug|x64
		{72263582-FECA-1BAD-60ED-4C2D3F7FB48E}.Debug|x64.Build.0 = Debug|x64
		{72263582-FECA-1BAD-60ED-4C2D3F7FB48E}.Release|Win32.ActiveCfg = Release|Win32
		{72263582-FECA-1BAD-60ED-4C2D3F7FB48E}.Release|Win32.Build.0 = Release|Win32
		{72263582-FECA-1BAD-60ED-4C2D3F7FB48E}.Release|x64.ActiveCfg = Release|x64
		{72263582-FECA-1BAD-60ED-4C2D3F7FB48E}.Release|x64.Build.0 = Release|x64
		{1E1549C3-FECA-1BAD-50ED-4F253C77848E}.Debug|Win32.ActiveCfg = Debug|Win32
		{1E1549C3-FECA-1BAD-50ED-4F253C77848E}.Debug|Win32.Build.0 = Debug|Win32
		{1E1549C3-FECA-1BAD-50ED-4F253C77848E}.Debug|x64.ActiveCfg = Debug|x64
		{1E1549C3-FECA-1BAD-50ED-4F253C77848E}.Debug|x64.Build.0 = Debug|x64
		{1E1549C3-FECA-1BAD-50ED-4F253C77848E}.Release|Win32.ActiveCfg = Release|Win32
		{1E1549C3-FECA-1BAD-50ED-4F253C77848E}.Release|Win32.Build.0 = Release|Win32
		{1E1549C3-FECA-1BAD-50ED-4F253C77848E}.Release|x64.ActiveCfg = Release|x64
		{1E1549C3-FECA-1BAD-50ED-4F253C77848E}.Release|x64.Build.0 = Release|x64
		{62E714B8-FECA-1BAD-4396-CE469044BAA5}.Debug|Win32.ActiveCfg = Debug|Win32
		{62E714B8-FECA-1BAD-4396-CE469044BAA5}.Debug|Win32.Build.0 = Debug|Win32
		{62E714B8-FECA-1BAD-4396-CE469044BAA5}.Debug|x64.ActiveCfg = Debug|x64
		{62E714B8-FECA-1BAD-4396-CE469044BAA5}.Debug|x64.Build.0 = Debug|x64
		{62E714B8-FECA-1BAD-4396-CE469044BAA5}.Release|Win32.ActiveCfg = Release|Win32
		{62E714B8-FECA-1BAD-4396-CE469044BAA5}.Release|Win32.Build.0 = Release|Win32
		{62E714B8-FECA-1BAD-4396-CE469044BAA5}.Release|x64.ActiveCfg = Release|x64
		{62E714B8-FECA-1BAD-4396-CE469044BAA5}.Release|x64.Build.0 = Release|x64
		{98D0B7F2-FECA-1BAD-B17B-DED7F9319518}.Debug|Win32.ActiveCfg = Debug|Win32
		{98D0B7F2-FECA-1BAD-B17B-DED7F9319518}.Debug|Win32.Build.0 = Debug|Win32
		{98D0B7F2-FECA-1BAD-B17B-DED7F9319518}.Debug|x64.ActiveCfg = Debug|x64
		{98D0B7F2-FECA-1BAD-B17B-DED7F9319518}.Debug|x64.Build.0 = Debug|x64
		{98D0B7F2-FECA-1BAD-B17B-DED7F9319518}.Release|Win32.ActiveCfg = Release|Win32
		{98D0B7F2-FECA-1BAD-B17B-DED7F9319518}.Release|Win32.Build.0 = Release|Win32
		{98D0B7F2-FECA-1BAD-B17B-DED7F9319518}.Release|x64.ActiveCfg = Release|x64
		{98D0B7F2-FECA-1BAD-B17B-DED7F9319518}.Release|x64.Build.0 = Release|x64
		{8B674127-FECA-1BAD-B17B-DED7F9319518}.Debug|Win32.ActiveCfg = Debug|Win32
		{8B674127-FECA-1BAD-B17B-DED7F9319518}.Debug|Win32.Build.0 = Debug|Win32
		{8B674127-FECA-1BAD-B17B-DED7F9319518}.Debug|x64.ActiveCfg = Debug|x64
		{8B674127-FECA-1BAD-B17B-DED7F9319518}.Debug|x64.Build.0 = Debug|x64
		{8B674127-FECA-1BAD-B17B-DED7F9319518}.Release|Win32.ActiveCfg = Release|Win32
		{8B674127-FECA-1BAD-B17B-DED7F9319518}.Release|Win32.Build.0 = Release|Win32
		{8B674127-FECA-1BAD-B17B-DED7F9319518}.Release|x64.ActiveCfg = Release|x64
		{8B674127-FECA-1BAD-B17B-DED7F9319518}.Release|x64.Build.0 = Release|x64
		{A3B0A778-FECA-1BAD-B17B-DED7F9319518}.Debug|Win32.ActiveCfg = Debug|Win32
		{A3B0A778-FECA-1BAD-B17B-DED7F9319518}.Debug|Win32.Build.0 = Debug|Win32
		{A3B0A778-FECA-1BAD-B17B-DED7F9319518}.Debug|x64.ActiveCfg = Debug|x64
		{A3B0A778-FECA-1BAD-B17B-DED7F9319518}.Debug|x64.Build.0 = Debug|x64
		{A3B0A778-FECA-1BAD-B17B-DED7F9319518}.Release|Win32.ActiveCfg = Release|Win32
		{A3B0A778-FECA-1BAD-B17B-DED7F9319518}.Release|Win32.Build.0 = Release|Win32
		{A3B0A778-FECA-1BAD-B17B-DED7F9319518}.Release|x64.ActiveCfg = Release|x64
		{A3B0A778-FECA-1BAD-B17B-DED7F9319518}.Release|x64.Build.0 = Release|x64
		{31ADCF1A-FECA-1BAD-2366-B6B55D2F12B0}.Debug|Win32.ActiveCfg = Debug|Win32
		{31ADCF1A-FECA-1BAD-2366-B6B55D2F12B0}.Debug|Win32.Build.0 = Debug|Win32
		{31ADCF1A-FECA-1BAD-2366-B6B55D2F12B0}.Debug|x64.ActiveCfg = Debug|x64
		{31ADCF1A-FECA-1BAD-2366-B6B55D2F12B0}.Debug|x64.Build.0 = Debug|x64
		{31ADCF1A-FECA-1BAD-2366-B6B55D2F12B0}.Release|Win32.ActiveCfg = Release|Win32
		{31ADCF1A-FECA-1BAD-2366-B6B55D2F12B0}.Release|Win32.Build.0 = Release|Win32
		{31ADCF1A-FECA-1BAD-2366-B6B55D2F12B0}.Release|x64.ActiveCfg = Release|x64
		{31ADCF1A-FECA-1BAD-2366-B6B55D2F12B0}.Release|x64.Build.0 = Release|x64
		{19FD27BA-FECA-1BAD-6427-6D7633749D14}.Debug|Win32.ActiveCfg = Debug|Win32
		{19FD27BA-FECA-1BAD-6427-6D7633749D14}.Debug|Win32.Build.0 = Debug|Win32
		{19FD27BA-FECA-1BAD-6427-6D7633749D14}.Debug|x64.ActiveCfg = Debug|x64
		{19FD27BA-FECA-1BAD-6427-6D7633749D14}.Debug|x64.Build.0 = Debug|x64
		{19FD27BA-FECA-1BAD-6427-6D7633749D14}.Release|Win32.ActiveCfg = Release|Win32
		{19FD27BA-FECA-1BAD-6427-6D7633749D14}.Release|Win32.Build.0 = Release|Win32
		{19FD27BA-FECA-1BAD-6427-6D7633749D14}.Release|x64.ActiveCfg = Release|x64
		{19FD27BA-FECA-1BAD-6427-6D7633749D14}.Release|x64.Build.0 = Release|x64
		{1938F453-FECA-1BAD-3093-9D763749D171}.Debug|Win32.ActiveCfg = Debug|Win32
		{1938F453-FECA-1BAD-3093-9D763749D171}.Debug|Win32.Build.0 = Debug|Win32
		{1938F453-FECA-1BAD-3093-9D763749D171}.Debug|x64.ActiveCfg = Debug|x64
		{1938F453-FECA-1BAD-3093-9D763749D171}.Debug|x64.Build.0 = Debug|x64
		{1938F453-FECA-1BAD-3093-9D763749D171}.Release|Win32.ActiveCfg = Release|Win32
		{1938F453-FECA-1BAD-3093-9D763749D171}.Release|Win32.Build.0 = Release|Win32
		{1938F453-FECA-1BAD-3093-9D763749D171}.Release|x64.ActiveCfg = Release|x64
		{1938F453-FECA-1BAD-3093-9D763749D171}.Release|x64.Build.0 = Release|x64
		{B17F5FA3-FECA-1BAD-3093-9D763749D171}.Debug|Win32.ActiveCfg = Debug|Win32
		{B17F5FA3-FECA-1BAD-3093-9D763749D171}.Debug|Win32.Build.0 = Debug|Win32
		{B17F5FA3-FECA-1BAD-3093-9D763749D171}.Debug|x64.ActiveCfg = Debug|x64
		{B17F5FA3-FECA-1BAD-3093-9D763749D171}.Debug|x64.Build.0 = Debug|x64
		{B17F5FA3-FECA-1BAD-3093-9D763749D171}.Release|Win32.ActiveCfg = Release|Win32
		{B17F5FA3-FECA-1BAD-3093-9D763749D171}.Release|Win32.Build.0 = Release|Win32
		{B17F5FA3-FECA-1BAD-3093-9D763749D171}.Release|x64.ActiveCfg = Release|x64
		{B17F5FA3-FECA-1BAD-3093-9D763749D171}.Release|x64.Build.0 = Release|x64
		{2258E4D9-FECA-1BAD-3093-9D763749D171}.Debug|Win32.ActiveCfg = Debug|Win32
		{2258E4D9-FECA-1BAD-3093-9D763749D171}.Debug|Win32.Build.0 = Debug|Win32
		{2258E4D9-FECA-1BAD-3093-9D763749D171}.Debug|x64.ActiveCfg = Debug|x64
		{2258E4D9-FECA-1BAD-3093-9D763749D171}.Debug|x64.Build.0 = Debug|x64
		{2258E4D9-FECA-1BAD-3093-9D763749D171}.Release|Win32.ActiveCfg = Release|Win32
		{2258E4D9-FECA-1BAD-3093-9D763749D171}.Release|Win32.Build.0 = Release|Win32
		{2258E4D9-FECA-1BAD-3093-9D763749D171}.Release|x64.ActiveCfg = Release|x64
		{2258E4D9-FECA-1BAD-3093-9D763749D171}.Release|x64.Build.0 = Release|x64
		{B07F7617-FECA-1BAD-99D4-1F3288178645}.Debug|Win32.ActiveCfg = Debug|Win32
		{B07F7617-FECA-1BAD-99D4-1F3288178645}.Debug|Win32.Build.0 = Debug|Win32
		{B07F7617-FECA-1BAD-99D4-1F3288178645}.Debug|x64.ActiveCfg = Debug|x64
		{B07F7617-FECA-1BAD-99D4-1F3288178645}.Debug|x64.Build.0 = Debug|x64
		{B07F7617-FECA-1BAD-99D4-1F3288178645}.Release|Win32.ActiveCfg = Release|Win32
		{B07F7617-FECA-1BAD-99D4-1F3288178645}.Release|Win32.Build.0 = Release|Win32
		{B07F7617-FECA-1BAD-99D4-1F3288178645}.Release|x64.ActiveCfg = Release|x64
		{B07F7617-FECA-1BAD-99D4-1F3288178645}.Release|x64.Build.0 = Release|x64
		{B735CBDB-FECA-1BAD-99D4-1F3288178645}.Debug|Win32.ActiveCfg = Debug|Win32
		{B735CBDB-FECA-1BAD-99D4-1F3288178645}.Debug|Win32.Build.0 = Debug|Win32
		{B735CBDB-FECA-1BAD-99D4-1F3288178645}.Debug|x64.ActiveCfg = Debug|x64
		{B735CBDB-FECA-1BAD-99D4-1F3288178645}.Debug|x64.Build.0 = Debug|x64
		{B735CBDB-FECA-1BAD-99D4-1F3288178645}.Release|Win32.ActiveCfg = Release|Win32
		{B735CBDB-FECA-1BAD-99D4-1F3288178645}.Release|Win32.Build.0 = Release|Win32
		{B735CBDB-FECA-1BAD-99D4-1F3288178645}.Release|x64.ActiveCfg = Release|x64
		{B735CBDB-FECA-1BAD-99D4-1F3288178645}.Release|x64.Build.0 = Release|x64
		{8B1F669D-FECA-1BAD-99D4-1F3288178645}.Debug|Win32.ActiveCfg = Debug|Win32
		{8B1F669D-FECA-1BAD-99D4-1F3288178645}.Debug|Win32.Build.0 = Debug|Win32
		{8B1F669D-FECA-1BAD-99D4-1F3288178645}.Debug|x64.ActiveCfg = Debug|x64
		{8B1F669D-FECA-1BAD-99D4-1F3288178645}.Debug|x64.Build.0 = Debug|x64
		{8B1F669D-FECA-1BAD-99D4-1F3288178645}.Release|Win32.ActiveCfg = Release|Win32
		{8B1F669D-FECA-1BAD-99D4-1F3288178645}.Release|Win32.Build.0 = Release|Win32
		{8B1F669D-FECA-1BAD-99D4-1F3288178645}.Release|x64.ActiveCfg = Release|x64
		{8B1F669D-FECA-1BAD-99D4-1F3288178645}.Release|x64.Build.0 = Release|x64
		{E13D986C-FECA-1BAD-0BAB-668B3889F298}.Debug|Win32.ActiveCfg = Debug|Win32
		{E13D986C-FECA-1BAD-0BAB-668B3889F298}.Debug|Win32.Build.0 = Debug|Win32
		{E13D986C-FECA-1BAD-0BAB-668B3889F298}.Debug|x64.ActiveCfg = Debug|x64
		{E13D986C-FECA-1BAD-0BAB-668B3889F298}.Debug|x64.Build.0 = Debug|x64
		{E13D986C-FECA-1BAD-0BAB-668B3889F298}.Release|Win32.ActiveCfg = Release|Win32
		{E13D986C-FECA-1BAD-0BAB-668B3889F298}.Release|Win32.Build.0 = Release|Win32
		{E13D986C-FECA-1BAD-0BAB-668B3889F298}.Release|x64.ActiveCfg = Release|x64
		{E13D986C-FECA-1BAD-0BAB-668B3889F298}.Release|x64.Build.0 = Release|x64
		{C12CF9B9-FECA-1BAD-0855-CF9658B317C4}.Debug|Win32.ActiveCfg = Debug|Win32
		{C12CF9B9-FECA-1BAD-0855-CF9658B317C4}.Debug|Win32.Build.0 = Debug|Win32
		{C12CF9B9-FECA-1BAD-0855-CF9658B317C4}.Debug|x64.ActiveCfg = Debug|x64
		{C12CF9B9-FECA-1BAD-0855-CF9658B317C4}.Debug|x64.Build.0 = Debug|x64
		{C12CF9B9-FECA-1BAD-0855-CF9658B317C4}.Release|Win32.ActiveCfg = Release|Win32
		{C12CF9B9-FECA-1BAD-0855-CF9658B317C4}.Release|Win32.Build.0 = Release|Win32
		{C12CF9B9-FECA-1BAD-0855-CF9658B317C4}.Release|x64.ActiveCfg = Release|x64
		{C12CF9B9-FECA-1BAD-0855-CF9658B317C4}.Release|x64.Build.0 = Release|x64
		{E418732C-FECA-1BAD-5F4D-C83F5A4D9D25}.Debug|Win32.ActiveCfg = Debug|Win32
		{E418732C-FECA-1BAD-5F4D-C83F5A4D9D25}.Debug|Win32.Build.0 = Debug|Win32
		{E418732C-FECA-1BAD-5F4D-C83F5A4D9D25}.Debug|x64.ActiveCfg = Debug|x64
		{E418732C-FECA-1BAD-5F4D-C83F5A4D9D25}.Debug|x64.Build.0 = Debug|x64
		{E418732C-FECA-1BAD-5F4D-C83F5A4D9D25}.Release|Win32.ActiveCfg = Release|Win32
		{E418732C-FECA-1BAD-5F4D-C83F5A4D9D25}.Release|Win32.Build.0 = Release|Win32
		{E418732C-FECA-1BAD-5F4D-C83F5A4D9D25}.Release|x64.ActiveCfg = Release|x64
		{E418732C-FECA-1BAD-5F4D-C83F5A4D9D25}.Release|x64.Build.0 = Release|x64
		{94D52620-FECA-1BAD-861E-5F8F7869A27D}.Debug|Win32.ActiveCfg = Debug|Win32
		{94D52620-FECA-1BAD-861E-5F8F7869A27D}.Debug|Win32.Build.0 = Debug|Win32
		{94D52620-FECA-1BAD-861E-5F8F7869A27D}.Debug|x64.ActiveCfg = Debug|x64
		{94D52620-FECA-1BAD-861E-5F8F7869A27D}.Debug|x64.Build.0 = Debug|x64
		{94D52620-FECA-1BAD-861E-5F8F7869A27D}.Release|Win32.ActiveCfg = Release|Win32
		{94D52620-FECA-1BAD-861E-5F8F7869A27D}.Release|Win32.Build.0 = Release|Win32
		{94D52620-FECA-1BAD-861E-5F8F7869A27D}.Release|x64.ActiveCfg = Release|x64
		{94D52620-FECA-1BAD-861E-5F8F7869A27D}.Release|x64.Build.0 = Release|x64
		{10B7596D-FECA-1BAD-4007-3A9B9499ED80}.Debug|Win32.ActiveCfg = Debug|Win32
		{10B7596D-FECA-1BAD-4007-3A9B9499ED80}.Debug|Win32.Build.0 = Debug|Win32
		{10B7596D-FECA-1BAD-4007-3A9B9499ED80}.Debug|x64.ActiveCfg = Debug|x64
		{10B7596D-FECA-1BAD-4007-3A9B9499ED80}.Debug|x64.Build.0 = Debug|x64
		{10B7596D-FECA-1BAD-4007-3A9B9499ED80}.Release|Win32.ActiveCfg = Release|Win32
		{10B7596D-FECA-1BAD-4007-3A9B9499ED80}.Release|Win32.Build.0 = Release|Win32
		{10B7596D-FECA-1BAD-4007-3A9B9499ED80}.Release|x64.ActiveCfg = Release|x64
		{10B7596D-FECA-1BAD-4007-3A9B9499ED80}.Release|x64.Build.0 = Release|x64
		{4D26B769-FECA-1BAD-648D-DE4C4EF736C9}.Debug|Win32.ActiveCfg = Debug|Win32
		{4D26B769-FECA-1BAD-648D-DE4C4EF736C9}.Debug|Win32.Build.0 = Debug|Win32
		{4D26B769-FECA-1BAD-648D-DE4C4EF736C9}.Debug|x64.ActiveCfg = Debug|x64
		{4D26B769-FECA-1BAD-648D-DE4C4EF736C9}.Debug|x64.Build.0 = Debug|x64
		{4D26B769-FECA-1BAD-648D-DE4C4EF736C9}.Release|Win32.ActiveCfg = Release|Win32
		{4D26B769-FECA-1BAD-648D-DE4C4EF736C9}.Release|Win32.Build.0 = Release|Win32
		{4D26B769-FECA-1BAD-648D-DE4C4EF736C9}.Release|x64.ActiveCfg = Release|x64
		{4D26B769-FECA-1BAD-648D-DE4C4EF736C9}.Release|x64.Build.0 = Release|x64
		{82DA1E47-FECA-1BAD-648D-DE4C4EF736C9}.Debug|Win32.ActiveCfg = Debug|Win32
		{82DA1E47-FECA-1BAD-648D-DE4C4EF736C9}.Debug|Win32.Build.0 = Debug|Win32
		{82DA1E47-FECA-1BAD-648D-DE4C4EF736C9}.Debug|x64.ActiveCfg = Debug|x64
		{82DA1E47-FECA-1BAD-648D-DE4C4EF736C9}.Debug|x64.Build.0 = Debug|x64
		{82DA1E47-FECA-1BAD-648D-DE4C4EF736C9}.Release|Win32.ActiveCfg = Release|Win32
		{82DA1E47-FECA-1BAD-648D-DE4C4EF736C9}.Release|Win32.Build.0 = Release|Win32
		{82DA1E47-FECA-1BAD-648D-DE4C4EF736C9}.Release|x64.ActiveCfg = Release|x64
		{82DA1E47-FECA-1BAD-648D-DE4C4EF736C9}.Release|x64.Build.0 = Release|x64
		{7646A7E3-FECA-1BAD-648D-DE4C4EF736C9}.Debug|Win32.ActiveCfg = Debug|Win32
		{7646A7E3-FECA-1BAD-648D-DE4C4EF736C9}.Debug|Win32.Build.0 = Debug|Win32
		{7646A7E3-FECA-1BAD-648D-DE4C4EF736C9}.Debug|x64.ActiveCfg = Debug|x64
		{7646A7E3-FECA-1BAD-648D-DE4C4EF736C9}.Debug|x64.Build.0 = Debug|x64
		{7646A7E3-FECA-1BAD-648D-DE4C4EF736C9}.Release|Win32.ActiveCfg = Release|Win32
		{7646A7E3-FECA-1BAD-648D-DE4C4EF736C9}.Release|Win32.Build.0 = Release|Win32
		{7646A7E3-FECA-1BAD-648D-DE4C4EF736C9}.Release|x64.ActiveCfg = Release|x64
		{7646A7E3-FECA-1BAD-648D-DE4C4EF736C9}.Release|x64.Build.0 = Release|x64
		{5E7FF75B-FECA-1BAD-77D4-9E7E307CDA53}.Debug|Win32.ActiveCfg = Debug|Win32
		{5E7FF75B-FECA-1BAD-77D4-9E7E307CDA53}.Debug|Win32.Build.0 = Debug|Win32
		{5E7FF75B-FECA-1BAD-77D4-9E7E307CDA53}.Debug|x64.ActiveCfg = Debug|x64
		{5E7FF75B-FECA-1BAD-77D4-9E7E307CDA53}.Debug|x64.Build.0 = Debug|x64
		{5E7FF75B-FECA-1BAD-77D4-9E7E307CDA53}.Release|Win32.ActiveCfg = Release|Win32
		{5E7FF75B-FECA-1BAD-77D4-9E7E307CDA53}.Release|Win32.Build.0 = Release|Win32
		{5E7FF75B-FECA-1BAD-77D4-9E7E307CDA53}.Release|x64.ActiveCfg = Release|x64
		{5E7FF75B-FECA-1BAD-77D4-9E7E307CDA53}.Release|x64.Build.0 = Release|x64
		{FE1B2BD3-FECA-1BAD-77D4-9E7E307CDA53}.Debug|Win32.ActiveCfg = Debug|Win32
		{FE1B2BD3-FECA-1BAD-77D4-9E7E307CDA53}.Debug|Win32.Build.0 = Debug|Win32
		{FE1B2BD3-FECA-1BAD-77D4-9E7E307CDA53}.Debug|x64.ActiveCfg = Debug|x64
		{FE1B2BD3-FECA-1BAD-77D4-9E7E307CDA53}.Debug|x64.Build.0 = Debug|x64
		{FE1B2BD3-FECA-1BAD-77D4-9E7E307CDA53}.Release|Win32.ActiveCfg = Release|Win32
		{FE1B2BD3-FECA-1BAD-77D4-9E7E307CDA53}.Release|Win32.Build.0 = Release|Win32
		{FE1B2BD3-FECA-1BAD-77D4-9E7E307CDA53}.Release|x64.ActiveCfg = Release|x64
		{FE1B2BD3-FECA-1BAD-77D4-9E7E307CDA53}.Release|x64.Build.0 = Release|x64
		{47C3752F-FECA-1BAD-2E3F-785AB426BD20}.Debug|Win32.ActiveCfg = Debug|Win32
		{47C3752F-FECA-1BAD-2E3F-785AB426BD20}.Debug|Win32.Build.0 = Debug|Win32
		{47C3752F-FECA-1BAD-2E3F-785AB426BD20}.Debug|x64.ActiveCfg = Debug|x64
		{47C3752F-FECA-1BAD-2E3F-785AB426BD20}.Debug|x64.Build.0 = Debug|x64
		{47C3752F-FECA-1BAD-2E3F-785AB426BD20}.Release|Win32.ActiveCfg = Release|Win32
		{47C3752F-FECA-1BAD-2E3F-785AB426BD20}.Release|Win32.Build.0 = Release|Win32
		{47C3752F-FECA-1BAD-2E3F-785AB426BD20}.Release|x64.ActiveCfg = Release|x64
		{47C3752F-FECA-1BAD-2E3F-785AB426BD20}.Release|x64.Build.0 = Release|x64
		{65A0B865-FECA-1BAD-776B-C1CA19EF6DB1}.Debug|Win32.ActiveCfg = Debug|Win32
		{65A0B865-FECA-1BAD-776B-C1CA19EF6DB1}.Debug|Win32.Build.0 = Debug|Win32
		{65A0B865-FECA-1BAD-776B-C1CA19EF6DB1}.Debug|x64.ActiveCfg = Debug|x64
		{65A0B865-FECA-1BAD-776B-C1CA19EF6DB1}.Debug|x64.Build.0 = Debug|x64
		{65A0B865-FECA-1BAD-776B-C1CA19EF6DB1}.Release|Win32.ActiveCfg = Release|Win32
		{65A0B865-FECA-1BAD-776B-C1CA19EF6DB1}.Release|Win32.Build.0 = Release|Win32
		{65A0B865-FECA-1BAD-776B-C1CA19EF6DB1}.Release|x64.ActiveCfg = Release|x64
		{65A0B865-FECA-1BAD-776B-C1CA19EF6DB1}.Release|x64.Build.0 = Release|x64
		{F9CDF95B-FECA-1BAD-6190-95D300237CD4}.Debug|Win32.ActiveCfg = Debug|Win32
		{F9CDF95B-FECA-1BAD-6190-95D300237CD4}.Debug|Win32.Build.0 = Debug|Win32
		{F9CDF95B-FECA-1BAD-6190-95D300237CD4}.Debug|x64.ActiveCfg = Debug|x64
		{F9CDF95B-FECA-1BAD-6190-95D300237CD4}.Debug|x64.Build.0 = Debug|x64
		{F9CDF95B-FECA-1BAD-6190-95D300237CD4}.Release|Win32.ActiveCfg = Release|Win32
		{F9CDF95B-FECA-1BAD-6190-95D300237CD4}.Release|Win32.Build.0 = Release|Win32
		{F9CDF95B-FECA-1BAD-6190-95D300237CD4}.Release|x64.ActiveCfg = Release|x64
		{F9CDF95B-FECA-1BAD-6190-95D300237CD4}.Release|x64.Build.0 = Release|x64
		{F3585541-FECA-1BAD-C139-CF125AE2DC7D}.Debug|Win32.ActiveCfg = Debug|Win32
		{F3585541-FECA-1BAD-C139-CF125AE2DC7D}.Debug|Win32.Build.0 = Debug|Win32
		{F3585541-FECA-1BAD-C139-CF125AE2DC7D}.Debug|x64.ActiveCfg = Debug|x64
		{F3585541-FECA-1BAD-C139-CF125AE2DC7D}.Debug|x64.Build.0 = Debug|x64
		{F3585541-FECA-1BAD-C139-CF125AE2DC7D}.Release|Win32.ActiveCfg = Release|Win32
		{F3585541-FECA-1BAD-C139-CF125AE2DC7D}.Release|Win32.Build.0 = Release|Win32
		{F3585541-FECA-1BAD-C139-CF125AE2DC7D}.Release|x64.ActiveCfg = Release|x64
		{F3585541-FECA-1BAD-C139-CF125AE2DC7D}.Release|x64.Build.0 = Release|x64
		{0F48EECB-FECA-1BAD-21F8-C1E119C43B22}.Debug|Win32.ActiveCfg = Debug|Win32
		{0F48EECB-FECA-1BAD-21F8-C1E119C43B22}.Debug|Win32.Build.0 = Debug|Win32
		{0F48EECB-FECA-1BAD-21F8-C1E119C43B22}.Debug|x64.ActiveCfg = Debug|x64
		{0F48EECB-FECA-1BAD-21F8-C1E119C43B22}.Debug|x64.Build.0 = Debug|x64
		{0F48EECB-FECA-1BAD-21F8-C1E119C43B22}.Release|Win32.ActiveCfg = Release|Win32
		{0F48EECB-FECA-1BAD-21F8-C1E119C43B22}.Release|Win32.Build.0 = Release|Win32
		{0F48EECB-FECA-1BAD-21F8-C1E119C43B22}.Release|x64.ActiveCfg = Release|x64
		{0F48EECB-FECA-1BAD-21F8-C1E119C43B22}.Release|x64.Build.0 = Release|x64
		{4B7969A5-FECA-1BAD-35BB-8D23FE71E1D8}.Debug|Win32.ActiveCfg = Debug|Win32
		{4B7969A5-FECA-1BAD-35BB-8D23FE71E1D8}.Debug|Win32.Build.0 = Debug|Win32
		{4B7969A5-FECA-1BAD-35BB-8D23FE71E1D8}.Debug|x64.ActiveCfg = Debug|x64
		{4B7969A5-FECA-1BAD-35BB-8D23FE71E1D8}.Debug|x64.Build.0 = Debug|x64
		{4B7969A5-FECA-1BAD-35BB-8D23FE71E1D8}.Release|Win32.ActiveCfg = Release|Win32
		{4B7969A5-FECA-1BAD-35BB-8D23FE71E1D8}.Release|Win32.Build.0 = Release|Win32
		{4B7969A5-FECA-1BAD-35BB-8D23FE71E1D8}.Release|x64.ActiveCfg = Release|x64
		{4B7969A5-FECA-1BAD-35BB-8D23FE71E1D8}.Release|x64.Build.0 = Release|x64
		{4A88BC64-FECA-1BAD-25A4-907FE32DF1C7}.Debug|Win32.ActiveCfg = Debug|Win32
		{4A88BC64-FECA-1BAD-25A4-907FE32DF1C7}.Debug|Win32.Build.0 = Debug|Win32
		{4A88BC64-FECA-1BAD-25A4-907FE32DF1C7}.Debug|x64.ActiveCfg = Debug|x64
		{4A88BC64-FECA-1BAD-25A4-907FE32DF1C7}.Debug|x64.Build.0 = Debug|x64
		{4A88BC64-FECA-1BAD-25A4-907FE32DF1C7}.Release|Win32.ActiveCfg = Release|Win32
		{4A88BC64-FECA-1BAD-25A4-907FE32DF1C7}.Release|Win32.Build.0 = Release|Win32
		{4A88BC64-FECA-1BAD-25A4-907FE32DF1C7}.Release|x64.ActiveCfg = Release|x64
		{4A88BC64-FECA-1BAD-25A4-907FE32DF1C7}.Release|x64.Build.0 = Release|x64
		{864E5094-FECA-1BAD-D968-AA0459806D54}.Debug|Win32.ActiveCfg = Debug|Win32
		{864E5094-FECA-1BAD-D968-AA0459806D54}.Debug|Win32.Build.0 = Debug|Win32
		{864E5094-FECA-1BAD-D968-AA0459806D54}.Debug|x64.ActiveCfg = Debug|x64
		{864E5094-FECA-1BAD-D968-AA0459806D54}.Debug|x64.Build.0 = Debug|x64
		{864E5094-FECA-1BAD-D968-AA0459806D54}.Release|Win32.ActiveCfg = Release|Win32
		{864E5094-FECA-1BAD-D968-AA0459806D54}.Release|Win32.Build.0 = Release|Win32
		{864E5094-FECA-1BAD-D968-AA0459806D54}.Release|x64.ActiveCfg = Release|x64
		{864E5094-FECA-1BAD-D968-AA0459806D54}.Release|x64.Build.0 = Release|x64
		{BD94ADF9-FECA-1BAD-AF5F-D4568667E947}.Debug|Win32.ActiveCfg = Debug|Win32
		{BD94ADF9-FECA-1BAD-AF5F-D4568667E947}.Debug|Win32.Build.0 = Debug|Win32
		{BD94ADF9-FECA-1BAD-AF5F-D4568667E947}.Debug|x64.ActiveCfg = Debug|x64
		{BD94ADF9-FECA-1BAD-AF5F-D4568667E947}.Debug|x64.Build.0 = Debug|x64
		{BD94ADF9-FECA-1BAD-AF5F-D4568667E947}.Release|Win32.ActiveCfg = Release|Win32
		{BD94ADF9-FECA-1BAD-AF5F-D4568667E947}.Release|Win32.Build.0 = Release|Win32
		{BD94ADF9-FECA-1BAD-AF5F-D4568667E947}.Release|x64.ActiveCfg = Release|x64
		{BD94ADF9-FECA-1BAD-AF5F-D4568667E947}.Release|x64.Build.0 = Release|x64
		{3E76F22C-FECA-1BAD-2CBD-8B83604DA99B}.Debug|Win32.ActiveCfg = Debug|Win32
		{3E76F22C-FECA-1BAD-2CBD-8B83604DA99B}.Debug|Win32.Build.0 = Debug|Win32
		{3E76F22C-FECA-1BAD-2CBD-8B83604DA99B}.Debug|x64.ActiveCfg = Debug|x64
		{3E76F22C-FECA-1BAD-2CBD-8B83604DA99B}.Debug|x64.Build.0 = Debug|x64
		{3E76F22C-FECA-1BAD-2CBD-8B83604DA99B}.Release|Win32.ActiveCfg = Release|Win32
		{3E76F22C-FECA-1BAD-2CBD-8B83604DA99B}.Release|Win32.Build.0 = Release|Win32
		{3E76F22C-FECA-1BAD-2CBD-8B83604DA99B}.Release|x64.ActiveCfg = Release|x64
		{3E76F22C-FECA-1BAD-2CBD-8B83604DA99B}.Release|x64.Build.0 = Release|x64
		{AE110F98-FECA-1BAD-AF1D-5FA0B43A9ECB}.Debug|Win32.ActiveCfg = Debug|Win32
		{AE110F98-FECA-1BAD-AF1D-5FA0B43A9ECB}.Debug|Win32.Build.0 = Debug|Win32
		{AE110F98-FECA-1BAD-AF1D-5FA0B43A9ECB}.Debug|x64.ActiveCfg = Debug|x64
		{AE110F98-FECA-1BAD-AF1D-5FA0B43A9ECB}.Debug|x64.Build.0 = Debug|x64
		{AE110F98-FECA-1BAD-AF1D-5FA0B43A9ECB}.Release|Win32.ActiveCfg = Release|Win32
		{AE110F98-FECA-1BAD-AF1D-5FA0B43A9ECB}.Release|Win32.Build.0 = Release|Win32
		{AE110F98-FECA-1BAD-AF1D-5FA0B43A9ECB}.Release|x64.ActiveCfg = Release|x64
		{AE110F98-FECA-1BAD-AF1D-5FA0B43A9ECB}.Release|x64.Build.0 = Release|x64
		{3B871DA4-FECA-1BAD-D2B4-3ED7D54DE362}.Debug|Win32.ActiveCfg = Debug|Win32
		{3B871DA4-FECA-1BAD-D2B4-3ED7D54DE362}.Debug|Win32.Build.0 = Debug|Win32
		{3B871DA4-FECA-1BAD-D2B4-3ED7D54DE362}.Debug|x64.ActiveCfg = Debug|x64
		{3B871DA4-FECA-1BAD-D2B4-3ED7D54DE362}.Debug|x64.Build.0 = Debug|x64
		{3B871DA4-FECA-1BAD-D2B4-3ED7D54DE362}.Release|Win32.ActiveCfg = Release|Win32
		{3B871DA4-FECA-1BAD-D2B4-3ED7D54DE362}.Release|Win32.Build.0 = Release|Win32
		{3B871DA4-FECA-1BAD-D2B4-3ED7D54DE362}.Release|x64.ActiveCfg = Release|x64
		{3B871DA4-FECA-1BAD-D2B4-3ED7D54DE362}.Release|x64.Build.0 = Release|x64
		{80054EE5-FECA-1BAD-9DB8-EBE3B5E1648B}.Debug|Win32.ActiveCfg = Debug|Win32
		{80054EE5-FECA-1BAD-9DB8-EBE3B5E1648B}.Debug|Win32.Build.0 = Debug|Win32
		{80054EE5-FECA-1BAD-9DB8-EBE3B5E1648B}.Debug|x64.ActiveCfg = Debug|x64
		{80054EE5-FECA-1BAD-9DB8-EBE3B5E1648B}.Debug|x64.Build.0 = Debug|x64
		{80054EE5-FECA-1BAD-9DB8-EBE3B5E1648B}.Release|Win32.ActiveCfg = Release|Win32
		{80054EE5-FECA-1BAD-9DB8-EBE3B5E1648B}.Release|Win32.Build.0 = Release|Win32
		{80054EE5-FECA-1BAD-9DB8-EBE3B5E1648B}.Release|x64.ActiveCfg = Release|x64
		{80054EE5-FECA-1BAD-9DB8-EBE3B5E1648B}.Release|x64.Build.0 = Release|x64
		{5725DBAF-FECA-1BAD-3E88-C80C73BB5F73}.Debug|Win32.ActiveCfg = Debug|Win32
		{5725DBAF-FECA-1BAD-3E88-C80C73BB5F73}.Debug|Win32.Build.0 = Debug|Win32
		{5725DBAF-FECA-1BAD-3E88-C80C73BB5F73}.Debug|x64.ActiveCfg = Debug|x64
		{5725DBAF-FECA-1BAD-3E88-C80C73BB5F73}.Debug|x64.Build.0 = Debug|x64
		{5725DBAF-FECA-1BAD-3E88-C80C73BB5F73}.Release|Win32.ActiveCfg = Release|Win32
		{5725DBAF-FECA-1BAD-3E88-C80C73BB5F73}.Release|Win32.Build.0 = Release|Win32
		{5725DBAF-FECA-1BAD-3E88-C80C73BB5F73}.Release|x64.ActiveCfg = Release|x64
		{5725DBAF-FECA-1BAD-3E88-C80C73BB5F73}.Release|x64.Build.0 = Release|x64
		{B398EA51-FECA-1BAD-3E88-C80C73BB5F73}.Debug|Win32.ActiveCfg = Debug|Win32
		{B398EA51-FECA-1BAD-3E88-C80C73BB5F73}.Debug|Win32.Build.0 = Debug|Win32
		{B398EA51-FECA-1BAD-3E88-C80C73BB5F73}.Debug|x64.ActiveCfg = Debug|x64
		{B398EA51-FECA-1BAD-3E88-C80C73BB5F73}.Debug|x64.Build.0 = Debug|x64
		{B398EA51-FECA-1BAD-3E88-C80C73BB5F73}.Release|Win32.ActiveCfg = Release|Win32
		{B398EA51-FECA-1BAD-3E88-C80C73BB5F73}.Release|Win32.Build.0 = Release|Win32
		{B398EA51-FECA-1BAD-3E88-C80C73BB5F73}.Release|x64.ActiveCfg = Release|x64
		{B398EA51-FECA-1BAD-3E88-C80C73BB5F73}.Release|x64.Build.0 = Release|x64
		{DD1EBBBF-FECA-1BAD-3E88-C80C73BB5F73}.Debug|Win32.ActiveCfg = Debug|Win32
		{DD1EBBBF-FECA-1BAD-3E88-C80C73BB5F73}.Debug|Win32.Build.0 = Debug|Win32
		{DD1EBBBF-FECA-1BAD-3E88-C80C73BB5F73}.Debug|x64.ActiveCfg = Debug|x64
		{DD1EBBBF-FECA-1BAD-3E88-C80C73BB5F73}.Debug|x64.Build.0 = Debug|x64
		{DD1EBBBF-FECA-1BAD-3E88-C80C73BB5F73}.Release|Win32.ActiveCfg = Release|Win32
		{DD1EBBBF-FECA-1BAD-3E88-C80C73BB5F73}.Release|Win32.Build.0 = Release|Win32
		{DD1EBBBF-FECA-1BAD-3E88-C80C73BB5F73}.Release|x64.ActiveCfg = Release|x64
		{DD1EBBBF-FECA-1BAD-3E88-C80C73BB5F73}.Release|x64.Build.0 = Release|x64
		{567ACC48-FECA-1BAD-5F24-E3CC2FB0CC3B}.Debug|Win32.ActiveCfg = Debug|Win32
		{567ACC48-FECA-1BAD-5F24-E3CC2FB0CC3B}.Debug|Win32.Build.0 = Debug|Win32
		{567ACC48-FECA-1BAD-5F24-E3CC2FB0CC3B}.Debug|x64.ActiveCfg = Debug|x64
		{567ACC48-FECA-1BAD-5F24-E3CC2FB0CC3B}.Debug|x64.Build.0 = Debug|x64
		{567ACC48-FECA-1BAD-5F24-E3CC2FB0CC3B}.Release|Win32.ActiveCfg = Release|Win32
		{567ACC48-FECA-1BAD-5F24-E3CC2FB0CC3B}.Release|Win32.Build.0 = Release|Win32
		{567ACC48-FECA-1BAD-5F24-E3CC2FB0CC3B}.Release|x64.ActiveCfg = Release|x64
		{567ACC48-FECA-1BAD-5F24-E3CC2FB0CC3B}.Release|x64.Build.0 = Release|x64
		{BF68D34E-FECA-1BAD-ADA3-AAE1417B9C75}.Debug|Win32.ActiveCfg = Debug|Win32
		{BF68D34E-FECA-1BAD-ADA3-AAE1417B9C75}.Debug|Win32.Build.0 = Debug|Win32
		{BF68D34E-FECA-1BAD-ADA3-AAE1417B9C75}.Debug|x64.ActiveCfg = Debug|x64
		{BF68D34E-FECA-1BAD-ADA3-AAE1417B9C75}.Debug|x64.Build.0 = Debug|x64
		{BF68D34E-FECA-1BAD-ADA3-AAE1417B9C75}.Release|Win32.ActiveCfg = Release|Win32
		{BF68D34E-FECA-1BAD-ADA3-AAE1417B9C75}.Release|Win32.Build.0 = Release|Win32
		{BF68D34E-FECA-1BAD-ADA3-AAE1417B9C75}.Release|x64.ActiveCfg = Release|x64
		{BF68D34E-FECA-1BAD-ADA3-AAE1417B9C75}.Release|x64.Build.0 = Release|x64
		{BD06A9B6-FECA-1BAD-AFCD-D01945E9B289}.Debug|Win32.ActiveCfg = Debug|Win32
		{BD06A9B6-FECA-1BAD-AFCD-D01945E9B289}.Debug|Win32.Build.0 = Debug|Win32
		{BD06A9B6-FECA-1BAD-AFCD-D01945E9B289}.Debug|x64.ActiveCfg = Debug|x64
		{BD06A9B6-FECA-1BAD-AFCD-D01945E9B289}.Debug|x64.Build.0 = Debug|x64
		{BD06A9B6-FECA-1BAD-AFCD-D01945E9B289}.Release|Win32.ActiveCfg = Release|Win32
		{BD06A9B6-FECA-1BAD-AFCD-D01945E9B289}.Release|Win32.Build.0 = Release|Win32
		{BD06A9B6-FECA-1BAD-AFCD-D01945E9B289}.Release|x64.ActiveCfg = Release|x64
		{BD06A9B6-FECA-1BAD-AFCD-D01945E9B289}.Release|x64.Build.0 = Release|x64
		{0678A754-FECA-1BAD-14B3-DEFB80F9ED80}.Debug|Win32.ActiveCfg = Debug|Win32
		{0678A754-FECA-1BAD-14B3-DEFB80F9ED80}.Debug|Win32.Build.0 = Debug|Win32
		{0678A754-FECA-1BAD-14B3-DEFB80F9ED80}.Debug|x64.ActiveCfg = Debug|x64
		{0678A754-FECA-1BAD-14B3-DEFB80F9ED80}.Debug|x64.Build.0 = Debug|x64
		{0678A754-FECA-1BAD-14B3-DEFB80F9ED80}.Release|Win32.ActiveCfg = Release|Win32
		{0678A754-FECA-1BAD-14B3-DEFB80F9ED80}.Release|Win32.Build.0 = Release|Win32
		{0678A754-FECA-1BAD-14B3-DEFB80F9ED80}.Release|x64.ActiveCfg = Release|x64
		{0678A754-FECA-1BAD-14B3-DEFB80F9ED80}.Release|x64.Build.0 = Release|x64
		{F04F9E1B-FECA-1BAD-DE08-E258910A0A6B}.Debug|Win32.ActiveCfg = Debug|Win32
		{F04F9E1B-FECA-1BAD-DE08-E258910A0A6B}.Debug|Win32.Build.0 = Debug|Win32
		{F04F9E1B-FECA-1BAD-DE08-E258910A0A6B}.Debug|x64.ActiveCfg = Debug|x64
		{F04F9E1B-FECA-1BAD-DE08-E258910A0A6B}.Debug|x64.Build.0 = Debug|x64
		{F04F9E1B-FECA-1BAD-DE08-E258910A0A6B}.Release|Win32.ActiveCfg = Release|Win32
		{F04F9E1B-FECA-1BAD-DE08-E258910A0A6B}.Release|Win32.Build.0 = Release|Win32
		{F04F9E1B-FECA-1BAD-DE08-E258910A0A6B}.Release|x64.ActiveCfg = Release|x64
		{F04F9E1B-FECA-1BAD-DE08-E258910A0A6B}.Release|x64.Build.0 = Release|x64
		{897CB7F2-FECA-1BAD-A0D7-DED7F93184B4}.Debug|Win32.ActiveCfg = Debug|Win32
		{897CB7F2-FECA-1BAD-A0D7-DED7F93184B4}.Debug|Win32.Build.0 = Debug|Win32
		{897CB7F2-FECA-1BAD-A0D7-DED7F93184B4}.Debug|x64.ActiveCfg = Debug|x64
		{897CB7F2-FECA-1BAD-A0D7-DED7F93184B4}.Debug|x64.Build.0 = Debug|x64
		{897CB7F2-FECA-1BAD-A0D7-DED7F93184B4}.Release|Win32.ActiveCfg = Release|Win32
		{897CB7F2-FECA-1BAD-A0D7-DED7F93184B4}.Release|Win32.Build.0 = Release|Win32
		{897CB7F2-FECA-1BAD-A0D7-DED7F93184B4}.Release|x64.ActiveCfg = Release|x64
		{897CB7F2-FECA-1BAD-A0D7-DED7F93184B4}.Release|x64.Build.0 = Release|x64
		{8B665BE7-FECA-1BAD-A0D7-DED7F93184B4}.Debug|Win32.ActiveCfg = Debug|Win32
		{8B665BE7-FECA-1BAD-A0D7-DED7F93184B4}.Debug|Win32.Build.0 = Debug|Win32
		{8B665BE7-FECA-1BAD-A0D7-DED7F93184B4}.Debug|x64.ActiveCfg = Debug|x64
		{8B665BE7-FECA-1BAD-A0D7-DED7F93184B4}.Debug|x64.Build.0 = Debug|x64
		{8B665BE7-FECA-1BAD-A0D7-DED7F93184B4}.Release|Win32.ActiveCfg = Release|Win32
		{8B665BE7-FECA-1BAD-A0D7-DED7F93184B4}.Release|Win32.Build.0 = Release|Win32
		{8B665BE7-FECA-1BAD-A0D7-DED7F93184B4}.Release|x64.ActiveCfg = Release|x64
		{8B665BE7-FECA-1BAD-A0D7-DED7F93184B4}.Release|x64.Build.0 = Release|x64
		{B21CA778-FECA-1BAD-A0D7-DED7F93184B4}.Debug|Win32.ActiveCfg = Debug|Win32
		{B21CA778-FECA-1BAD-A0D7-DED7F93184B4}.Debug|Win32.Build.0 = Debug|Win32
		{B21CA778-FECA-1BAD-A0D7-DED7F93184B4}.Debug|x64.ActiveCfg = Debug|x64
		{B21CA778-FECA-1BAD-A0D7-DED7F93184B4}.Debug|x64.Build.0 = Debug|x64
		{B21CA778-FECA-1BAD-A0D7-DED7F93184B4}.Release|Win32.ActiveCfg = Release|Win32
		{B21CA778-FECA-1BAD-A0D7-DED7F93184B4}.Release|Win32.Build.0 = Release|Win32
		{B21CA778-FECA-1BAD-A0D7-DED7F93184B4}.Release|x64.ActiveCfg = Release|x64
		{B21CA778-FECA-1BAD-A0D7-DED7F93184B4}.Release|x64.Build.0 = Release|x64
		{4B72C706-FECA-1BAD-27BB-35C9469BF3D8}.Debug|Win32.ActiveCfg = Debug|Win32
		{4B72C706-FECA-1BAD-27BB-35C9469BF3D8}.Debug|Win32.Build.0 = Debug|Win32
		{4B72C706-FECA-1BAD-27BB-35C9469BF3D8}.Debug|x64.ActiveCfg = Debug|x64
		{4B72C706-FECA-1BAD-27BB-35C9469BF3D8}.Debug|x64.Build.0 = Debug|x64
		{4B72C706-FECA-1BAD-27BB-35C9469BF3D8}.Release|Win32.ActiveCfg = Release|Win32
		{4B72C706-FECA-1BAD-27BB-35C9469BF3D8}.Release|Win32.Build.0 = Release|Win32
		{4B72C706-FECA-1BAD-27BB-35C9469BF3D8}.Release|x64.ActiveCfg = Release|x64
		{4B72C706-FECA-1BAD-27BB-35C9469BF3D8}.Release|x64.Build.0 = Release|x64
	EndGlobalSection
	GlobalSection(SolutionProperties) = preSolution
		HideSolutionNode = FALSE
	EndGlobalSection
EndGlobal
