
Microsoft Visual Studio Solution File, Format Version 10.00
# Visual Studio 2008
# $Id: VC9WorkspaceCreator.pm 2035 2011-10-06 15:05:21Z johnnyw $
#
# This file was generated by MPC.  Any changes made directly to
# this file will be lost the next time it is generated.
#
# MPC Command:
# /tmp/DOC_ROOT/stage-2947/ACE_wrappers/bin/mwc.pl -type vc9 -exclude TAO/CIAO/CIAO_TAO_DAnCE_OpenDDS.mwc,TAO/CIAO/CIAO_TAO_OpenDDS.mwc -recurse -hierarchy -relative ACE_ROOT=/tmp/DOC_ROOT/stage-2947/ACE_wrappers -relative TAO_ROOT=/tmp/DOC_ROOT/stage-2947/ACE_wrappers/TAO -relative CIAO_ROOT=/tmp/DOC_ROOT/stage-2947/ACE_wrappers/TAO/CIAO -relative DANCE_ROOT=/tmp/DOC_ROOT/stage-2947/ACE_wrappers/TAO/DAnCE -workers 10 -name_modifier "*_vc9"
Project("{8BC9CEB8-8B4A-11D0-8D11-00A0C91BC942}") = "McastFragmentation_Client", "McastFragmentation\McastFragmentation_Client_vc9.vcproj", "{31515972-FECA-1BAD-6C32-D744FAC52211}"
	ProjectSection(ProjectDependencies) = postProject
		{E7069A59-FECA-1BAD-6C32-D744FAC52211} = {E7069A59-FECA-1BAD-6C32-D744FAC52211}
	EndProjectSection
EndProject
Project("{8BC9CEB8-8B4A-11D0-8D11-00A0C91BC942}") = "McastFragmentation_IDL", "McastFragmentation\McastFragmentation_IDL_vc9.vcproj", "{E7069A59-FECA-1BAD-6C32-D744FAC52211}"
EndProject
Project("{8BC9CEB8-8B4A-11D0-8D11-00A0C91BC942}") = "McastFragmentation_Server", "McastFragmentation\McastFragmentation_Server_vc9.vcproj", "{BB6A3962-FECA-1BAD-6C32-D744FAC52211}"
	ProjectSection(ProjectDependencies) = postProject
		{E7069A59-FECA-1BAD-6C32-D744FAC52211} = {E7069A59-FECA-1BAD-6C32-D744FAC52211}
	EndProjectSection
EndProject
Project("{8BC9CEB8-8B4A-11D0-8D11-00A0C91BC942}") = "McastHello_Client", "McastHello\McastHello_Client_vc9.vcproj", "{1803734B-FECA-1BAD-3E18-EE6DC3EC703B}"
	ProjectSection(ProjectDependencies) = postProject
		{44B60F7B-FECA-1BAD-3E18-EE6DC3EC703B} = {44B60F7B-FECA-1BAD-3E18-EE6DC3EC703B}
	EndProjectSection
EndProject
Project("{8BC9CEB8-8B4A-11D0-8D11-00A0C91BC942}") = "McastHello_Idl", "McastHello\McastHello_Idl_vc9.vcproj", "{44B60F7B-FECA-1BAD-3E18-EE6DC3EC703B}"
EndProject
Project("{8BC9CEB8-8B4A-11D0-8D11-00A0C91BC942}") = "McastHello_Server", "McastHello\McastHello_Server_vc9.vcproj", "{9238135B-FECA-1BAD-3E18-EE6DC3EC703B}"
	ProjectSection(ProjectDependencies) = postProject
		{44B60F7B-FECA-1BAD-3E18-EE6DC3EC703B} = {44B60F7B-FECA-1BAD-3E18-EE6DC3EC703B}
	EndProjectSection
EndProject
Project("{8BC9CEB8-8B4A-11D0-8D11-00A0C91BC942}") = "McastPreferredInterfaces_Client", "McastPreferredInterfaces\McastPreferredInterfaces_Client_vc9.vcproj", "{666FF4BA-FECA-1BAD-529F-1F13B4D7B0D3}"
	ProjectSection(ProjectDependencies) = postProject
		{3B83E9B3-FECA-1BAD-529F-1F13B4D7B0D3} = {3B83E9B3-FECA-1BAD-529F-1F13B4D7B0D3}
	EndProjectSection
EndProject
Project("{8BC9CEB8-8B4A-11D0-8D11-00A0C91BC942}") = "McastPreferredInterfaces_IDL", "McastPreferredInterfaces\McastPreferredInterfaces_IDL_vc9.vcproj", "{3B83E9B3-FECA-1BAD-529F-1F13B4D7B0D3}"
EndProject
Project("{8BC9CEB8-8B4A-11D0-8D11-00A0C91BC942}") = "McastPreferredInterfaces_Server", "McastPreferredInterfaces\McastPreferredInterfaces_Server_vc9.vcproj", "{EC5494AA-FECA-1BAD-529F-1F13B4D7B0D3}"
	ProjectSection(ProjectDependencies) = postProject
		{3B83E9B3-FECA-1BAD-529F-1F13B4D7B0D3} = {3B83E9B3-FECA-1BAD-529F-1F13B4D7B0D3}
	EndProjectSection
EndProject
Project("{8BC9CEB8-8B4A-11D0-8D11-00A0C91BC942}") = "McastZIOP_Idl", "McastZIOP\McastZIOP_Idl_vc9.vcproj", "{5792F244-FECA-1BAD-EDE9-DC224C3FC909}"
EndProject
Global
	GlobalSection(SolutionConfigurationPlatforms) = preSolution
		Debug|Win32 = Debug|Win32
		Debug|x64 = Debug|x64
		Release|Win32 = Release|Win32
		Release|x64 = Release|x64
	EndGlobalSection
	GlobalSection(ProjectConfigurationPlatforms) = postSolution
		{31515972-FECA-1BAD-6C32-D744FAC52211}.Debug|Win32.ActiveCfg = Debug|Win32
		{31515972-FECA-1BAD-6C32-D744FAC52211}.Debug|Win32.Build.0 = Debug|Win32
		{31515972-FECA-1BAD-6C32-D744FAC52211}.Debug|x64.ActiveCfg = Debug|x64
		{31515972-FECA-1BAD-6C32-D744FAC52211}.Debug|x64.Build.0 = Debug|x64
		{31515972-FECA-1BAD-6C32-D744FAC52211}.Release|Win32.ActiveCfg = Release|Win32
		{31515972-FECA-1BAD-6C32-D744FAC52211}.Release|Win32.Build.0 = Release|Win32
		{31515972-FECA-1BAD-6C32-D744FAC52211}.Release|x64.ActiveCfg = Release|x64
		{31515972-FECA-1BAD-6C32-D744FAC52211}.Release|x64.Build.0 = Release|x64
		{E7069A59-FECA-1BAD-6C32-D744FAC52211}.Debug|Win32.ActiveCfg = Debug|Win32
		{E7069A59-FECA-1BAD-6C32-D744FAC52211}.Debug|Win32.Build.0 = Debug|Win32
		{E7069A59-FECA-1BAD-6C32-D744FAC52211}.Debug|x64.ActiveCfg = Debug|x64
		{E7069A59-FECA-1BAD-6C32-D744FAC52211}.Debug|x64.Build.0 = Debug|x64
		{E7069A59-FECA-1BAD-6C32-D744FAC52211}.Release|Win32.ActiveCfg = Release|Win32
		{E7069A59-FECA-1BAD-6C32-D744FAC52211}.Release|Win32.Build.0 = Release|Win32
		{E7069A59-FECA-1BAD-6C32-D744FAC52211}.Release|x64.ActiveCfg = Release|x64
		{E7069A59-FECA-1BAD-6C32-D744FAC52211}.Release|x64.Build.0 = Release|x64
		{BB6A3962-FECA-1BAD-6C32-D744FAC52211}.Debug|Win32.ActiveCfg = Debug|Win32
		{BB6A3962-FECA-1BAD-6C32-D744FAC52211}.Debug|Win32.Build.0 = Debug|Win32
		{BB6A3962-FECA-1BAD-6C32-D744FAC52211}.Debug|x64.ActiveCfg = Debug|x64
		{BB6A3962-FECA-1BAD-6C32-D744FAC52211}.Debug|x64.Build.0 = Debug|x64
		{BB6A3962-FECA-1BAD-6C32-D744FAC52211}.Release|Win32.ActiveCfg = Release|Win32
		{BB6A3962-FECA-1BAD-6C32-D744FAC52211}.Release|Win32.Build.0 = Release|Win32
		{BB6A3962-FECA-1BAD-6C32-D744FAC52211}.Release|x64.ActiveCfg = Release|x64
		{BB6A3962-FECA-1BAD-6C32-D744FAC52211}.Release|x64.Build.0 = Release|x64
		{1803734B-FECA-1BAD-3E18-EE6DC3EC703B}.Debug|Win32.ActiveCfg = Debug|Win32
		{1803734B-FECA-1BAD-3E18-EE6DC3EC703B}.Debug|Win32.Build.0 = Debug|Win32
		{1803734B-FECA-1BAD-3E18-EE6DC3EC703B}.Debug|x64.ActiveCfg = Debug|x64
		{1803734B-FECA-1BAD-3E18-EE6DC3EC703B}.Debug|x64.Build.0 = Debug|x64
		{1803734B-FECA-1BAD-3E18-EE6DC3EC703B}.Release|Win32.ActiveCfg = Release|Win32
		{1803734B-FECA-1BAD-3E18-EE6DC3EC703B}.Release|Win32.Build.0 = Release|Win32
		{1803734B-FECA-1BAD-3E18-EE6DC3EC703B}.Release|x64.ActiveCfg = Release|x64
		{1803734B-FECA-1BAD-3E18-EE6DC3EC703B}.Release|x64.Build.0 = Release|x64
		{44B60F7B-FECA-1BAD-3E18-EE6DC3EC703B}.Debug|Win32.ActiveCfg = Debug|Win32
		{44B60F7B-FECA-1BAD-3E18-EE6DC3EC703B}.Debug|Win32.Build.0 = Debug|Win32
		{44B60F7B-FECA-1BAD-3E18-EE6DC3EC703B}.Debug|x64.ActiveCfg = Debug|x64
		{44B60F7B-FECA-1BAD-3E18-EE6DC3EC703B}.Debug|x64.Build.0 = Debug|x64
		{44B60F7B-FECA-1BAD-3E18-EE6DC3EC703B}.Release|Win32.ActiveCfg = Release|Win32
		{44B60F7B-FECA-1BAD-3E18-EE6DC3EC703B}.Release|Win32.Build.0 = Release|Win32
		{44B60F7B-FECA-1BAD-3E18-EE6DC3EC703B}.Release|x64.ActiveCfg = Release|x64
		{44B60F7B-FECA-1BAD-3E18-EE6DC3EC703B}.Release|x64.Build.0 = Release|x64
		{9238135B-FECA-1BAD-3E18-EE6DC3EC703B}.Debug|Win32.ActiveCfg = Debug|Win32
		{9238135B-FECA-1BAD-3E18-EE6DC3EC703B}.Debug|Win32.Build.0 = Debug|Win32
		{9238135B-FECA-1BAD-3E18-EE6DC3EC703B}.Debug|x64.ActiveCfg = Debug|x64
		{9238135B-FECA-1BAD-3E18-EE6DC3EC703B}.Debug|x64.Build.0 = Debug|x64
		{9238135B-FECA-1BAD-3E18-EE6DC3EC703B}.Release|Win32.ActiveCfg = Release|Win32
		{9238135B-FECA-1BAD-3E18-EE6DC3EC703B}.Release|Win32.Build.0 = Release|Win32
		{9238135B-FECA-1BAD-3E18-EE6DC3EC703B}.Release|x64.ActiveCfg = Release|x64
		{9238135B-FECA-1BAD-3E18-EE6DC3EC703B}.Release|x64.Build.0 = Release|x64
		{666FF4BA-FECA-1BAD-529F-1F13B4D7B0D3}.Debug|Win32.ActiveCfg = Debug|Win32
		{666FF4BA-FECA-1BAD-529F-1F13B4D7B0D3}.Debug|Win32.Build.0 = Debug|Win32
		{666FF4BA-FECA-1BAD-529F-1F13B4D7B0D3}.Debug|x64.ActiveCfg = Debug|x64
		{666FF4BA-FECA-1BAD-529F-1F13B4D7B0D3}.Debug|x64.Build.0 = Debug|x64
		{666FF4BA-FECA-1BAD-529F-1F13B4D7B0D3}.Release|Win32.ActiveCfg = Release|Win32
		{666FF4BA-FECA-1BAD-529F-1F13B4D7B0D3}.Release|Win32.Build.0 = Release|Win32
		{666FF4BA-FECA-1BAD-529F-1F13B4D7B0D3}.Release|x64.ActiveCfg = Release|x64
		{666FF4BA-FECA-1BAD-529F-1F13B4D7B0D3}.Release|x64.Build.0 = Release|x64
		{3B83E9B3-FECA-1BAD-529F-1F13B4D7B0D3}.Debug|Win32.ActiveCfg = Debug|Win32
		{3B83E9B3-FECA-1BAD-529F-1F13B4D7B0D3}.Debug|Win32.Build.0 = Debug|Win32
		{3B83E9B3-FECA-1BAD-529F-1F13B4D7B0D3}.Debug|x64.ActiveCfg = Debug|x64
		{3B83E9B3-FECA-1BAD-529F-1F13B4D7B0D3}.Debug|x64.Build.0 = Debug|x64
		{3B83E9B3-FECA-1BAD-529F-1F13B4D7B0D3}.Release|Win32.ActiveCfg = Release|Win32
		{3B83E9B3-FECA-1BAD-529F-1F13B4D7B0D3}.Release|Win32.Build.0 = Release|Win32
		{3B83E9B3-FECA-1BAD-529F-1F13B4D7B0D3}.Release|x64.ActiveCfg = Release|x64
		{3B83E9B3-FECA-1BAD-529F-1F13B4D7B0D3}.Release|x64.Build.0 = Release|x64
		{EC5494AA-FECA-1BAD-529F-1F13B4D7B0D3}.Debug|Win32.ActiveCfg = Debug|Win32
		{EC5494AA-FECA-1BAD-529F-1F13B4D7B0D3}.Debug|Win32.Build.0 = Debug|Win32
		{EC5494AA-FECA-1BAD-529F-1F13B4D7B0D3}.Debug|x64.ActiveCfg = Debug|x64
		{EC5494AA-FECA-1BAD-529F-1F13B4D7B0D3}.Debug|x64.Build.0 = Debug|x64
		{EC5494AA-FECA-1BAD-529F-1F13B4D7B0D3}.Release|Win32.ActiveCfg = Release|Win32
		{EC5494AA-FECA-1BAD-529F-1F13B4D7B0D3}.Release|Win32.Build.0 = Release|Win32
		{EC5494AA-FECA-1BAD-529F-1F13B4D7B0D3}.Release|x64.ActiveCfg = Release|x64
		{EC5494AA-FECA-1BAD-529F-1F13B4D7B0D3}.Release|x64.Build.0 = Release|x64
		{5792F244-FECA-1BAD-EDE9-DC224C3FC909}.Debug|Win32.ActiveCfg = Debug|Win32
		{5792F244-FECA-1BAD-EDE9-DC224C3FC909}.Debug|Win32.Build.0 = Debug|Win32
		{5792F244-FECA-1BAD-EDE9-DC224C3FC909}.Debug|x64.ActiveCfg = Debug|x64
		{5792F244-FECA-1BAD-EDE9-DC224C3FC909}.Debug|x64.Build.0 = Debug|x64
		{5792F244-FECA-1BAD-EDE9-DC224C3FC909}.Release|Win32.ActiveCfg = Release|Win32
		{5792F244-FECA-1BAD-EDE9-DC224C3FC909}.Release|Win32.Build.0 = Release|Win32
		{5792F244-FECA-1BAD-EDE9-DC224C3FC909}.Release|x64.ActiveCfg = Release|x64
		{5792F244-FECA-1BAD-EDE9-DC224C3FC909}.Release|x64.Build.0 = Release|x64
	EndGlobalSection
	GlobalSection(SolutionProperties) = preSolution
		HideSolutionNode = FALSE
	EndGlobalSection
EndGlobal
