
Microsoft Visual Studio Solution File, Format Version 11.00
# Visual Studio 2010
# $Id: VC10WorkspaceCreator.pm 2035 2011-10-06 15:05:21Z johnnyw $
#
# This file was generated by MPC.  Any changes made directly to
# this file will be lost the next time it is generated.
#
# MPC Command:
# /home/build/tmp/stage-1107/ACE_wrappers/bin/mwc.pl -type vc10 -exclude TAO/CIAO/CIAO_TAO_DAnCE_OpenDDS.mwc,TAO/CIAO/CIAO_TAO_OpenDDS.mwc -recurse -hierarchy -relative ACE_ROOT=/home/build/tmp/stage-1107/ACE_wrappers -relative TAO_ROOT=/home/build/tmp/stage-1107/ACE_wrappers/TAO -relative CIAO_ROOT=/home/build/tmp/stage-1107/ACE_wrappers/TAO/CIAO -relative DANCE_ROOT=/home/build/tmp/stage-1107/ACE_wrappers/TAO/DAnCE -workers 12 -name_modifier "*_vc10"
Project("{8BC9CEB8-8B4A-11D0-8D11-00A0C91BC942}") = "RTCORBA_Server_Protocol_Client", "RTCORBA_Server_Protocol_Client_vc10.vcxproj", "{182B65E6-FECA-1BAD-3180-0CC32B2215E4}"
	ProjectSection(ProjectDependencies) = postProject
		{882F4E9A-FECA-1BAD-3180-0CC32B2215E4} = {882F4E9A-FECA-1BAD-3180-0CC32B2215E4}
	EndProjectSection
EndProject
Project("{8BC9CEB8-8B4A-11D0-8D11-00A0C91BC942}") = "RTCORBA_Server_Protocol_Idl", "RTCORBA_Server_Protocol_Idl_vc10.vcxproj", "{882F4E9A-FECA-1BAD-3180-0CC32B2215E4}"
EndProject
Project("{8BC9CEB8-8B4A-11D0-8D11-00A0C91BC942}") = "RTCORBA_Server_Protocol_Server", "RTCORBA_Server_Protocol_Server_vc10.vcxproj", "{234B756C-FECA-1BAD-3180-0CC32B2215E4}"
	ProjectSection(ProjectDependencies) = postProject
		{882F4E9A-FECA-1BAD-3180-0CC32B2215E4} = {882F4E9A-FECA-1BAD-3180-0CC32B2215E4}
	EndProjectSection
EndProject
Global
	GlobalSection(SolutionConfigurationPlatforms) = preSolution
		Debug|Win32 = Debug|Win32
		Debug|x64 = Debug|x64
		Release|Win32 = Release|Win32
		Release|x64 = Release|x64
	EndGlobalSection
	GlobalSection(ProjectConfigurationPlatforms) = postSolution
		{182B65E6-FECA-1BAD-3180-0CC32B2215E4}.Debug|Win32.ActiveCfg = Debug|Win32
		{182B65E6-FECA-1BAD-3180-0CC32B2215E4}.Debug|Win32.Build.0 = Debug|Win32
		{182B65E6-FECA-1BAD-3180-0CC32B2215E4}.Debug|x64.ActiveCfg = Debug|x64
		{182B65E6-FECA-1BAD-3180-0CC32B2215E4}.Debug|x64.Build.0 = Debug|x64
		{182B65E6-FECA-1BAD-3180-0CC32B2215E4}.Release|Win32.ActiveCfg = Release|Win32
		{182B65E6-FECA-1BAD-3180-0CC32B2215E4}.Release|Win32.Build.0 = Release|Win32
		{182B65E6-FECA-1BAD-3180-0CC32B2215E4}.Release|x64.ActiveCfg = Release|x64
		{182B65E6-FECA-1BAD-3180-0CC32B2215E4}.Release|x64.Build.0 = Release|x64
		{882F4E9A-FECA-1BAD-3180-0CC32B2215E4}.Debug|Win32.ActiveCfg = Debug|Win32
		{882F4E9A-FECA-1BAD-3180-0CC32B2215E4}.Debug|Win32.Build.0 = Debug|Win32
		{882F4E9A-FECA-1BAD-3180-0CC32B2215E4}.Debug|x64.ActiveCfg = Debug|x64
		{882F4E9A-FECA-1BAD-3180-0CC32B2215E4}.Debug|x64.Build.0 = Debug|x64
		{882F4E9A-FECA-1BAD-3180-0CC32B2215E4}.Release|Win32.ActiveCfg = Release|Win32
		{882F4E9A-FECA-1BAD-3180-0CC32B2215E4}.Release|Win32.Build.0 = Release|Win32
		{882F4E9A-FECA-1BAD-3180-0CC32B2215E4}.Release|x64.ActiveCfg = Release|x64
		{882F4E9A-FECA-1BAD-3180-0CC32B2215E4}.Release|x64.Build.0 = Release|x64
		{234B756C-FECA-1BAD-3180-0CC32B2215E4}.Debug|Win32.ActiveCfg = Debug|Win32
		{234B756C-FECA-1BAD-3180-0CC32B2215E4}.Debug|Win32.Build.0 = Debug|Win32
		{234B756C-FECA-1BAD-3180-0CC32B2215E4}.Debug|x64.ActiveCfg = Debug|x64
		{234B756C-FECA-1BAD-3180-0CC32B2215E4}.Debug|x64.Build.0 = Debug|x64
		{234B756C-FECA-1BAD-3180-0CC32B2215E4}.Release|Win32.ActiveCfg = Release|Win32
		{234B756C-FECA-1BAD-3180-0CC32B2215E4}.Release|Win32.Build.0 = Release|Win32
		{234B756C-FECA-1BAD-3180-0CC32B2215E4}.Release|x64.ActiveCfg = Release|x64
		{234B756C-FECA-1BAD-3180-0CC32B2215E4}.Release|x64.Build.0 = Release|x64
	EndGlobalSection
	GlobalSection(SolutionProperties) = preSolution
		HideSolutionNode = FALSE
	EndGlobalSection
EndGlobal
