
Microsoft Visual Studio Solution File, Format Version 11.00
# Visual Studio 2010
# $Id: VC10WorkspaceCreator.pm 2035 2011-10-06 15:05:21Z johnnyw $
#
# This file was generated by MPC.  Any changes made directly to
# this file will be lost the next time it is generated.
#
# MPC Command:
# /tmp/DOC_ROOT/stage-26662/ACE_wrappers/bin/mwc.pl -type vc10 -recurse -hierarchy -relative ACE_ROOT=/tmp/DOC_ROOT/stage-26662/ACE_wrappers -relative TAO_ROOT=/tmp/DOC_ROOT/stage-26662/ACE_wrappers/TAO -relative CIAO_ROOT=/tmp/DOC_ROOT/stage-26662/ACE_wrappers/TAO/CIAO -relative DANCE_ROOT=/tmp/DOC_ROOT/stage-26662/ACE_wrappers/TAO/DAnCE -workers 8 -name_modifier "*_vc10"
Project("{8BC9CEB8-8B4A-11D0-8D11-00A0C91BC942}") = "DDS_Hello_Base_stub", "Hello\Base\DDS_Hello_Base_stub_vc10.vcxproj", "{89E1E5C3-FECA-1BAD-42B4-20C888736280}"
EndProject
Project("{8BC9CEB8-8B4A-11D0-8D11-00A0C91BC942}") = "Large_Deployment_stub", "Large_Deployment\Common\Large_Deployment_stub_vc10.vcxproj", "{ED74E1A1-FECA-1BAD-BB9C-8E3A04F77A97}"
EndProject
Project("{8BC9CEB8-8B4A-11D0-8D11-00A0C91BC942}") = "Single_Service_Common_idl_gen", "Large_Deployment\Common\Single_Service_Common_idl_gen_vc10.vcxproj", "{3445B191-FECA-1BAD-1373-8B3D04F77A97}"
EndProject
Project("{8BC9CEB8-8B4A-11D0-8D11-00A0C91BC942}") = "Single_Service_Common_idl_lem_gen", "Large_Deployment\Common\Single_Service_Common_idl_lem_gen_vc10.vcxproj", "{E474C229-FECA-1BAD-1373-8B3D04F77A97}"
	ProjectSection(ProjectDependencies) = postProject
		{3445B191-FECA-1BAD-1373-8B3D04F77A97} = {3445B191-FECA-1BAD-1373-8B3D04F77A97}
	EndProjectSection
EndProject
Project("{8BC9CEB8-8B4A-11D0-8D11-00A0C91BC942}") = "Single_Service_Common_lem_stub", "Large_Deployment\Common\Single_Service_Common_lem_stub_vc10.vcxproj", "{5757307E-FECA-1BAD-1373-8B3D04F77A97}"
	ProjectSection(ProjectDependencies) = postProject
		{E474C229-FECA-1BAD-1373-8B3D04F77A97} = {E474C229-FECA-1BAD-1373-8B3D04F77A97}
		{7DDF226C-FECA-1BAD-1373-8B3D04F77A97} = {7DDF226C-FECA-1BAD-1373-8B3D04F77A97}
	EndProjectSection
EndProject
Project("{8BC9CEB8-8B4A-11D0-8D11-00A0C91BC942}") = "Single_Service_Common_skel", "Large_Deployment\Common\Single_Service_Common_skel_vc10.vcxproj", "{9D3F226D-FECA-1BAD-1373-8B3D04F77A97}"
	ProjectSection(ProjectDependencies) = postProject
		{7DDF226C-FECA-1BAD-1373-8B3D04F77A97} = {7DDF226C-FECA-1BAD-1373-8B3D04F77A97}
	EndProjectSection
EndProject
Project("{8BC9CEB8-8B4A-11D0-8D11-00A0C91BC942}") = "Single_Service_Common_stub", "Large_Deployment\Common\Single_Service_Common_stub_vc10.vcxproj", "{7DDF226C-FECA-1BAD-1373-8B3D04F77A97}"
	ProjectSection(ProjectDependencies) = postProject
		{3445B191-FECA-1BAD-1373-8B3D04F77A97} = {3445B191-FECA-1BAD-1373-8B3D04F77A97}
	EndProjectSection
EndProject
Project("{8BC9CEB8-8B4A-11D0-8D11-00A0C91BC942}") = "Single_Service_exec", "Large_Deployment\Single_Service\Single_Service_exec_vc10.vcxproj", "{8952A6DB-FECA-1BAD-8EF7-2A19A0D44FFC}"
	ProjectSection(ProjectDependencies) = postProject
		{D3F614E3-FECA-1BAD-8EF7-2A19A0D44FFC} = {D3F614E3-FECA-1BAD-8EF7-2A19A0D44FFC}
		{5942A6CD-FECA-1BAD-8EF7-2A19A0D44FFC} = {5942A6CD-FECA-1BAD-8EF7-2A19A0D44FFC}
		{7DDF226C-FECA-1BAD-1373-8B3D04F77A97} = {7DDF226C-FECA-1BAD-1373-8B3D04F77A97}
		{5757307E-FECA-1BAD-1373-8B3D04F77A97} = {5757307E-FECA-1BAD-1373-8B3D04F77A97}
	EndProjectSection
EndProject
Project("{8BC9CEB8-8B4A-11D0-8D11-00A0C91BC942}") = "Single_Service_idl_gen", "Large_Deployment\Single_Service\Single_Service_idl_gen_vc10.vcxproj", "{EC0FA3D8-FECA-1BAD-8EF7-2A19A0D44FFC}"
EndProject
Project("{8BC9CEB8-8B4A-11D0-8D11-00A0C91BC942}") = "Single_Service_lem_gen", "Large_Deployment\Single_Service\Single_Service_lem_gen_vc10.vcxproj", "{EC0FF2C8-FECA-1BAD-8EF7-2A19A0D44FFC}"
	ProjectSection(ProjectDependencies) = postProject
		{EC0FA3D8-FECA-1BAD-8EF7-2A19A0D44FFC} = {EC0FA3D8-FECA-1BAD-8EF7-2A19A0D44FFC}
	EndProjectSection
EndProject
Project("{8BC9CEB8-8B4A-11D0-8D11-00A0C91BC942}") = "Single_Service_lem_stub", "Large_Deployment\Single_Service\Single_Service_lem_stub_vc10.vcxproj", "{D3F614E3-FECA-1BAD-8EF7-2A19A0D44FFC}"
	ProjectSection(ProjectDependencies) = postProject
		{EC0FF2C8-FECA-1BAD-8EF7-2A19A0D44FFC} = {EC0FF2C8-FECA-1BAD-8EF7-2A19A0D44FFC}
		{5942A6CD-FECA-1BAD-8EF7-2A19A0D44FFC} = {5942A6CD-FECA-1BAD-8EF7-2A19A0D44FFC}
		{7DDF226C-FECA-1BAD-1373-8B3D04F77A97} = {7DDF226C-FECA-1BAD-1373-8B3D04F77A97}
	EndProjectSection
EndProject
Project("{8BC9CEB8-8B4A-11D0-8D11-00A0C91BC942}") = "Single_Service_stub", "Large_Deployment\Single_Service\Single_Service_stub_vc10.vcxproj", "{5942A6CD-FECA-1BAD-8EF7-2A19A0D44FFC}"
	ProjectSection(ProjectDependencies) = postProject
		{EC0FA3D8-FECA-1BAD-8EF7-2A19A0D44FFC} = {EC0FA3D8-FECA-1BAD-8EF7-2A19A0D44FFC}
		{7DDF226C-FECA-1BAD-1373-8B3D04F77A97} = {7DDF226C-FECA-1BAD-1373-8B3D04F77A97}
	EndProjectSection
EndProject
Project("{8BC9CEB8-8B4A-11D0-8D11-00A0C91BC942}") = "Single_Service_svnt", "Large_Deployment\Single_Service\Single_Service_svnt_vc10.vcxproj", "{6322A6CD-FECA-1BAD-8EF7-2A19A0D44FFC}"
	ProjectSection(ProjectDependencies) = postProject
		{D3F614E3-FECA-1BAD-8EF7-2A19A0D44FFC} = {D3F614E3-FECA-1BAD-8EF7-2A19A0D44FFC}
		{9D3F226D-FECA-1BAD-1373-8B3D04F77A97} = {9D3F226D-FECA-1BAD-1373-8B3D04F77A97}
		{7DDF226C-FECA-1BAD-1373-8B3D04F77A97} = {7DDF226C-FECA-1BAD-1373-8B3D04F77A97}
		{5757307E-FECA-1BAD-1373-8B3D04F77A97} = {5757307E-FECA-1BAD-1373-8B3D04F77A97}
	EndProjectSection
EndProject
Project("{8BC9CEB8-8B4A-11D0-8D11-00A0C91BC942}") = "DDS_Quoter_Base_stub", "Quoter\Base\DDS_Quoter_Base_stub_vc10.vcxproj", "{4E2C3E0F-FECA-1BAD-106F-A8180889130F}"
EndProject
Project("{8BC9CEB8-8B4A-11D0-8D11-00A0C91BC942}") = "DDS_Shapes_Base_stub", "Shapes\Base\DDS_Shapes_Base_stub_vc10.vcxproj", "{5E2FE04F-FECA-1BAD-13B1-E808489910D1}"
EndProject
Global
	GlobalSection(SolutionConfigurationPlatforms) = preSolution
		Debug|Win32 = Debug|Win32
		Debug|x64 = Debug|x64
		Release|Win32 = Release|Win32
		Release|x64 = Release|x64
	EndGlobalSection
	GlobalSection(ProjectConfigurationPlatforms) = postSolution
		{89E1E5C3-FECA-1BAD-42B4-20C888736280}.Debug|Win32.ActiveCfg = Debug|Win32
		{89E1E5C3-FECA-1BAD-42B4-20C888736280}.Debug|Win32.Build.0 = Debug|Win32
		{89E1E5C3-FECA-1BAD-42B4-20C888736280}.Debug|x64.ActiveCfg = Debug|x64
		{89E1E5C3-FECA-1BAD-42B4-20C888736280}.Debug|x64.Build.0 = Debug|x64
		{89E1E5C3-FECA-1BAD-42B4-20C888736280}.Release|Win32.ActiveCfg = Release|Win32
		{89E1E5C3-FECA-1BAD-42B4-20C888736280}.Release|Win32.Build.0 = Release|Win32
		{89E1E5C3-FECA-1BAD-42B4-20C888736280}.Release|x64.ActiveCfg = Release|x64
		{89E1E5C3-FECA-1BAD-42B4-20C888736280}.Release|x64.Build.0 = Release|x64
		{ED74E1A1-FECA-1BAD-BB9C-8E3A04F77A97}.Debug|Win32.ActiveCfg = Debug|Win32
		{ED74E1A1-FECA-1BAD-BB9C-8E3A04F77A97}.Debug|Win32.Build.0 = Debug|Win32
		{ED74E1A1-FECA-1BAD-BB9C-8E3A04F77A97}.Debug|x64.ActiveCfg = Debug|x64
		{ED74E1A1-FECA-1BAD-BB9C-8E3A04F77A97}.Debug|x64.Build.0 = Debug|x64
		{ED74E1A1-FECA-1BAD-BB9C-8E3A04F77A97}.Release|Win32.ActiveCfg = Release|Win32
		{ED74E1A1-FECA-1BAD-BB9C-8E3A04F77A97}.Release|Win32.Build.0 = Release|Win32
		{ED74E1A1-FECA-1BAD-BB9C-8E3A04F77A97}.Release|x64.ActiveCfg = Release|x64
		{ED74E1A1-FECA-1BAD-BB9C-8E3A04F77A97}.Release|x64.Build.0 = Release|x64
		{3445B191-FECA-1BAD-1373-8B3D04F77A97}.Debug|Win32.ActiveCfg = Debug|Win32
		{3445B191-FECA-1BAD-1373-8B3D04F77A97}.Debug|Win32.Build.0 = Debug|Win32
		{3445B191-FECA-1BAD-1373-8B3D04F77A97}.Debug|x64.ActiveCfg = Debug|x64
		{3445B191-FECA-1BAD-1373-8B3D04F77A97}.Debug|x64.Build.0 = Debug|x64
		{3445B191-FECA-1BAD-1373-8B3D04F77A97}.Release|Win32.ActiveCfg = Release|Win32
		{3445B191-FECA-1BAD-1373-8B3D04F77A97}.Release|Win32.Build.0 = Release|Win32
		{3445B191-FECA-1BAD-1373-8B3D04F77A97}.Release|x64.ActiveCfg = Release|x64
		{3445B191-FECA-1BAD-1373-8B3D04F77A97}.Release|x64.Build.0 = Release|x64
		{E474C229-FECA-1BAD-1373-8B3D04F77A97}.Debug|Win32.ActiveCfg = Debug|Win32
		{E474C229-FECA-1BAD-1373-8B3D04F77A97}.Debug|Win32.Build.0 = Debug|Win32
		{E474C229-FECA-1BAD-1373-8B3D04F77A97}.Debug|x64.ActiveCfg = Debug|x64
		{E474C229-FECA-1BAD-1373-8B3D04F77A97}.Debug|x64.Build.0 = Debug|x64
		{E474C229-FECA-1BAD-1373-8B3D04F77A97}.Release|Win32.ActiveCfg = Release|Win32
		{E474C229-FECA-1BAD-1373-8B3D04F77A97}.Release|Win32.Build.0 = Release|Win32
		{E474C229-FECA-1BAD-1373-8B3D04F77A97}.Release|x64.ActiveCfg = Release|x64
		{E474C229-FECA-1BAD-1373-8B3D04F77A97}.Release|x64.Build.0 = Release|x64
		{5757307E-FECA-1BAD-1373-8B3D04F77A97}.Debug|Win32.ActiveCfg = Debug|Win32
		{5757307E-FECA-1BAD-1373-8B3D04F77A97}.Debug|Win32.Build.0 = Debug|Win32
		{5757307E-FECA-1BAD-1373-8B3D04F77A97}.Debug|x64.ActiveCfg = Debug|x64
		{5757307E-FECA-1BAD-1373-8B3D04F77A97}.Debug|x64.Build.0 = Debug|x64
		{5757307E-FECA-1BAD-1373-8B3D04F77A97}.Release|Win32.ActiveCfg = Release|Win32
		{5757307E-FECA-1BAD-1373-8B3D04F77A97}.Release|Win32.Build.0 = Release|Win32
		{5757307E-FECA-1BAD-1373-8B3D04F77A97}.Release|x64.ActiveCfg = Release|x64
		{5757307E-FECA-1BAD-1373-8B3D04F77A97}.Release|x64.Build.0 = Release|x64
		{9D3F226D-FECA-1BAD-1373-8B3D04F77A97}.Debug|Win32.ActiveCfg = Debug|Win32
		{9D3F226D-FECA-1BAD-1373-8B3D04F77A97}.Debug|Win32.Build.0 = Debug|Win32
		{9D3F226D-FECA-1BAD-1373-8B3D04F77A97}.Debug|x64.ActiveCfg = Debug|x64
		{9D3F226D-FECA-1BAD-1373-8B3D04F77A97}.Debug|x64.Build.0 = Debug|x64
		{9D3F226D-FECA-1BAD-1373-8B3D04F77A97}.Release|Win32.ActiveCfg = Release|Win32
		{9D3F226D-FECA-1BAD-1373-8B3D04F77A97}.Release|Win32.Build.0 = Release|Win32
		{9D3F226D-FECA-1BAD-1373-8B3D04F77A97}.Release|x64.ActiveCfg = Release|x64
		{9D3F226D-FECA-1BAD-1373-8B3D04F77A97}.Release|x64.Build.0 = Release|x64
		{7DDF226C-FECA-1BAD-1373-8B3D04F77A97}.Debug|Win32.ActiveCfg = Debug|Win32
		{7DDF226C-FECA-1BAD-1373-8B3D04F77A97}.Debug|Win32.Build.0 = Debug|Win32
		{7DDF226C-FECA-1BAD-1373-8B3D04F77A97}.Debug|x64.ActiveCfg = Debug|x64
		{7DDF226C-FECA-1BAD-1373-8B3D04F77A97}.Debug|x64.Build.0 = Debug|x64
		{7DDF226C-FECA-1BAD-1373-8B3D04F77A97}.Release|Win32.ActiveCfg = Release|Win32
		{7DDF226C-FECA-1BAD-1373-8B3D04F77A97}.Release|Win32.Build.0 = Release|Win32
		{7DDF226C-FECA-1BAD-1373-8B3D04F77A97}.Release|x64.ActiveCfg = Release|x64
		{7DDF226C-FECA-1BAD-1373-8B3D04F77A97}.Release|x64.Build.0 = Release|x64
		{8952A6DB-FECA-1BAD-8EF7-2A19A0D44FFC}.Debug|Win32.ActiveCfg = Debug|Win32
		{8952A6DB-FECA-1BAD-8EF7-2A19A0D44FFC}.Debug|Win32.Build.0 = Debug|Win32
		{8952A6DB-FECA-1BAD-8EF7-2A19A0D44FFC}.Debug|x64.ActiveCfg = Debug|x64
		{8952A6DB-FECA-1BAD-8EF7-2A19A0D44FFC}.Debug|x64.Build.0 = Debug|x64
		{8952A6DB-FECA-1BAD-8EF7-2A19A0D44FFC}.Release|Win32.ActiveCfg = Release|Win32
		{8952A6DB-FECA-1BAD-8EF7-2A19A0D44FFC}.Release|Win32.Build.0 = Release|Win32
		{8952A6DB-FECA-1BAD-8EF7-2A19A0D44FFC}.Release|x64.ActiveCfg = Release|x64
		{8952A6DB-FECA-1BAD-8EF7-2A19A0D44FFC}.Release|x64.Build.0 = Release|x64
		{EC0FA3D8-FECA-1BAD-8EF7-2A19A0D44FFC}.Debug|Win32.ActiveCfg = Debug|Win32
		{EC0FA3D8-FECA-1BAD-8EF7-2A19A0D44FFC}.Debug|Win32.Build.0 = Debug|Win32
		{EC0FA3D8-FECA-1BAD-8EF7-2A19A0D44FFC}.Debug|x64.ActiveCfg = Debug|x64
		{EC0FA3D8-FECA-1BAD-8EF7-2A19A0D44FFC}.Debug|x64.Build.0 = Debug|x64
		{EC0FA3D8-FECA-1BAD-8EF7-2A19A0D44FFC}.Release|Win32.ActiveCfg = Release|Win32
		{EC0FA3D8-FECA-1BAD-8EF7-2A19A0D44FFC}.Release|Win32.Build.0 = Release|Win32
		{EC0FA3D8-FECA-1BAD-8EF7-2A19A0D44FFC}.Release|x64.ActiveCfg = Release|x64
		{EC0FA3D8-FECA-1BAD-8EF7-2A19A0D44FFC}.Release|x64.Build.0 = Release|x64
		{EC0FF2C8-FECA-1BAD-8EF7-2A19A0D44FFC}.Debug|Win32.ActiveCfg = Debug|Win32
		{EC0FF2C8-FECA-1BAD-8EF7-2A19A0D44FFC}.Debug|Win32.Build.0 = Debug|Win32
		{EC0FF2C8-FECA-1BAD-8EF7-2A19A0D44FFC}.Debug|x64.ActiveCfg = Debug|x64
		{EC0FF2C8-FECA-1BAD-8EF7-2A19A0D44FFC}.Debug|x64.Build.0 = Debug|x64
		{EC0FF2C8-FECA-1BAD-8EF7-2A19A0D44FFC}.Release|Win32.ActiveCfg = Release|Win32
		{EC0FF2C8-FECA-1BAD-8EF7-2A19A0D44FFC}.Release|Win32.Build.0 = Release|Win32
		{EC0FF2C8-FECA-1BAD-8EF7-2A19A0D44FFC}.Release|x64.ActiveCfg = Release|x64
		{EC0FF2C8-FECA-1BAD-8EF7-2A19A0D44FFC}.Release|x64.Build.0 = Release|x64
		{D3F614E3-FECA-1BAD-8EF7-2A19A0D44FFC}.Debug|Win32.ActiveCfg = Debug|Win32
		{D3F614E3-FECA-1BAD-8EF7-2A19A0D44FFC}.Debug|Win32.Build.0 = Debug|Win32
		{D3F614E3-FECA-1BAD-8EF7-2A19A0D44FFC}.Debug|x64.ActiveCfg = Debug|x64
		{D3F614E3-FECA-1BAD-8EF7-2A19A0D44FFC}.Debug|x64.Build.0 = Debug|x64
		{D3F614E3-FECA-1BAD-8EF7-2A19A0D44FFC}.Release|Win32.ActiveCfg = Release|Win32
		{D3F614E3-FECA-1BAD-8EF7-2A19A0D44FFC}.Release|Win32.Build.0 = Release|Win32
		{D3F614E3-FECA-1BAD-8EF7-2A19A0D44FFC}.Release|x64.ActiveCfg = Release|x64
		{D3F614E3-FECA-1BAD-8EF7-2A19A0D44FFC}.Release|x64.Build.0 = Release|x64
		{5942A6CD-FECA-1BAD-8EF7-2A19A0D44FFC}.Debug|Win32.ActiveCfg = Debug|Win32
		{5942A6CD-FECA-1BAD-8EF7-2A19A0D44FFC}.Debug|Win32.Build.0 = Debug|Win32
		{5942A6CD-FECA-1BAD-8EF7-2A19A0D44FFC}.Debug|x64.ActiveCfg = Debug|x64
		{5942A6CD-FECA-1BAD-8EF7-2A19A0D44FFC}.Debug|x64.Build.0 = Debug|x64
		{5942A6CD-FECA-1BAD-8EF7-2A19A0D44FFC}.Release|Win32.ActiveCfg = Release|Win32
		{5942A6CD-FECA-1BAD-8EF7-2A19A0D44FFC}.Release|Win32.Build.0 = Release|Win32
		{5942A6CD-FECA-1BAD-8EF7-2A19A0D44FFC}.Release|x64.ActiveCfg = Release|x64
		{5942A6CD-FECA-1BAD-8EF7-2A19A0D44FFC}.Release|x64.Build.0 = Release|x64
		{6322A6CD-FECA-1BAD-8EF7-2A19A0D44FFC}.Debug|Win32.ActiveCfg = Debug|Win32
		{6322A6CD-FECA-1BAD-8EF7-2A19A0D44FFC}.Debug|Win32.Build.0 = Debug|Win32
		{6322A6CD-FECA-1BAD-8EF7-2A19A0D44FFC}.Debug|x64.ActiveCfg = Debug|x64
		{6322A6CD-FECA-1BAD-8EF7-2A19A0D44FFC}.Debug|x64.Build.0 = Debug|x64
		{6322A6CD-FECA-1BAD-8EF7-2A19A0D44FFC}.Release|Win32.ActiveCfg = Release|Win32
		{6322A6CD-FECA-1BAD-8EF7-2A19A0D44FFC}.Release|Win32.Build.0 = Release|Win32
		{6322A6CD-FECA-1BAD-8EF7-2A19A0D44FFC}.Release|x64.ActiveCfg = Release|x64
		{6322A6CD-FECA-1BAD-8EF7-2A19A0D44FFC}.Release|x64.Build.0 = Release|x64
		{4E2C3E0F-FECA-1BAD-106F-A8180889130F}.Debug|Win32.ActiveCfg = Debug|Win32
		{4E2C3E0F-FECA-1BAD-106F-A8180889130F}.Debug|Win32.Build.0 = Debug|Win32
		{4E2C3E0F-FECA-1BAD-106F-A8180889130F}.Debug|x64.ActiveCfg = Debug|x64
		{4E2C3E0F-FECA-1BAD-106F-A8180889130F}.Debug|x64.Build.0 = Debug|x64
		{4E2C3E0F-FECA-1BAD-106F-A8180889130F}.Release|Win32.ActiveCfg = Release|Win32
		{4E2C3E0F-FECA-1BAD-106F-A8180889130F}.Release|Win32.Build.0 = Release|Win32
		{4E2C3E0F-FECA-1BAD-106F-A8180889130F}.Release|x64.ActiveCfg = Release|x64
		{4E2C3E0F-FECA-1BAD-106F-A8180889130F}.Release|x64.Build.0 = Release|x64
		{5E2FE04F-FECA-1BAD-13B1-E808489910D1}.Debug|Win32.ActiveCfg = Debug|Win32
		{5E2FE04F-FECA-1BAD-13B1-E808489910D1}.Debug|Win32.Build.0 = Debug|Win32
		{5E2FE04F-FECA-1BAD-13B1-E808489910D1}.Debug|x64.ActiveCfg = Debug|x64
		{5E2FE04F-FECA-1BAD-13B1-E808489910D1}.Debug|x64.Build.0 = Debug|x64
		{5E2FE04F-FECA-1BAD-13B1-E808489910D1}.Release|Win32.ActiveCfg = Release|Win32
		{5E2FE04F-FECA-1BAD-13B1-E808489910D1}.Release|Win32.Build.0 = Release|Win32
		{5E2FE04F-FECA-1BAD-13B1-E808489910D1}.Release|x64.ActiveCfg = Release|x64
		{5E2FE04F-FECA-1BAD-13B1-E808489910D1}.Release|x64.Build.0 = Release|x64
	EndGlobalSection
	GlobalSection(SolutionProperties) = preSolution
		HideSolutionNode = FALSE
	EndGlobalSection
EndGlobal
