
Microsoft Visual Studio Solution File, Format Version 10.00
# Visual Studio 2008
# $Id: VC9WorkspaceCreator.pm 2035 2011-10-06 15:05:21Z johnnyw $
#
# This file was generated by MPC.  Any changes made directly to
# this file will be lost the next time it is generated.
#
# MPC Command:
# /tmp/DOC_ROOT/stage-26662/ACE_wrappers/bin/mwc.pl -type vc9 -recurse -hierarchy -relative ACE_ROOT=/tmp/DOC_ROOT/stage-26662/ACE_wrappers -relative TAO_ROOT=/tmp/DOC_ROOT/stage-26662/ACE_wrappers/TAO -relative CIAO_ROOT=/tmp/DOC_ROOT/stage-26662/ACE_wrappers/TAO/CIAO -relative DANCE_ROOT=/tmp/DOC_ROOT/stage-26662/ACE_wrappers/TAO/DAnCE -workers 8 -name_modifier "*_vc9"
Project("{8BC9CEB8-8B4A-11D0-8D11-00A0C91BC942}") = "AMI_Hello_Base_Hello_Receiver_exec", "AMI_Hello_Base_Hello_Receiver_exec_vc9.vcproj", "{59B87ECC-FECA-1BAD-4A8A-CDD3620C6850}"
	ProjectSection(ProjectDependencies) = postProject
		{62555A71-FECA-1BAD-4A8A-CDD3620C6850} = {62555A71-FECA-1BAD-4A8A-CDD3620C6850}
		{4F686ECC-FECA-1BAD-4A8A-CDD3620C6850} = {4F686ECC-FECA-1BAD-4A8A-CDD3620C6850}
	EndProjectSection
EndProject
Project("{8BC9CEB8-8B4A-11D0-8D11-00A0C91BC942}") = "AMI_Hello_Base_Hello_Receiver_idl_gen", "AMI_Hello_Base_Hello_Receiver_idl_gen_vc9.vcproj", "{D632A24D-FECA-1BAD-4A8A-CDD3620C6850}"
EndProject
Project("{8BC9CEB8-8B4A-11D0-8D11-00A0C91BC942}") = "AMI_Hello_Base_Hello_Receiver_l_stub", "AMI_Hello_Base_Hello_Receiver_l_stub_vc9.vcproj", "{62555A71-FECA-1BAD-4A8A-CDD3620C6850}"
	ProjectSection(ProjectDependencies) = postProject
		{C632A21C-FECA-1BAD-4A8A-CDD3620C6850} = {C632A21C-FECA-1BAD-4A8A-CDD3620C6850}
		{4F686ECC-FECA-1BAD-4A8A-CDD3620C6850} = {4F686ECC-FECA-1BAD-4A8A-CDD3620C6850}
	EndProjectSection
EndProject
Project("{8BC9CEB8-8B4A-11D0-8D11-00A0C91BC942}") = "AMI_Hello_Base_Hello_Receiver_lem_gen", "AMI_Hello_Base_Hello_Receiver_lem_gen_vc9.vcproj", "{C632A21C-FECA-1BAD-4A8A-CDD3620C6850}"
	ProjectSection(ProjectDependencies) = postProject
		{D632A24D-FECA-1BAD-4A8A-CDD3620C6850} = {D632A24D-FECA-1BAD-4A8A-CDD3620C6850}
	EndProjectSection
EndProject
Project("{8BC9CEB8-8B4A-11D0-8D11-00A0C91BC942}") = "AMI_Hello_Base_Hello_Receiver_stub", "AMI_Hello_Base_Hello_Receiver_stub_vc9.vcproj", "{4F686ECC-FECA-1BAD-4A8A-CDD3620C6850}"
	ProjectSection(ProjectDependencies) = postProject
		{D632A24D-FECA-1BAD-4A8A-CDD3620C6850} = {D632A24D-FECA-1BAD-4A8A-CDD3620C6850}
	EndProjectSection
EndProject
Project("{8BC9CEB8-8B4A-11D0-8D11-00A0C91BC942}") = "AMI_Hello_Base_Hello_Receiver_svnt", "AMI_Hello_Base_Hello_Receiver_svnt_vc9.vcproj", "{4F520ECC-FECA-1BAD-4A8A-CDD3620C6850}"
	ProjectSection(ProjectDependencies) = postProject
		{62555A71-FECA-1BAD-4A8A-CDD3620C6850} = {62555A71-FECA-1BAD-4A8A-CDD3620C6850}
	EndProjectSection
EndProject
Global
	GlobalSection(SolutionConfigurationPlatforms) = preSolution
		Debug|Win32 = Debug|Win32
		Debug|x64 = Debug|x64
		Release|Win32 = Release|Win32
		Release|x64 = Release|x64
	EndGlobalSection
	GlobalSection(ProjectConfigurationPlatforms) = postSolution
		{59B87ECC-FECA-1BAD-4A8A-CDD3620C6850}.Debug|Win32.ActiveCfg = Debug|Win32
		{59B87ECC-FECA-1BAD-4A8A-CDD3620C6850}.Debug|Win32.Build.0 = Debug|Win32
		{59B87ECC-FECA-1BAD-4A8A-CDD3620C6850}.Debug|x64.ActiveCfg = Debug|x64
		{59B87ECC-FECA-1BAD-4A8A-CDD3620C6850}.Debug|x64.Build.0 = Debug|x64
		{59B87ECC-FECA-1BAD-4A8A-CDD3620C6850}.Release|Win32.ActiveCfg = Release|Win32
		{59B87ECC-FECA-1BAD-4A8A-CDD3620C6850}.Release|Win32.Build.0 = Release|Win32
		{59B87ECC-FECA-1BAD-4A8A-CDD3620C6850}.Release|x64.ActiveCfg = Release|x64
		{59B87ECC-FECA-1BAD-4A8A-CDD3620C6850}.Release|x64.Build.0 = Release|x64
		{D632A24D-FECA-1BAD-4A8A-CDD3620C6850}.Debug|Win32.ActiveCfg = Debug|Win32
		{D632A24D-FECA-1BAD-4A8A-CDD3620C6850}.Debug|Win32.Build.0 = Debug|Win32
		{D632A24D-FECA-1BAD-4A8A-CDD3620C6850}.Debug|x64.ActiveCfg = Debug|x64
		{D632A24D-FECA-1BAD-4A8A-CDD3620C6850}.Debug|x64.Build.0 = Debug|x64
		{D632A24D-FECA-1BAD-4A8A-CDD3620C6850}.Release|Win32.ActiveCfg = Release|Win32
		{D632A24D-FECA-1BAD-4A8A-CDD3620C6850}.Release|Win32.Build.0 = Release|Win32
		{D632A24D-FECA-1BAD-4A8A-CDD3620C6850}.Release|x64.ActiveCfg = Release|x64
		{D632A24D-FECA-1BAD-4A8A-CDD3620C6850}.Release|x64.Build.0 = Release|x64
		{62555A71-FECA-1BAD-4A8A-CDD3620C6850}.Debug|Win32.ActiveCfg = Debug|Win32
		{62555A71-FECA-1BAD-4A8A-CDD3620C6850}.Debug|Win32.Build.0 = Debug|Win32
		{62555A71-FECA-1BAD-4A8A-CDD3620C6850}.Debug|x64.ActiveCfg = Debug|x64
		{62555A71-FECA-1BAD-4A8A-CDD3620C6850}.Debug|x64.Build.0 = Debug|x64
		{62555A71-FECA-1BAD-4A8A-CDD3620C6850}.Release|Win32.ActiveCfg = Release|Win32
		{62555A71-FECA-1BAD-4A8A-CDD3620C6850}.Release|Win32.Build.0 = Release|Win32
		{62555A71-FECA-1BAD-4A8A-CDD3620C6850}.Release|x64.ActiveCfg = Release|x64
		{62555A71-FECA-1BAD-4A8A-CDD3620C6850}.Release|x64.Build.0 = Release|x64
		{C632A21C-FECA-1BAD-4A8A-CDD3620C6850}.Debug|Win32.ActiveCfg = Debug|Win32
		{C632A21C-FECA-1BAD-4A8A-CDD3620C6850}.Debug|Win32.Build.0 = Debug|Win32
		{C632A21C-FECA-1BAD-4A8A-CDD3620C6850}.Debug|x64.ActiveCfg = Debug|x64
		{C632A21C-FECA-1BAD-4A8A-CDD3620C6850}.Debug|x64.Build.0 = Debug|x64
		{C632A21C-FECA-1BAD-4A8A-CDD3620C6850}.Release|Win32.ActiveCfg = Release|Win32
		{C632A21C-FECA-1BAD-4A8A-CDD3620C6850}.Release|Win32.Build.0 = Release|Win32
		{C632A21C-FECA-1BAD-4A8A-CDD3620C6850}.Release|x64.ActiveCfg = Release|x64
		{C632A21C-FECA-1BAD-4A8A-CDD3620C6850}.Release|x64.Build.0 = Release|x64
		{4F686ECC-FECA-1BAD-4A8A-CDD3620C6850}.Debug|Win32.ActiveCfg = Debug|Win32
		{4F686ECC-FECA-1BAD-4A8A-CDD3620C6850}.Debug|Win32.Build.0 = Debug|Win32
		{4F686ECC-FECA-1BAD-4A8A-CDD3620C6850}.Debug|x64.ActiveCfg = Debug|x64
		{4F686ECC-FECA-1BAD-4A8A-CDD3620C6850}.Debug|x64.Build.0 = Debug|x64
		{4F686ECC-FECA-1BAD-4A8A-CDD3620C6850}.Release|Win32.ActiveCfg = Release|Win32
		{4F686ECC-FECA-1BAD-4A8A-CDD3620C6850}.Release|Win32.Build.0 = Release|Win32
		{4F686ECC-FECA-1BAD-4A8A-CDD3620C6850}.Release|x64.ActiveCfg = Release|x64
		{4F686ECC-FECA-1BAD-4A8A-CDD3620C6850}.Release|x64.Build.0 = Release|x64
		{4F520ECC-FECA-1BAD-4A8A-CDD3620C6850}.Debug|Win32.ActiveCfg = Debug|Win32
		{4F520ECC-FECA-1BAD-4A8A-CDD3620C6850}.Debug|Win32.Build.0 = Debug|Win32
		{4F520ECC-FECA-1BAD-4A8A-CDD3620C6850}.Debug|x64.ActiveCfg = Debug|x64
		{4F520ECC-FECA-1BAD-4A8A-CDD3620C6850}.Debug|x64.Build.0 = Debug|x64
		{4F520ECC-FECA-1BAD-4A8A-CDD3620C6850}.Release|Win32.ActiveCfg = Release|Win32
		{4F520ECC-FECA-1BAD-4A8A-CDD3620C6850}.Release|Win32.Build.0 = Release|Win32
		{4F520ECC-FECA-1BAD-4A8A-CDD3620C6850}.Release|x64.ActiveCfg = Release|x64
		{4F520ECC-FECA-1BAD-4A8A-CDD3620C6850}.Release|x64.Build.0 = Release|x64
	EndGlobalSection
	GlobalSection(SolutionProperties) = preSolution
		HideSolutionNode = FALSE
	EndGlobalSection
EndGlobal
