
Microsoft Visual Studio Solution File, Format Version 11.00
# Visual Studio 2010
# $Id: VC10WorkspaceCreator.pm 2035 2011-10-06 15:05:21Z johnnyw $
#
# This file was generated by MPC.  Any changes made directly to
# this file will be lost the next time it is generated.
#
# MPC Command:
# /tmp/DOC_ROOT/stage-816/ACE_wrappers/bin/mwc.pl -type vc10 -exclude TAO/CIAO/CIAO_TAO_DAnCE_OpenDDS.mwc,TAO/CIAO/CIAO_TAO_OpenDDS.mwc -recurse -hierarchy -relative ACE_ROOT=/tmp/DOC_ROOT/stage-816/ACE_wrappers -relative TAO_ROOT=/tmp/DOC_ROOT/stage-816/ACE_wrappers/TAO -relative CIAO_ROOT=/tmp/DOC_ROOT/stage-816/ACE_wrappers/TAO/CIAO -relative DANCE_ROOT=/tmp/DOC_ROOT/stage-816/ACE_wrappers/TAO/DAnCE -workers 10 -name_modifier "*_vc10"
Project("{8BC9CEB8-8B4A-11D0-8D11-00A0C91BC942}") = "AMI_InterInArgsT_Base_Sender_exec", "AMI_InterInArgsT_Base_Sender_exec_vc10.vcxproj", "{E7DC79C8-FECA-1BAD-A9B4-B6CA9FC77F39}"
	ProjectSection(ProjectDependencies) = postProject
		{0CE57A6D-FECA-1BAD-A9B4-B6CA9FC77F39} = {0CE57A6D-FECA-1BAD-A9B4-B6CA9FC77F39}
		{37CC79DE-FECA-1BAD-A9B4-B6CA9FC77F39} = {37CC79DE-FECA-1BAD-A9B4-B6CA9FC77F39}
	EndProjectSection
EndProject
Project("{8BC9CEB8-8B4A-11D0-8D11-00A0C91BC942}") = "AMI_InterInArgsT_Base_Sender_idl_gen", "AMI_InterInArgsT_Base_Sender_idl_gen_vc10.vcxproj", "{01FE9530-FECA-1BAD-A9B4-B6CA9FC77F39}"
EndProject
Project("{8BC9CEB8-8B4A-11D0-8D11-00A0C91BC942}") = "AMI_InterInArgsT_Base_Sender_lem_gen", "AMI_InterInArgsT_Base_Sender_lem_gen_vc10.vcxproj", "{01FEC420-FECA-1BAD-A9B4-B6CA9FC77F39}"
	ProjectSection(ProjectDependencies) = postProject
		{01FE9530-FECA-1BAD-A9B4-B6CA9FC77F39} = {01FE9530-FECA-1BAD-A9B4-B6CA9FC77F39}
	EndProjectSection
EndProject
Project("{8BC9CEB8-8B4A-11D0-8D11-00A0C91BC942}") = "AMI_InterInArgsT_Base_Sender_lem_stub", "AMI_InterInArgsT_Base_Sender_lem_stub_vc10.vcxproj", "{0CE57A6D-FECA-1BAD-A9B4-B6CA9FC77F39}"
	ProjectSection(ProjectDependencies) = postProject
		{01FEC420-FECA-1BAD-A9B4-B6CA9FC77F39} = {01FEC420-FECA-1BAD-A9B4-B6CA9FC77F39}
	EndProjectSection
EndProject
Project("{8BC9CEB8-8B4A-11D0-8D11-00A0C91BC942}") = "AMI_InterInArgsT_Base_Sender_stub", "AMI_InterInArgsT_Base_Sender_stub_vc10.vcxproj", "{37CC79DE-FECA-1BAD-A9B4-B6CA9FC77F39}"
	ProjectSection(ProjectDependencies) = postProject
		{01FE9530-FECA-1BAD-A9B4-B6CA9FC77F39} = {01FE9530-FECA-1BAD-A9B4-B6CA9FC77F39}
	EndProjectSection
EndProject
Project("{8BC9CEB8-8B4A-11D0-8D11-00A0C91BC942}") = "AMI_InterInArgsT_Base_Sender_svnt", "AMI_InterInArgsT_Base_Sender_svnt_vc10.vcxproj", "{0DAC79DE-FECA-1BAD-A9B4-B6CA9FC77F39}"
	ProjectSection(ProjectDependencies) = postProject
		{0CE57A6D-FECA-1BAD-A9B4-B6CA9FC77F39} = {0CE57A6D-FECA-1BAD-A9B4-B6CA9FC77F39}
		{37CC79DE-FECA-1BAD-A9B4-B6CA9FC77F39} = {37CC79DE-FECA-1BAD-A9B4-B6CA9FC77F39}
	EndProjectSection
EndProject
Global
	GlobalSection(SolutionConfigurationPlatforms) = preSolution
		Debug|Win32 = Debug|Win32
		Debug|x64 = Debug|x64
		Release|Win32 = Release|Win32
		Release|x64 = Release|x64
	EndGlobalSection
	GlobalSection(ProjectConfigurationPlatforms) = postSolution
		{E7DC79C8-FECA-1BAD-A9B4-B6CA9FC77F39}.Debug|Win32.ActiveCfg = Debug|Win32
		{E7DC79C8-FECA-1BAD-A9B4-B6CA9FC77F39}.Debug|Win32.Build.0 = Debug|Win32
		{E7DC79C8-FECA-1BAD-A9B4-B6CA9FC77F39}.Debug|x64.ActiveCfg = Debug|x64
		{E7DC79C8-FECA-1BAD-A9B4-B6CA9FC77F39}.Debug|x64.Build.0 = Debug|x64
		{E7DC79C8-FECA-1BAD-A9B4-B6CA9FC77F39}.Release|Win32.ActiveCfg = Release|Win32
		{E7DC79C8-FECA-1BAD-A9B4-B6CA9FC77F39}.Release|Win32.Build.0 = Release|Win32
		{E7DC79C8-FECA-1BAD-A9B4-B6CA9FC77F39}.Release|x64.ActiveCfg = Release|x64
		{E7DC79C8-FECA-1BAD-A9B4-B6CA9FC77F39}.Release|x64.Build.0 = Release|x64
		{01FE9530-FECA-1BAD-A9B4-B6CA9FC77F39}.Debug|Win32.ActiveCfg = Debug|Win32
		{01FE9530-FECA-1BAD-A9B4-B6CA9FC77F39}.Debug|Win32.Build.0 = Debug|Win32
		{01FE9530-FECA-1BAD-A9B4-B6CA9FC77F39}.Debug|x64.ActiveCfg = Debug|x64
		{01FE9530-FECA-1BAD-A9B4-B6CA9FC77F39}.Debug|x64.Build.0 = Debug|x64
		{01FE9530-FECA-1BAD-A9B4-B6CA9FC77F39}.Release|Win32.ActiveCfg = Release|Win32
		{01FE9530-FECA-1BAD-A9B4-B6CA9FC77F39}.Release|Win32.Build.0 = Release|Win32
		{01FE9530-FECA-1BAD-A9B4-B6CA9FC77F39}.Release|x64.ActiveCfg = Release|x64
		{01FE9530-FECA-1BAD-A9B4-B6CA9FC77F39}.Release|x64.Build.0 = Release|x64
		{01FEC420-FECA-1BAD-A9B4-B6CA9FC77F39}.Debug|Win32.ActiveCfg = Debug|Win32
		{01FEC420-FECA-1BAD-A9B4-B6CA9FC77F39}.Debug|Win32.Build.0 = Debug|Win32
		{01FEC420-FECA-1BAD-A9B4-B6CA9FC77F39}.Debug|x64.ActiveCfg = Debug|x64
		{01FEC420-FECA-1BAD-A9B4-B6CA9FC77F39}.Debug|x64.Build.0 = Debug|x64
		{01FEC420-FECA-1BAD-A9B4-B6CA9FC77F39}.Release|Win32.ActiveCfg = Release|Win32
		{01FEC420-FECA-1BAD-A9B4-B6CA9FC77F39}.Release|Win32.Build.0 = Release|Win32
		{01FEC420-FECA-1BAD-A9B4-B6CA9FC77F39}.Release|x64.ActiveCfg = Release|x64
		{01FEC420-FECA-1BAD-A9B4-B6CA9FC77F39}.Release|x64.Build.0 = Release|x64
		{0CE57A6D-FECA-1BAD-A9B4-B6CA9FC77F39}.Debug|Win32.ActiveCfg = Debug|Win32
		{0CE57A6D-FECA-1BAD-A9B4-B6CA9FC77F39}.Debug|Win32.Build.0 = Debug|Win32
		{0CE57A6D-FECA-1BAD-A9B4-B6CA9FC77F39}.Debug|x64.ActiveCfg = Debug|x64
		{0CE57A6D-FECA-1BAD-A9B4-B6CA9FC77F39}.Debug|x64.Build.0 = Debug|x64
		{0CE57A6D-FECA-1BAD-A9B4-B6CA9FC77F39}.Release|Win32.ActiveCfg = Release|Win32
		{0CE57A6D-FECA-1BAD-A9B4-B6CA9FC77F39}.Release|Win32.Build.0 = Release|Win32
		{0CE57A6D-FECA-1BAD-A9B4-B6CA9FC77F39}.Release|x64.ActiveCfg = Release|x64
		{0CE57A6D-FECA-1BAD-A9B4-B6CA9FC77F39}.Release|x64.Build.0 = Release|x64
		{37CC79DE-FECA-1BAD-A9B4-B6CA9FC77F39}.Debug|Win32.ActiveCfg = Debug|Win32
		{37CC79DE-FECA-1BAD-A9B4-B6CA9FC77F39}.Debug|Win32.Build.0 = Debug|Win32
		{37CC79DE-FECA-1BAD-A9B4-B6CA9FC77F39}.Debug|x64.ActiveCfg = Debug|x64
		{37CC79DE-FECA-1BAD-A9B4-B6CA9FC77F39}.Debug|x64.Build.0 = Debug|x64
		{37CC79DE-FECA-1BAD-A9B4-B6CA9FC77F39}.Release|Win32.ActiveCfg = Release|Win32
		{37CC79DE-FECA-1BAD-A9B4-B6CA9FC77F39}.Release|Win32.Build.0 = Release|Win32
		{37CC79DE-FECA-1BAD-A9B4-B6CA9FC77F39}.Release|x64.ActiveCfg = Release|x64
		{37CC79DE-FECA-1BAD-A9B4-B6CA9FC77F39}.Release|x64.Build.0 = Release|x64
		{0DAC79DE-FECA-1BAD-A9B4-B6CA9FC77F39}.Debug|Win32.ActiveCfg = Debug|Win32
		{0DAC79DE-FECA-1BAD-A9B4-B6CA9FC77F39}.Debug|Win32.Build.0 = Debug|Win32
		{0DAC79DE-FECA-1BAD-A9B4-B6CA9FC77F39}.Debug|x64.ActiveCfg = Debug|x64
		{0DAC79DE-FECA-1BAD-A9B4-B6CA9FC77F39}.Debug|x64.Build.0 = Debug|x64
		{0DAC79DE-FECA-1BAD-A9B4-B6CA9FC77F39}.Release|Win32.ActiveCfg = Release|Win32
		{0DAC79DE-FECA-1BAD-A9B4-B6CA9FC77F39}.Release|Win32.Build.0 = Release|Win32
		{0DAC79DE-FECA-1BAD-A9B4-B6CA9FC77F39}.Release|x64.ActiveCfg = Release|x64
		{0DAC79DE-FECA-1BAD-A9B4-B6CA9FC77F39}.Release|x64.Build.0 = Release|x64
	EndGlobalSection
	GlobalSection(SolutionProperties) = preSolution
		HideSolutionNode = FALSE
	EndGlobalSection
EndGlobal
