
Microsoft Visual Studio Solution File, Format Version 11.00
# Visual Studio 2010
# $Id: VC10WorkspaceCreator.pm 2035 2011-10-06 15:05:21Z johnnyw $
#
# This file was generated by MPC.  Any changes made directly to
# this file will be lost the next time it is generated.
#
# MPC Command:
# /home/build/DOC_ROOT/stage-644/ACE_wrappers/bin/mwc.pl -type vc10 -exclude TAO/CIAO/CIAO_TAO_DAnCE_OpenDDS.mwc,TAO/CIAO/CIAO_TAO_OpenDDS.mwc,TAO/CIAO/CIAO_TAO_DAnCE_OpenDDS_shapes.mwc -recurse -hierarchy -relative ACE_ROOT=/home/build/DOC_ROOT/stage-644/ACE_wrappers -relative TAO_ROOT=/home/build/DOC_ROOT/stage-644/ACE_wrappers/TAO -relative CIAO_ROOT=/home/build/DOC_ROOT/stage-644/ACE_wrappers/TAO/CIAO -relative DANCE_ROOT=/home/build/DOC_ROOT/stage-644/ACE_wrappers/TAO/DAnCE -workers 10 -name_modifier "*_vc10"
Project("{8BC9CEB8-8B4A-11D0-8D11-00A0C91BC942}") = "Bug_2247_Regression_Idl", "Bug_2247_Regression_Idl_vc10.vcxproj", "{B11F584E-FECA-1BAD-30ED-4F50A412DCF5}"
EndProject
Project("{8BC9CEB8-8B4A-11D0-8D11-00A0C91BC942}") = "Bug_2247_Regression_Manager", "Bug_2247_Regression_Manager_vc10.vcxproj", "{0C6BB25D-FECA-1BAD-30ED-4F50A412DCF5}"
	ProjectSection(ProjectDependencies) = postProject
		{B11F584E-FECA-1BAD-30ED-4F50A412DCF5} = {B11F584E-FECA-1BAD-30ED-4F50A412DCF5}
	EndProjectSection
EndProject
Project("{8BC9CEB8-8B4A-11D0-8D11-00A0C91BC942}") = "Bug_2247_Regression_Server", "Bug_2247_Regression_Server_vc10.vcxproj", "{222636FF-FECA-1BAD-30ED-4F50A412DCF5}"
	ProjectSection(ProjectDependencies) = postProject
		{B11F584E-FECA-1BAD-30ED-4F50A412DCF5} = {B11F584E-FECA-1BAD-30ED-4F50A412DCF5}
	EndProjectSection
EndProject
Global
	GlobalSection(SolutionConfigurationPlatforms) = preSolution
		Debug|Win32 = Debug|Win32
		Debug|x64 = Debug|x64
		Release|Win32 = Release|Win32
		Release|x64 = Release|x64
	EndGlobalSection
	GlobalSection(ProjectConfigurationPlatforms) = postSolution
		{B11F584E-FECA-1BAD-30ED-4F50A412DCF5}.Debug|Win32.ActiveCfg = Debug|Win32
		{B11F584E-FECA-1BAD-30ED-4F50A412DCF5}.Debug|Win32.Build.0 = Debug|Win32
		{B11F584E-FECA-1BAD-30ED-4F50A412DCF5}.Debug|x64.ActiveCfg = Debug|x64
		{B11F584E-FECA-1BAD-30ED-4F50A412DCF5}.Debug|x64.Build.0 = Debug|x64
		{B11F584E-FECA-1BAD-30ED-4F50A412DCF5}.Release|Win32.ActiveCfg = Release|Win32
		{B11F584E-FECA-1BAD-30ED-4F50A412DCF5}.Release|Win32.Build.0 = Release|Win32
		{B11F584E-FECA-1BAD-30ED-4F50A412DCF5}.Release|x64.ActiveCfg = Release|x64
		{B11F584E-FECA-1BAD-30ED-4F50A412DCF5}.Release|x64.Build.0 = Release|x64
		{0C6BB25D-FECA-1BAD-30ED-4F50A412DCF5}.Debug|Win32.ActiveCfg = Debug|Win32
		{0C6BB25D-FECA-1BAD-30ED-4F50A412DCF5}.Debug|Win32.Build.0 = Debug|Win32
		{0C6BB25D-FECA-1BAD-30ED-4F50A412DCF5}.Debug|x64.ActiveCfg = Debug|x64
		{0C6BB25D-FECA-1BAD-30ED-4F50A412DCF5}.Debug|x64.Build.0 = Debug|x64
		{0C6BB25D-FECA-1BAD-30ED-4F50A412DCF5}.Release|Win32.ActiveCfg = Release|Win32
		{0C6BB25D-FECA-1BAD-30ED-4F50A412DCF5}.Release|Win32.Build.0 = Release|Win32
		{0C6BB25D-FECA-1BAD-30ED-4F50A412DCF5}.Release|x64.ActiveCfg = Release|x64
		{0C6BB25D-FECA-1BAD-30ED-4F50A412DCF5}.Release|x64.Build.0 = Release|x64
		{222636FF-FECA-1BAD-30ED-4F50A412DCF5}.Debug|Win32.ActiveCfg = Debug|Win32
		{222636FF-FECA-1BAD-30ED-4F50A412DCF5}.Debug|Win32.Build.0 = Debug|Win32
		{222636FF-FECA-1BAD-30ED-4F50A412DCF5}.Debug|x64.ActiveCfg = Debug|x64
		{222636FF-FECA-1BAD-30ED-4F50A412DCF5}.Debug|x64.Build.0 = Debug|x64
		{222636FF-FECA-1BAD-30ED-4F50A412DCF5}.Release|Win32.ActiveCfg = Release|Win32
		{222636FF-FECA-1BAD-30ED-4F50A412DCF5}.Release|Win32.Build.0 = Release|Win32
		{222636FF-FECA-1BAD-30ED-4F50A412DCF5}.Release|x64.ActiveCfg = Release|x64
		{222636FF-FECA-1BAD-30ED-4F50A412DCF5}.Release|x64.Build.0 = Release|x64
	EndGlobalSection
	GlobalSection(SolutionProperties) = preSolution
		HideSolutionNode = FALSE
	EndGlobalSection
EndGlobal
