<?xml version="1.0" encoding="utf-8"?>
<Project ToolsVersion="4.0" xmlns="http://schemas.microsoft.com/developer/msbuild/2003">
  <ItemGroup>
    <Filter Include="Source Files">
      <UniqueIdentifier>{B1F27843-FECA-1BAD-812D-FA07A5FC0DA9}</UniqueIdentifier>
      <Extensions>cpp;cxx;cc;c;C</Extensions>
    </Filter>
    <Filter Include="Build Files">
      <UniqueIdentifier>{A1909F1C-FECA-1BAD-812D-FA07A5FC0DA9}</UniqueIdentifier>
      <Extensions>mpc;mpb;mwc</Extensions>
    </Filter>
  </ItemGroup>
  <ItemGroup>
    <ClCompile Include="Administrator_Client_IDL3.cpp">
      <Filter>Source Files</Filter>
    </ClCompile>
  </ItemGroup>
  <ItemGroup>
    <None Include="Administrator.mpc">
      <Filter>Build Files</Filter>
    </None>
    <None Include="Administrator_Client_IDL2.mpc">
      <Filter>Build Files</Filter>
    </None>
    <None Include="Administrator_Client_IDL3.mpc">
      <Filter>Build Files</Filter>
    </None>
    <None Include="Messenger.mpc">
      <Filter>Build Files</Filter>
    </None>
    <None Include="Receiver.mpc">
      <Filter>Build Files</Filter>
    </None>
  </ItemGroup>
</Project>
