
Microsoft Visual Studio Solution File, Format Version 11.00
# Visual Studio 2010
# $Id: VC10WorkspaceCreator.pm 2035 2011-10-06 15:05:21Z johnnyw $
#
# This file was generated by MPC.  Any changes made directly to
# this file will be lost the next time it is generated.
#
# MPC Command:
# /home/build/tmp/stage-1107/ACE_wrappers/bin/mwc.pl -type vc10 -exclude TAO/CIAO/CIAO_TAO_DAnCE_OpenDDS.mwc,TAO/CIAO/CIAO_TAO_OpenDDS.mwc -recurse -hierarchy -relative ACE_ROOT=/home/build/tmp/stage-1107/ACE_wrappers -relative TAO_ROOT=/home/build/tmp/stage-1107/ACE_wrappers/TAO -relative CIAO_ROOT=/home/build/tmp/stage-1107/ACE_wrappers/TAO/CIAO -relative DANCE_ROOT=/home/build/tmp/stage-1107/ACE_wrappers/TAO/DAnCE -workers 12 -name_modifier "*_vc10"
Project("{8BC9CEB8-8B4A-11D0-8D11-00A0C91BC942}") = "Shapes_Control_comp_exec", "Shapes_Control_comp_exec_vc10.vcxproj", "{01898650-FECA-1BAD-55D7-A191256EBCE6}"
	ProjectSection(ProjectDependencies) = postProject
		{F37D9C38-FECA-1BAD-55D7-A191256EBCE6} = {F37D9C38-FECA-1BAD-55D7-A191256EBCE6}
		{D1998646-FECA-1BAD-55D7-A191256EBCE6} = {D1998646-FECA-1BAD-55D7-A191256EBCE6}
	EndProjectSection
EndProject
Project("{8BC9CEB8-8B4A-11D0-8D11-00A0C91BC942}") = "Shapes_Control_comp_lem_stub", "Shapes_Control_comp_lem_stub_vc10.vcxproj", "{F37D9C38-FECA-1BAD-55D7-A191256EBCE6}"
	ProjectSection(ProjectDependencies) = postProject
		{28FEF915-FECA-1BAD-55D7-A191256EBCE6} = {28FEF915-FECA-1BAD-55D7-A191256EBCE6}
		{D1998646-FECA-1BAD-55D7-A191256EBCE6} = {D1998646-FECA-1BAD-55D7-A191256EBCE6}
	EndProjectSection
EndProject
Project("{8BC9CEB8-8B4A-11D0-8D11-00A0C91BC942}") = "Shapes_Control_comp_stub", "Shapes_Control_comp_stub_vc10.vcxproj", "{D1998646-FECA-1BAD-55D7-A191256EBCE6}"
	ProjectSection(ProjectDependencies) = postProject
		{28FEA805-FECA-1BAD-55D7-A191256EBCE6} = {28FEA805-FECA-1BAD-55D7-A191256EBCE6}
	EndProjectSection
EndProject
Project("{8BC9CEB8-8B4A-11D0-8D11-00A0C91BC942}") = "Shapes_Control_comp_svnt", "Shapes_Control_comp_svnt_vc10.vcxproj", "{EBF98646-FECA-1BAD-55D7-A191256EBCE6}"
	ProjectSection(ProjectDependencies) = postProject
		{F37D9C38-FECA-1BAD-55D7-A191256EBCE6} = {F37D9C38-FECA-1BAD-55D7-A191256EBCE6}
		{D1998646-FECA-1BAD-55D7-A191256EBCE6} = {D1998646-FECA-1BAD-55D7-A191256EBCE6}
	EndProjectSection
EndProject
Project("{8BC9CEB8-8B4A-11D0-8D11-00A0C91BC942}") = "Shapes_Control_idl_gen", "Shapes_Control_idl_gen_vc10.vcxproj", "{28FEA805-FECA-1BAD-55D7-A191256EBCE6}"
EndProject
Project("{8BC9CEB8-8B4A-11D0-8D11-00A0C91BC942}") = "Shapes_Control_lem_gen", "Shapes_Control_lem_gen_vc10.vcxproj", "{28FEF915-FECA-1BAD-55D7-A191256EBCE6}"
	ProjectSection(ProjectDependencies) = postProject
		{28FEA805-FECA-1BAD-55D7-A191256EBCE6} = {28FEA805-FECA-1BAD-55D7-A191256EBCE6}
	EndProjectSection
EndProject
Global
	GlobalSection(SolutionConfigurationPlatforms) = preSolution
		Debug|Win32 = Debug|Win32
		Debug|x64 = Debug|x64
		Release|Win32 = Release|Win32
		Release|x64 = Release|x64
	EndGlobalSection
	GlobalSection(ProjectConfigurationPlatforms) = postSolution
		{01898650-FECA-1BAD-55D7-A191256EBCE6}.Debug|Win32.ActiveCfg = Debug|Win32
		{01898650-FECA-1BAD-55D7-A191256EBCE6}.Debug|Win32.Build.0 = Debug|Win32
		{01898650-FECA-1BAD-55D7-A191256EBCE6}.Debug|x64.ActiveCfg = Debug|x64
		{01898650-FECA-1BAD-55D7-A191256EBCE6}.Debug|x64.Build.0 = Debug|x64
		{01898650-FECA-1BAD-55D7-A191256EBCE6}.Release|Win32.ActiveCfg = Release|Win32
		{01898650-FECA-1BAD-55D7-A191256EBCE6}.Release|Win32.Build.0 = Release|Win32
		{01898650-FECA-1BAD-55D7-A191256EBCE6}.Release|x64.ActiveCfg = Release|x64
		{01898650-FECA-1BAD-55D7-A191256EBCE6}.Release|x64.Build.0 = Release|x64
		{F37D9C38-FECA-1BAD-55D7-A191256EBCE6}.Debug|Win32.ActiveCfg = Debug|Win32
		{F37D9C38-FECA-1BAD-55D7-A191256EBCE6}.Debug|Win32.Build.0 = Debug|Win32
		{F37D9C38-FECA-1BAD-55D7-A191256EBCE6}.Debug|x64.ActiveCfg = Debug|x64
		{F37D9C38-FECA-1BAD-55D7-A191256EBCE6}.Debug|x64.Build.0 = Debug|x64
		{F37D9C38-FECA-1BAD-55D7-A191256EBCE6}.Release|Win32.ActiveCfg = Release|Win32
		{F37D9C38-FECA-1BAD-55D7-A191256EBCE6}.Release|Win32.Build.0 = Release|Win32
		{F37D9C38-FECA-1BAD-55D7-A191256EBCE6}.Release|x64.ActiveCfg = Release|x64
		{F37D9C38-FECA-1BAD-55D7-A191256EBCE6}.Release|x64.Build.0 = Release|x64
		{D1998646-FECA-1BAD-55D7-A191256EBCE6}.Debug|Win32.ActiveCfg = Debug|Win32
		{D1998646-FECA-1BAD-55D7-A191256EBCE6}.Debug|Win32.Build.0 = Debug|Win32
		{D1998646-FECA-1BAD-55D7-A191256EBCE6}.Debug|x64.ActiveCfg = Debug|x64
		{D1998646-FECA-1BAD-55D7-A191256EBCE6}.Debug|x64.Build.0 = Debug|x64
		{D1998646-FECA-1BAD-55D7-A191256EBCE6}.Release|Win32.ActiveCfg = Release|Win32
		{D1998646-FECA-1BAD-55D7-A191256EBCE6}.Release|Win32.Build.0 = Release|Win32
		{D1998646-FECA-1BAD-55D7-A191256EBCE6}.Release|x64.ActiveCfg = Release|x64
		{D1998646-FECA-1BAD-55D7-A191256EBCE6}.Release|x64.Build.0 = Release|x64
		{EBF98646-FECA-1BAD-55D7-A191256EBCE6}.Debug|Win32.ActiveCfg = Debug|Win32
		{EBF98646-FECA-1BAD-55D7-A191256EBCE6}.Debug|Win32.Build.0 = Debug|Win32
		{EBF98646-FECA-1BAD-55D7-A191256EBCE6}.Debug|x64.ActiveCfg = Debug|x64
		{EBF98646-FECA-1BAD-55D7-A191256EBCE6}.Debug|x64.Build.0 = Debug|x64
		{EBF98646-FECA-1BAD-55D7-A191256EBCE6}.Release|Win32.ActiveCfg = Release|Win32
		{EBF98646-FECA-1BAD-55D7-A191256EBCE6}.Release|Win32.Build.0 = Release|Win32
		{EBF98646-FECA-1BAD-55D7-A191256EBCE6}.Release|x64.ActiveCfg = Release|x64
		{EBF98646-FECA-1BAD-55D7-A191256EBCE6}.Release|x64.Build.0 = Release|x64
		{28FEA805-FECA-1BAD-55D7-A191256EBCE6}.Debug|Win32.ActiveCfg = Debug|Win32
		{28FEA805-FECA-1BAD-55D7-A191256EBCE6}.Debug|Win32.Build.0 = Debug|Win32
		{28FEA805-FECA-1BAD-55D7-A191256EBCE6}.Debug|x64.ActiveCfg = Debug|x64
		{28FEA805-FECA-1BAD-55D7-A191256EBCE6}.Debug|x64.Build.0 = Debug|x64
		{28FEA805-FECA-1BAD-55D7-A191256EBCE6}.Release|Win32.ActiveCfg = Release|Win32
		{28FEA805-FECA-1BAD-55D7-A191256EBCE6}.Release|Win32.Build.0 = Release|Win32
		{28FEA805-FECA-1BAD-55D7-A191256EBCE6}.Release|x64.ActiveCfg = Release|x64
		{28FEA805-FECA-1BAD-55D7-A191256EBCE6}.Release|x64.Build.0 = Release|x64
		{28FEF915-FECA-1BAD-55D7-A191256EBCE6}.Debug|Win32.ActiveCfg = Debug|Win32
		{28FEF915-FECA-1BAD-55D7-A191256EBCE6}.Debug|Win32.Build.0 = Debug|Win32
		{28FEF915-FECA-1BAD-55D7-A191256EBCE6}.Debug|x64.ActiveCfg = Debug|x64
		{28FEF915-FECA-1BAD-55D7-A191256EBCE6}.Debug|x64.Build.0 = Debug|x64
		{28FEF915-FECA-1BAD-55D7-A191256EBCE6}.Release|Win32.ActiveCfg = Release|Win32
		{28FEF915-FECA-1BAD-55D7-A191256EBCE6}.Release|Win32.Build.0 = Release|Win32
		{28FEF915-FECA-1BAD-55D7-A191256EBCE6}.Release|x64.ActiveCfg = Release|x64
		{28FEF915-FECA-1BAD-55D7-A191256EBCE6}.Release|x64.Build.0 = Release|x64
	EndGlobalSection
	GlobalSection(SolutionProperties) = preSolution
		HideSolutionNode = FALSE
	EndGlobalSection
EndGlobal
