
Microsoft Visual Studio Solution File, Format Version 11.00
# Visual Studio 2010
# $Id: VC10WorkspaceCreator.pm 2035 2011-10-06 15:05:21Z johnnyw $
#
# This file was generated by MPC.  Any changes made directly to
# this file will be lost the next time it is generated.
#
# MPC Command:
# /home/build/DOC_ROOT/stage-775/ACE_wrappers/bin/mwc.pl -type vc10 -exclude TAO/CIAO/CIAO_TAO_DAnCE_OpenDDS.mwc,TAO/CIAO/CIAO_TAO_OpenDDS.mwc,TAO/CIAO/CIAO_TAO_DAnCE_OpenDDS_shapes.mwc -recurse -hierarchy -relative ACE_ROOT=/home/build/DOC_ROOT/stage-775/ACE_wrappers -relative TAO_ROOT=/home/build/DOC_ROOT/stage-775/ACE_wrappers/TAO -relative CIAO_ROOT=/home/build/DOC_ROOT/stage-775/ACE_wrappers/TAO/CIAO -relative DANCE_ROOT=/home/build/DOC_ROOT/stage-775/ACE_wrappers/TAO/DAnCE -workers 16 -name_modifier "*_vc10"
Project("{8BC9CEB8-8B4A-11D0-8D11-00A0C91BC942}") = "Moo_CompA_exec", "Moo_CompA_exec_vc10.vcxproj", "{464659E1-FECA-1BAD-9A43-8A263BD8A868}"
	ProjectSection(ProjectDependencies) = postProject
		{A3FC5E39-FECA-1BAD-9A43-8A263BD8A868} = {A3FC5E39-FECA-1BAD-9A43-8A263BD8A868}
		{965659F7-FECA-1BAD-9A43-8A263BD8A868} = {965659F7-FECA-1BAD-9A43-8A263BD8A868}
		{B9566E26-FECA-1BAD-4B9D-8A633BD8A868} = {B9566E26-FECA-1BAD-4B9D-8A633BD8A868}
	EndProjectSection
EndProject
Project("{8BC9CEB8-8B4A-11D0-8D11-00A0C91BC942}") = "Moo_CompA_idl_gen", "Moo_CompA_idl_gen_vc10.vcxproj", "{A3FC0F29-FECA-1BAD-9A43-8A263BD8A868}"
EndProject
Project("{8BC9CEB8-8B4A-11D0-8D11-00A0C91BC942}") = "Moo_CompA_lem_gen", "Moo_CompA_lem_gen_vc10.vcxproj", "{A3FC5E39-FECA-1BAD-9A43-8A263BD8A868}"
	ProjectSection(ProjectDependencies) = postProject
		{A3FC0F29-FECA-1BAD-9A43-8A263BD8A868} = {A3FC0F29-FECA-1BAD-9A43-8A263BD8A868}
		{BAA5A474-FECA-1BAD-4B9D-8A633BD8A868} = {BAA5A474-FECA-1BAD-4B9D-8A633BD8A868}
		{BAA5F564-FECA-1BAD-4B9D-8A633BD8A868} = {BAA5F564-FECA-1BAD-4B9D-8A633BD8A868}
	EndProjectSection
EndProject
Project("{8BC9CEB8-8B4A-11D0-8D11-00A0C91BC942}") = "Moo_CompA_stub", "Moo_CompA_stub_vc10.vcxproj", "{965659F7-FECA-1BAD-9A43-8A263BD8A868}"
	ProjectSection(ProjectDependencies) = postProject
		{A3FC0F29-FECA-1BAD-9A43-8A263BD8A868} = {A3FC0F29-FECA-1BAD-9A43-8A263BD8A868}
		{2387CC6D-FECA-1BAD-4B9D-8A633BD8A868} = {2387CC6D-FECA-1BAD-4B9D-8A633BD8A868}
	EndProjectSection
EndProject
Project("{8BC9CEB8-8B4A-11D0-8D11-00A0C91BC942}") = "Moo_CompA_svnt", "Moo_CompA_svnt_vc10.vcxproj", "{AC3659F7-FECA-1BAD-9A43-8A263BD8A868}"
	ProjectSection(ProjectDependencies) = postProject
		{C367CC6C-FECA-1BAD-4B9D-8A633BD8A868} = {C367CC6C-FECA-1BAD-4B9D-8A633BD8A868}
		{464659E1-FECA-1BAD-9A43-8A263BD8A868} = {464659E1-FECA-1BAD-9A43-8A263BD8A868}
	EndProjectSection
EndProject
Project("{8BC9CEB8-8B4A-11D0-8D11-00A0C91BC942}") = "Moo_CompB_exec", "Moo_CompB_exec_vc10.vcxproj", "{46465AE1-FECA-1BAD-9A40-8A263BD8A868}"
	ProjectSection(ProjectDependencies) = postProject
		{A3CC5E39-FECA-1BAD-9A40-8A263BD8A868} = {A3CC5E39-FECA-1BAD-9A40-8A263BD8A868}
		{96565AF7-FECA-1BAD-9A40-8A263BD8A868} = {96565AF7-FECA-1BAD-9A40-8A263BD8A868}
	EndProjectSection
EndProject
Project("{8BC9CEB8-8B4A-11D0-8D11-00A0C91BC942}") = "Moo_CompB_idl_gen", "Moo_CompB_idl_gen_vc10.vcxproj", "{A3CC0F29-FECA-1BAD-9A40-8A263BD8A868}"
EndProject
Project("{8BC9CEB8-8B4A-11D0-8D11-00A0C91BC942}") = "Moo_CompB_lem_gen", "Moo_CompB_lem_gen_vc10.vcxproj", "{A3CC5E39-FECA-1BAD-9A40-8A263BD8A868}"
	ProjectSection(ProjectDependencies) = postProject
		{A3CC0F29-FECA-1BAD-9A40-8A263BD8A868} = {A3CC0F29-FECA-1BAD-9A40-8A263BD8A868}
	EndProjectSection
EndProject
Project("{8BC9CEB8-8B4A-11D0-8D11-00A0C91BC942}") = "Moo_CompB_stub", "Moo_CompB_stub_vc10.vcxproj", "{96565AF7-FECA-1BAD-9A40-8A263BD8A868}"
	ProjectSection(ProjectDependencies) = postProject
		{A3CC0F29-FECA-1BAD-9A40-8A263BD8A868} = {A3CC0F29-FECA-1BAD-9A40-8A263BD8A868}
		{2387CC6D-FECA-1BAD-4B9D-8A633BD8A868} = {2387CC6D-FECA-1BAD-4B9D-8A633BD8A868}
	EndProjectSection
EndProject
Project("{8BC9CEB8-8B4A-11D0-8D11-00A0C91BC942}") = "Moo_CompB_svnt", "Moo_CompB_svnt_vc10.vcxproj", "{AC365AF7-FECA-1BAD-9A40-8A263BD8A868}"
	ProjectSection(ProjectDependencies) = postProject
		{C367CC6C-FECA-1BAD-4B9D-8A633BD8A868} = {C367CC6C-FECA-1BAD-4B9D-8A633BD8A868}
		{46465AE1-FECA-1BAD-9A40-8A263BD8A868} = {46465AE1-FECA-1BAD-9A40-8A263BD8A868}
	EndProjectSection
EndProject
Project("{8BC9CEB8-8B4A-11D0-8D11-00A0C91BC942}") = "Moo_idl_gen", "Moo_idl_gen_vc10.vcxproj", "{BAA5A474-FECA-1BAD-4B9D-8A633BD8A868}"
EndProject
Project("{8BC9CEB8-8B4A-11D0-8D11-00A0C91BC942}") = "Moo_lem_gen", "Moo_lem_gen_vc10.vcxproj", "{BAA5F564-FECA-1BAD-4B9D-8A633BD8A868}"
	ProjectSection(ProjectDependencies) = postProject
		{BAA5A474-FECA-1BAD-4B9D-8A633BD8A868} = {BAA5A474-FECA-1BAD-4B9D-8A633BD8A868}
	EndProjectSection
EndProject
Project("{8BC9CEB8-8B4A-11D0-8D11-00A0C91BC942}") = "Moo_lem_stub", "Moo_lem_stub_vc10.vcxproj", "{B9566E26-FECA-1BAD-4B9D-8A633BD8A868}"
	ProjectSection(ProjectDependencies) = postProject
		{BAA5F564-FECA-1BAD-4B9D-8A633BD8A868} = {BAA5F564-FECA-1BAD-4B9D-8A633BD8A868}
		{2387CC6D-FECA-1BAD-4B9D-8A633BD8A868} = {2387CC6D-FECA-1BAD-4B9D-8A633BD8A868}
	EndProjectSection
EndProject
Project("{8BC9CEB8-8B4A-11D0-8D11-00A0C91BC942}") = "Moo_skel", "Moo_skel_vc10.vcxproj", "{C367CC6C-FECA-1BAD-4B9D-8A633BD8A868}"
	ProjectSection(ProjectDependencies) = postProject
		{2387CC6D-FECA-1BAD-4B9D-8A633BD8A868} = {2387CC6D-FECA-1BAD-4B9D-8A633BD8A868}
		{B9566E26-FECA-1BAD-4B9D-8A633BD8A868} = {B9566E26-FECA-1BAD-4B9D-8A633BD8A868}
	EndProjectSection
EndProject
Project("{8BC9CEB8-8B4A-11D0-8D11-00A0C91BC942}") = "Moo_stub", "Moo_stub_vc10.vcxproj", "{2387CC6D-FECA-1BAD-4B9D-8A633BD8A868}"
	ProjectSection(ProjectDependencies) = postProject
		{BAA5A474-FECA-1BAD-4B9D-8A633BD8A868} = {BAA5A474-FECA-1BAD-4B9D-8A633BD8A868}
	EndProjectSection
EndProject
Global
	GlobalSection(SolutionConfigurationPlatforms) = preSolution
		Debug|Win32 = Debug|Win32
		Debug|x64 = Debug|x64
		Release|Win32 = Release|Win32
		Release|x64 = Release|x64
	EndGlobalSection
	GlobalSection(ProjectConfigurationPlatforms) = postSolution
		{464659E1-FECA-1BAD-9A43-8A263BD8A868}.Debug|Win32.ActiveCfg = Debug|Win32
		{464659E1-FECA-1BAD-9A43-8A263BD8A868}.Debug|Win32.Build.0 = Debug|Win32
		{464659E1-FECA-1BAD-9A43-8A263BD8A868}.Debug|x64.ActiveCfg = Debug|x64
		{464659E1-FECA-1BAD-9A43-8A263BD8A868}.Debug|x64.Build.0 = Debug|x64
		{464659E1-FECA-1BAD-9A43-8A263BD8A868}.Release|Win32.ActiveCfg = Release|Win32
		{464659E1-FECA-1BAD-9A43-8A263BD8A868}.Release|Win32.Build.0 = Release|Win32
		{464659E1-FECA-1BAD-9A43-8A263BD8A868}.Release|x64.ActiveCfg = Release|x64
		{464659E1-FECA-1BAD-9A43-8A263BD8A868}.Release|x64.Build.0 = Release|x64
		{A3FC0F29-FECA-1BAD-9A43-8A263BD8A868}.Debug|Win32.ActiveCfg = Debug|Win32
		{A3FC0F29-FECA-1BAD-9A43-8A263BD8A868}.Debug|Win32.Build.0 = Debug|Win32
		{A3FC0F29-FECA-1BAD-9A43-8A263BD8A868}.Debug|x64.ActiveCfg = Debug|x64
		{A3FC0F29-FECA-1BAD-9A43-8A263BD8A868}.Debug|x64.Build.0 = Debug|x64
		{A3FC0F29-FECA-1BAD-9A43-8A263BD8A868}.Release|Win32.ActiveCfg = Release|Win32
		{A3FC0F29-FECA-1BAD-9A43-8A263BD8A868}.Release|Win32.Build.0 = Release|Win32
		{A3FC0F29-FECA-1BAD-9A43-8A263BD8A868}.Release|x64.ActiveCfg = Release|x64
		{A3FC0F29-FECA-1BAD-9A43-8A263BD8A868}.Release|x64.Build.0 = Release|x64
		{A3FC5E39-FECA-1BAD-9A43-8A263BD8A868}.Debug|Win32.ActiveCfg = Debug|Win32
		{A3FC5E39-FECA-1BAD-9A43-8A263BD8A868}.Debug|Win32.Build.0 = Debug|Win32
		{A3FC5E39-FECA-1BAD-9A43-8A263BD8A868}.Debug|x64.ActiveCfg = Debug|x64
		{A3FC5E39-FECA-1BAD-9A43-8A263BD8A868}.Debug|x64.Build.0 = Debug|x64
		{A3FC5E39-FECA-1BAD-9A43-8A263BD8A868}.Release|Win32.ActiveCfg = Release|Win32
		{A3FC5E39-FECA-1BAD-9A43-8A263BD8A868}.Release|Win32.Build.0 = Release|Win32
		{A3FC5E39-FECA-1BAD-9A43-8A263BD8A868}.Release|x64.ActiveCfg = Release|x64
		{A3FC5E39-FECA-1BAD-9A43-8A263BD8A868}.Release|x64.Build.0 = Release|x64
		{965659F7-FECA-1BAD-9A43-8A263BD8A868}.Debug|Win32.ActiveCfg = Debug|Win32
		{965659F7-FECA-1BAD-9A43-8A263BD8A868}.Debug|Win32.Build.0 = Debug|Win32
		{965659F7-FECA-1BAD-9A43-8A263BD8A868}.Debug|x64.ActiveCfg = Debug|x64
		{965659F7-FECA-1BAD-9A43-8A263BD8A868}.Debug|x64.Build.0 = Debug|x64
		{965659F7-FECA-1BAD-9A43-8A263BD8A868}.Release|Win32.ActiveCfg = Release|Win32
		{965659F7-FECA-1BAD-9A43-8A263BD8A868}.Release|Win32.Build.0 = Release|Win32
		{965659F7-FECA-1BAD-9A43-8A263BD8A868}.Release|x64.ActiveCfg = Release|x64
		{965659F7-FECA-1BAD-9A43-8A263BD8A868}.Release|x64.Build.0 = Release|x64
		{AC3659F7-FECA-1BAD-9A43-8A263BD8A868}.Debug|Win32.ActiveCfg = Debug|Win32
		{AC3659F7-FECA-1BAD-9A43-8A263BD8A868}.Debug|Win32.Build.0 = Debug|Win32
		{AC3659F7-FECA-1BAD-9A43-8A263BD8A868}.Debug|x64.ActiveCfg = Debug|x64
		{AC3659F7-FECA-1BAD-9A43-8A263BD8A868}.Debug|x64.Build.0 = Debug|x64
		{AC3659F7-FECA-1BAD-9A43-8A263BD8A868}.Release|Win32.ActiveCfg = Release|Win32
		{AC3659F7-FECA-1BAD-9A43-8A263BD8A868}.Release|Win32.Build.0 = Release|Win32
		{AC3659F7-FECA-1BAD-9A43-8A263BD8A868}.Release|x64.ActiveCfg = Release|x64
		{AC3659F7-FECA-1BAD-9A43-8A263BD8A868}.Release|x64.Build.0 = Release|x64
		{46465AE1-FECA-1BAD-9A40-8A263BD8A868}.Debug|Win32.ActiveCfg = Debug|Win32
		{46465AE1-FECA-1BAD-9A40-8A263BD8A868}.Debug|Win32.Build.0 = Debug|Win32
		{46465AE1-FECA-1BAD-9A40-8A263BD8A868}.Debug|x64.ActiveCfg = Debug|x64
		{46465AE1-FECA-1BAD-9A40-8A263BD8A868}.Debug|x64.Build.0 = Debug|x64
		{46465AE1-FECA-1BAD-9A40-8A263BD8A868}.Release|Win32.ActiveCfg = Release|Win32
		{46465AE1-FECA-1BAD-9A40-8A263BD8A868}.Release|Win32.Build.0 = Release|Win32
		{46465AE1-FECA-1BAD-9A40-8A263BD8A868}.Release|x64.ActiveCfg = Release|x64
		{46465AE1-FECA-1BAD-9A40-8A263BD8A868}.Release|x64.Build.0 = Release|x64
		{A3CC0F29-FECA-1BAD-9A40-8A263BD8A868}.Debug|Win32.ActiveCfg = Debug|Win32
		{A3CC0F29-FECA-1BAD-9A40-8A263BD8A868}.Debug|Win32.Build.0 = Debug|Win32
		{A3CC0F29-FECA-1BAD-9A40-8A263BD8A868}.Debug|x64.ActiveCfg = Debug|x64
		{A3CC0F29-FECA-1BAD-9A40-8A263BD8A868}.Debug|x64.Build.0 = Debug|x64
		{A3CC0F29-FECA-1BAD-9A40-8A263BD8A868}.Release|Win32.ActiveCfg = Release|Win32
		{A3CC0F29-FECA-1BAD-9A40-8A263BD8A868}.Release|Win32.Build.0 = Release|Win32
		{A3CC0F29-FECA-1BAD-9A40-8A263BD8A868}.Release|x64.ActiveCfg = Release|x64
		{A3CC0F29-FECA-1BAD-9A40-8A263BD8A868}.Release|x64.Build.0 = Release|x64
		{A3CC5E39-FECA-1BAD-9A40-8A263BD8A868}.Debug|Win32.ActiveCfg = Debug|Win32
		{A3CC5E39-FECA-1BAD-9A40-8A263BD8A868}.Debug|Win32.Build.0 = Debug|Win32
		{A3CC5E39-FECA-1BAD-9A40-8A263BD8A868}.Debug|x64.ActiveCfg = Debug|x64
		{A3CC5E39-FECA-1BAD-9A40-8A263BD8A868}.Debug|x64.Build.0 = Debug|x64
		{A3CC5E39-FECA-1BAD-9A40-8A263BD8A868}.Release|Win32.ActiveCfg = Release|Win32
		{A3CC5E39-FECA-1BAD-9A40-8A263BD8A868}.Release|Win32.Build.0 = Release|Win32
		{A3CC5E39-FECA-1BAD-9A40-8A263BD8A868}.Release|x64.ActiveCfg = Release|x64
		{A3CC5E39-FECA-1BAD-9A40-8A263BD8A868}.Release|x64.Build.0 = Release|x64
		{96565AF7-FECA-1BAD-9A40-8A263BD8A868}.Debug|Win32.ActiveCfg = Debug|Win32
		{96565AF7-FECA-1BAD-9A40-8A263BD8A868}.Debug|Win32.Build.0 = Debug|Win32
		{96565AF7-FECA-1BAD-9A40-8A263BD8A868}.Debug|x64.ActiveCfg = Debug|x64
		{96565AF7-FECA-1BAD-9A40-8A263BD8A868}.Debug|x64.Build.0 = Debug|x64
		{96565AF7-FECA-1BAD-9A40-8A263BD8A868}.Release|Win32.ActiveCfg = Release|Win32
		{96565AF7-FECA-1BAD-9A40-8A263BD8A868}.Release|Win32.Build.0 = Release|Win32
		{96565AF7-FECA-1BAD-9A40-8A263BD8A868}.Release|x64.ActiveCfg = Release|x64
		{96565AF7-FECA-1BAD-9A40-8A263BD8A868}.Release|x64.Build.0 = Release|x64
		{AC365AF7-FECA-1BAD-9A40-8A263BD8A868}.Debug|Win32.ActiveCfg = Debug|Win32
		{AC365AF7-FECA-1BAD-9A40-8A263BD8A868}.Debug|Win32.Build.0 = Debug|Win32
		{AC365AF7-FECA-1BAD-9A40-8A263BD8A868}.Debug|x64.ActiveCfg = Debug|x64
		{AC365AF7-FECA-1BAD-9A40-8A263BD8A868}.Debug|x64.Build.0 = Debug|x64
		{AC365AF7-FECA-1BAD-9A40-8A263BD8A868}.Release|Win32.ActiveCfg = Release|Win32
		{AC365AF7-FECA-1BAD-9A40-8A263BD8A868}.Release|Win32.Build.0 = Release|Win32
		{AC365AF7-FECA-1BAD-9A40-8A263BD8A868}.Release|x64.ActiveCfg = Release|x64
		{AC365AF7-FECA-1BAD-9A40-8A263BD8A868}.Release|x64.Build.0 = Release|x64
		{BAA5A474-FECA-1BAD-4B9D-8A633BD8A868}.Debug|Win32.ActiveCfg = Debug|Win32
		{BAA5A474-FECA-1BAD-4B9D-8A633BD8A868}.Debug|Win32.Build.0 = Debug|Win32
		{BAA5A474-FECA-1BAD-4B9D-8A633BD8A868}.Debug|x64.ActiveCfg = Debug|x64
		{BAA5A474-FECA-1BAD-4B9D-8A633BD8A868}.Debug|x64.Build.0 = Debug|x64
		{BAA5A474-FECA-1BAD-4B9D-8A633BD8A868}.Release|Win32.ActiveCfg = Release|Win32
		{BAA5A474-FECA-1BAD-4B9D-8A633BD8A868}.Release|Win32.Build.0 = Release|Win32
		{BAA5A474-FECA-1BAD-4B9D-8A633BD8A868}.Release|x64.ActiveCfg = Release|x64
		{BAA5A474-FECA-1BAD-4B9D-8A633BD8A868}.Release|x64.Build.0 = Release|x64
		{BAA5F564-FECA-1BAD-4B9D-8A633BD8A868}.Debug|Win32.ActiveCfg = Debug|Win32
		{BAA5F564-FECA-1BAD-4B9D-8A633BD8A868}.Debug|Win32.Build.0 = Debug|Win32
		{BAA5F564-FECA-1BAD-4B9D-8A633BD8A868}.Debug|x64.ActiveCfg = Debug|x64
		{BAA5F564-FECA-1BAD-4B9D-8A633BD8A868}.Debug|x64.Build.0 = Debug|x64
		{BAA5F564-FECA-1BAD-4B9D-8A633BD8A868}.Release|Win32.ActiveCfg = Release|Win32
		{BAA5F564-FECA-1BAD-4B9D-8A633BD8A868}.Release|Win32.Build.0 = Release|Win32
		{BAA5F564-FECA-1BAD-4B9D-8A633BD8A868}.Release|x64.ActiveCfg = Release|x64
		{BAA5F564-FECA-1BAD-4B9D-8A633BD8A868}.Release|x64.Build.0 = Release|x64
		{B9566E26-FECA-1BAD-4B9D-8A633BD8A868}.Debug|Win32.ActiveCfg = Debug|Win32
		{B9566E26-FECA-1BAD-4B9D-8A633BD8A868}.Debug|Win32.Build.0 = Debug|Win32
		{B9566E26-FECA-1BAD-4B9D-8A633BD8A868}.Debug|x64.ActiveCfg = Debug|x64
		{B9566E26-FECA-1BAD-4B9D-8A633BD8A868}.Debug|x64.Build.0 = Debug|x64
		{B9566E26-FECA-1BAD-4B9D-8A633BD8A868}.Release|Win32.ActiveCfg = Release|Win32
		{B9566E26-FECA-1BAD-4B9D-8A633BD8A868}.Release|Win32.Build.0 = Release|Win32
		{B9566E26-FECA-1BAD-4B9D-8A633BD8A868}.Release|x64.ActiveCfg = Release|x64
		{B9566E26-FECA-1BAD-4B9D-8A633BD8A868}.Release|x64.Build.0 = Release|x64
		{C367CC6C-FECA-1BAD-4B9D-8A633BD8A868}.Debug|Win32.ActiveCfg = Debug|Win32
		{C367CC6C-FECA-1BAD-4B9D-8A633BD8A868}.Debug|Win32.Build.0 = Debug|Win32
		{C367CC6C-FECA-1BAD-4B9D-8A633BD8A868}.Debug|x64.ActiveCfg = Debug|x64
		{C367CC6C-FECA-1BAD-4B9D-8A633BD8A868}.Debug|x64.Build.0 = Debug|x64
		{C367CC6C-FECA-1BAD-4B9D-8A633BD8A868}.Release|Win32.ActiveCfg = Release|Win32
		{C367CC6C-FECA-1BAD-4B9D-8A633BD8A868}.Release|Win32.Build.0 = Release|Win32
		{C367CC6C-FECA-1BAD-4B9D-8A633BD8A868}.Release|x64.ActiveCfg = Release|x64
		{C367CC6C-FECA-1BAD-4B9D-8A633BD8A868}.Release|x64.Build.0 = Release|x64
		{2387CC6D-FECA-1BAD-4B9D-8A633BD8A868}.Debug|Win32.ActiveCfg = Debug|Win32
		{2387CC6D-FECA-1BAD-4B9D-8A633BD8A868}.Debug|Win32.Build.0 = Debug|Win32
		{2387CC6D-FECA-1BAD-4B9D-8A633BD8A868}.Debug|x64.ActiveCfg = Debug|x64
		{2387CC6D-FECA-1BAD-4B9D-8A633BD8A868}.Debug|x64.Build.0 = Debug|x64
		{2387CC6D-FECA-1BAD-4B9D-8A633BD8A868}.Release|Win32.ActiveCfg = Release|Win32
		{2387CC6D-FECA-1BAD-4B9D-8A633BD8A868}.Release|Win32.Build.0 = Release|Win32
		{2387CC6D-FECA-1BAD-4B9D-8A633BD8A868}.Release|x64.ActiveCfg = Release|x64
		{2387CC6D-FECA-1BAD-4B9D-8A633BD8A868}.Release|x64.Build.0 = Release|x64
	EndGlobalSection
	GlobalSection(SolutionProperties) = preSolution
		HideSolutionNode = FALSE
	EndGlobalSection
EndGlobal
