
Microsoft Visual Studio Solution File, Format Version 11.00
# Visual Studio 2010
# $Id: VC10WorkspaceCreator.pm 2035 2011-10-06 15:05:21Z johnnyw $
#
# This file was generated by MPC.  Any changes made directly to
# this file will be lost the next time it is generated.
#
# MPC Command:
# /tmp/DOC_ROOT/stage-7725/ACE_wrappers/bin/mwc.pl -type vc10 -exclude TAO/CIAO/CIAO_TAO_DAnCE_OpenDDS.mwc,TAO/CIAO/CIAO_TAO_OpenDDS.mwc -recurse -hierarchy -relative ACE_ROOT=/tmp/DOC_ROOT/stage-7725/ACE_wrappers -relative TAO_ROOT=/tmp/DOC_ROOT/stage-7725/ACE_wrappers/TAO -relative CIAO_ROOT=/tmp/DOC_ROOT/stage-7725/ACE_wrappers/TAO/CIAO -relative DANCE_ROOT=/tmp/DOC_ROOT/stage-7725/ACE_wrappers/TAO/DAnCE -workers 8 -name_modifier "*_vc10"
Project("{8BC9CEB8-8B4A-11D0-8D11-00A0C91BC942}") = "POA_Default_Servant_Client", "POA_Default_Servant_Client_vc10.vcxproj", "{1938F453-FECA-1BAD-3093-9D763749D171}"
	ProjectSection(ProjectDependencies) = postProject
		{B17F5FA3-FECA-1BAD-3093-9D763749D171} = {B17F5FA3-FECA-1BAD-3093-9D763749D171}
	EndProjectSection
EndProject
Project("{8BC9CEB8-8B4A-11D0-8D11-00A0C91BC942}") = "POA_Default_Servant_IDL", "POA_Default_Servant_IDL_vc10.vcxproj", "{B17F5FA3-FECA-1BAD-3093-9D763749D171}"
EndProject
Project("{8BC9CEB8-8B4A-11D0-8D11-00A0C91BC942}") = "POA_Default_Servant_Server", "POA_Default_Servant_Server_vc10.vcxproj", "{2258E4D9-FECA-1BAD-3093-9D763749D171}"
	ProjectSection(ProjectDependencies) = postProject
		{B17F5FA3-FECA-1BAD-3093-9D763749D171} = {B17F5FA3-FECA-1BAD-3093-9D763749D171}
	EndProjectSection
EndProject
Global
	GlobalSection(SolutionConfigurationPlatforms) = preSolution
		Debug|Win32 = Debug|Win32
		Debug|x64 = Debug|x64
		Release|Win32 = Release|Win32
		Release|x64 = Release|x64
	EndGlobalSection
	GlobalSection(ProjectConfigurationPlatforms) = postSolution
		{1938F453-FECA-1BAD-3093-9D763749D171}.Debug|Win32.ActiveCfg = Debug|Win32
		{1938F453-FECA-1BAD-3093-9D763749D171}.Debug|Win32.Build.0 = Debug|Win32
		{1938F453-FECA-1BAD-3093-9D763749D171}.Debug|x64.ActiveCfg = Debug|x64
		{1938F453-FECA-1BAD-3093-9D763749D171}.Debug|x64.Build.0 = Debug|x64
		{1938F453-FECA-1BAD-3093-9D763749D171}.Release|Win32.ActiveCfg = Release|Win32
		{1938F453-FECA-1BAD-3093-9D763749D171}.Release|Win32.Build.0 = Release|Win32
		{1938F453-FECA-1BAD-3093-9D763749D171}.Release|x64.ActiveCfg = Release|x64
		{1938F453-FECA-1BAD-3093-9D763749D171}.Release|x64.Build.0 = Release|x64
		{B17F5FA3-FECA-1BAD-3093-9D763749D171}.Debug|Win32.ActiveCfg = Debug|Win32
		{B17F5FA3-FECA-1BAD-3093-9D763749D171}.Debug|Win32.Build.0 = Debug|Win32
		{B17F5FA3-FECA-1BAD-3093-9D763749D171}.Debug|x64.ActiveCfg = Debug|x64
		{B17F5FA3-FECA-1BAD-3093-9D763749D171}.Debug|x64.Build.0 = Debug|x64
		{B17F5FA3-FECA-1BAD-3093-9D763749D171}.Release|Win32.ActiveCfg = Release|Win32
		{B17F5FA3-FECA-1BAD-3093-9D763749D171}.Release|Win32.Build.0 = Release|Win32
		{B17F5FA3-FECA-1BAD-3093-9D763749D171}.Release|x64.ActiveCfg = Release|x64
		{B17F5FA3-FECA-1BAD-3093-9D763749D171}.Release|x64.Build.0 = Release|x64
		{2258E4D9-FECA-1BAD-3093-9D763749D171}.Debug|Win32.ActiveCfg = Debug|Win32
		{2258E4D9-FECA-1BAD-3093-9D763749D171}.Debug|Win32.Build.0 = Debug|Win32
		{2258E4D9-FECA-1BAD-3093-9D763749D171}.Debug|x64.ActiveCfg = Debug|x64
		{2258E4D9-FECA-1BAD-3093-9D763749D171}.Debug|x64.Build.0 = Debug|x64
		{2258E4D9-FECA-1BAD-3093-9D763749D171}.Release|Win32.ActiveCfg = Release|Win32
		{2258E4D9-FECA-1BAD-3093-9D763749D171}.Release|Win32.Build.0 = Release|Win32
		{2258E4D9-FECA-1BAD-3093-9D763749D171}.Release|x64.ActiveCfg = Release|x64
		{2258E4D9-FECA-1BAD-3093-9D763749D171}.Release|x64.Build.0 = Release|x64
	EndGlobalSection
	GlobalSection(SolutionProperties) = preSolution
		HideSolutionNode = FALSE
	EndGlobalSection
EndGlobal
