
Microsoft Visual Studio Solution File, Format Version 11.00
# Visual Studio 2010
# $Id: VC10WorkspaceCreator.pm 2035 2011-10-06 15:05:21Z johnnyw $
#
# This file was generated by MPC.  Any changes made directly to
# this file will be lost the next time it is generated.
#
# MPC Command:
# /home/build/DOC_ROOT/stage-1038/ACE_wrappers/bin/mwc.pl -type vc10 -exclude TAO/CIAO/CIAO_TAO_DAnCE_OpenDDS.mwc,TAO/CIAO/CIAO_TAO_OpenDDS.mwc,TAO/CIAO/CIAO_TAO_DAnCE_OpenDDS_shapes.mwc -recurse -hierarchy -relative ACE_ROOT=/home/build/DOC_ROOT/stage-1038/ACE_wrappers -relative TAO_ROOT=/home/build/DOC_ROOT/stage-1038/ACE_wrappers/TAO -relative CIAO_ROOT=/home/build/DOC_ROOT/stage-1038/ACE_wrappers/TAO/CIAO -relative DANCE_ROOT=/home/build/DOC_ROOT/stage-1038/ACE_wrappers/TAO/DAnCE -workers 20 -name_modifier "*_vc10"
Project("{8BC9CEB8-8B4A-11D0-8D11-00A0C91BC942}") = "AddrServer_Client", "AddrServer\AddrServer_Client_vc10.vcxproj", "{7DF9D414-FECA-1BAD-5452-BD3198D7A429}"
EndProject
Project("{8BC9CEB8-8B4A-11D0-8D11-00A0C91BC942}") = "AddrServer_Server", "AddrServer\AddrServer_Server_vc10.vcxproj", "{4699C49E-FECA-1BAD-5452-BD3198D7A429}"
EndProject
Project("{8BC9CEB8-8B4A-11D0-8D11-00A0C91BC942}") = "ECMcastTests_lib", "Common\ECMcastTests_lib_vc10.vcxproj", "{FEAF6ED6-FECA-1BAD-FEE6-B9E0F420141B}"
EndProject
Project("{8BC9CEB8-8B4A-11D0-8D11-00A0C91BC942}") = "Complex_Consumer", "Complex\Complex_Consumer_vc10.vcxproj", "{8F3C55C0-FECA-1BAD-6A2A-CFF942009277}"
	ProjectSection(ProjectDependencies) = postProject
		{FEAF6ED6-FECA-1BAD-FEE6-B9E0F420141B} = {FEAF6ED6-FECA-1BAD-FEE6-B9E0F420141B}
	EndProjectSection
EndProject
Project("{8BC9CEB8-8B4A-11D0-8D11-00A0C91BC942}") = "Complex_Gateway_Ec", "Complex\Complex_Gateway_Ec_vc10.vcxproj", "{57241DA8-FECA-1BAD-6A2A-CFF942009277}"
	ProjectSection(ProjectDependencies) = postProject
		{FEAF6ED6-FECA-1BAD-FEE6-B9E0F420141B} = {FEAF6ED6-FECA-1BAD-FEE6-B9E0F420141B}
	EndProjectSection
EndProject
Project("{8BC9CEB8-8B4A-11D0-8D11-00A0C91BC942}") = "Complex_Supplier", "Complex\Complex_Supplier_vc10.vcxproj", "{CF2DEBE9-FECA-1BAD-6A2A-CFF942009277}"
	ProjectSection(ProjectDependencies) = postProject
		{FEAF6ED6-FECA-1BAD-FEE6-B9E0F420141B} = {FEAF6ED6-FECA-1BAD-FEE6-B9E0F420141B}
	EndProjectSection
EndProject
Project("{8BC9CEB8-8B4A-11D0-8D11-00A0C91BC942}") = "RTEC_MCast_Federated_Consumer", "RTEC_MCast_Federated\RTEC_MCast_Federated_Consumer_vc10.vcxproj", "{35F2B8F9-FECA-1BAD-5390-01140E872A3D}"
EndProject
Project("{8BC9CEB8-8B4A-11D0-8D11-00A0C91BC942}") = "RTEC_MCast_Federated_Supplier", "RTEC_MCast_Federated\RTEC_MCast_Federated_Supplier_vc10.vcxproj", "{75E306D0-FECA-1BAD-5390-01140E872A3D}"
EndProject
Project("{8BC9CEB8-8B4A-11D0-8D11-00A0C91BC942}") = "Simple_Consumer", "Simple\Simple_Consumer_vc10.vcxproj", "{027C900C-FECA-1BAD-A6A7-8F3CF5260920}"
	ProjectSection(ProjectDependencies) = postProject
		{FEAF6ED6-FECA-1BAD-FEE6-B9E0F420141B} = {FEAF6ED6-FECA-1BAD-FEE6-B9E0F420141B}
	EndProjectSection
EndProject
Project("{8BC9CEB8-8B4A-11D0-8D11-00A0C91BC942}") = "Simple_Gateway_Ec", "Simple\Simple_Gateway_Ec_vc10.vcxproj", "{17E1D125-FECA-1BAD-A6A7-8F3CF5260920}"
	ProjectSection(ProjectDependencies) = postProject
		{FEAF6ED6-FECA-1BAD-FEE6-B9E0F420141B} = {FEAF6ED6-FECA-1BAD-FEE6-B9E0F420141B}
	EndProjectSection
EndProject
Project("{8BC9CEB8-8B4A-11D0-8D11-00A0C91BC942}") = "Simple_Supplier", "Simple\Simple_Supplier_vc10.vcxproj", "{426D2E25-FECA-1BAD-A6A7-8F3CF5260920}"
	ProjectSection(ProjectDependencies) = postProject
		{FEAF6ED6-FECA-1BAD-FEE6-B9E0F420141B} = {FEAF6ED6-FECA-1BAD-FEE6-B9E0F420141B}
	EndProjectSection
EndProject
Project("{8BC9CEB8-8B4A-11D0-8D11-00A0C91BC942}") = "Two_Way_Application", "Two_Way\Two_Way_Application_vc10.vcxproj", "{BFCCB545-FECA-1BAD-A16B-D97954805936}"
	ProjectSection(ProjectDependencies) = postProject
		{FEAF6ED6-FECA-1BAD-FEE6-B9E0F420141B} = {FEAF6ED6-FECA-1BAD-FEE6-B9E0F420141B}
	EndProjectSection
EndProject
Project("{8BC9CEB8-8B4A-11D0-8D11-00A0C91BC942}") = "Two_Way_Gateway_Ec", "Two_Way\Two_Way_Gateway_Ec_vc10.vcxproj", "{41A4D6E9-FECA-1BAD-A16B-D97954805936}"
	ProjectSection(ProjectDependencies) = postProject
		{FEAF6ED6-FECA-1BAD-FEE6-B9E0F420141B} = {FEAF6ED6-FECA-1BAD-FEE6-B9E0F420141B}
	EndProjectSection
EndProject
Global
	GlobalSection(SolutionConfigurationPlatforms) = preSolution
		Debug|Win32 = Debug|Win32
		Debug|x64 = Debug|x64
		Release|Win32 = Release|Win32
		Release|x64 = Release|x64
	EndGlobalSection
	GlobalSection(ProjectConfigurationPlatforms) = postSolution
		{7DF9D414-FECA-1BAD-5452-BD3198D7A429}.Debug|Win32.ActiveCfg = Debug|Win32
		{7DF9D414-FECA-1BAD-5452-BD3198D7A429}.Debug|Win32.Build.0 = Debug|Win32
		{7DF9D414-FECA-1BAD-5452-BD3198D7A429}.Debug|x64.ActiveCfg = Debug|x64
		{7DF9D414-FECA-1BAD-5452-BD3198D7A429}.Debug|x64.Build.0 = Debug|x64
		{7DF9D414-FECA-1BAD-5452-BD3198D7A429}.Release|Win32.ActiveCfg = Release|Win32
		{7DF9D414-FECA-1BAD-5452-BD3198D7A429}.Release|Win32.Build.0 = Release|Win32
		{7DF9D414-FECA-1BAD-5452-BD3198D7A429}.Release|x64.ActiveCfg = Release|x64
		{7DF9D414-FECA-1BAD-5452-BD3198D7A429}.Release|x64.Build.0 = Release|x64
		{4699C49E-FECA-1BAD-5452-BD3198D7A429}.Debug|Win32.ActiveCfg = Debug|Win32
		{4699C49E-FECA-1BAD-5452-BD3198D7A429}.Debug|Win32.Build.0 = Debug|Win32
		{4699C49E-FECA-1BAD-5452-BD3198D7A429}.Debug|x64.ActiveCfg = Debug|x64
		{4699C49E-FECA-1BAD-5452-BD3198D7A429}.Debug|x64.Build.0 = Debug|x64
		{4699C49E-FECA-1BAD-5452-BD3198D7A429}.Release|Win32.ActiveCfg = Release|Win32
		{4699C49E-FECA-1BAD-5452-BD3198D7A429}.Release|Win32.Build.0 = Release|Win32
		{4699C49E-FECA-1BAD-5452-BD3198D7A429}.Release|x64.ActiveCfg = Release|x64
		{4699C49E-FECA-1BAD-5452-BD3198D7A429}.Release|x64.Build.0 = Release|x64
		{FEAF6ED6-FECA-1BAD-FEE6-B9E0F420141B}.Debug|Win32.ActiveCfg = Debug|Win32
		{FEAF6ED6-FECA-1BAD-FEE6-B9E0F420141B}.Debug|Win32.Build.0 = Debug|Win32
		{FEAF6ED6-FECA-1BAD-FEE6-B9E0F420141B}.Debug|x64.ActiveCfg = Debug|x64
		{FEAF6ED6-FECA-1BAD-FEE6-B9E0F420141B}.Debug|x64.Build.0 = Debug|x64
		{FEAF6ED6-FECA-1BAD-FEE6-B9E0F420141B}.Release|Win32.ActiveCfg = Release|Win32
		{FEAF6ED6-FECA-1BAD-FEE6-B9E0F420141B}.Release|Win32.Build.0 = Release|Win32
		{FEAF6ED6-FECA-1BAD-FEE6-B9E0F420141B}.Release|x64.ActiveCfg = Release|x64
		{FEAF6ED6-FECA-1BAD-FEE6-B9E0F420141B}.Release|x64.Build.0 = Release|x64
		{8F3C55C0-FECA-1BAD-6A2A-CFF942009277}.Debug|Win32.ActiveCfg = Debug|Win32
		{8F3C55C0-FECA-1BAD-6A2A-CFF942009277}.Debug|Win32.Build.0 = Debug|Win32
		{8F3C55C0-FECA-1BAD-6A2A-CFF942009277}.Debug|x64.ActiveCfg = Debug|x64
		{8F3C55C0-FECA-1BAD-6A2A-CFF942009277}.Debug|x64.Build.0 = Debug|x64
		{8F3C55C0-FECA-1BAD-6A2A-CFF942009277}.Release|Win32.ActiveCfg = Release|Win32
		{8F3C55C0-FECA-1BAD-6A2A-CFF942009277}.Release|Win32.Build.0 = Release|Win32
		{8F3C55C0-FECA-1BAD-6A2A-CFF942009277}.Release|x64.ActiveCfg = Release|x64
		{8F3C55C0-FECA-1BAD-6A2A-CFF942009277}.Release|x64.Build.0 = Release|x64
		{57241DA8-FECA-1BAD-6A2A-CFF942009277}.Debug|Win32.ActiveCfg = Debug|Win32
		{57241DA8-FECA-1BAD-6A2A-CFF942009277}.Debug|Win32.Build.0 = Debug|Win32
		{57241DA8-FECA-1BAD-6A2A-CFF942009277}.Debug|x64.ActiveCfg = Debug|x64
		{57241DA8-FECA-1BAD-6A2A-CFF942009277}.Debug|x64.Build.0 = Debug|x64
		{57241DA8-FECA-1BAD-6A2A-CFF942009277}.Release|Win32.ActiveCfg = Release|Win32
		{57241DA8-FECA-1BAD-6A2A-CFF942009277}.Release|Win32.Build.0 = Release|Win32
		{57241DA8-FECA-1BAD-6A2A-CFF942009277}.Release|x64.ActiveCfg = Release|x64
		{57241DA8-FECA-1BAD-6A2A-CFF942009277}.Release|x64.Build.0 = Release|x64
		{CF2DEBE9-FECA-1BAD-6A2A-CFF942009277}.Debug|Win32.ActiveCfg = Debug|Win32
		{CF2DEBE9-FECA-1BAD-6A2A-CFF942009277}.Debug|Win32.Build.0 = Debug|Win32
		{CF2DEBE9-FECA-1BAD-6A2A-CFF942009277}.Debug|x64.ActiveCfg = Debug|x64
		{CF2DEBE9-FECA-1BAD-6A2A-CFF942009277}.Debug|x64.Build.0 = Debug|x64
		{CF2DEBE9-FECA-1BAD-6A2A-CFF942009277}.Release|Win32.ActiveCfg = Release|Win32
		{CF2DEBE9-FECA-1BAD-6A2A-CFF942009277}.Release|Win32.Build.0 = Release|Win32
		{CF2DEBE9-FECA-1BAD-6A2A-CFF942009277}.Release|x64.ActiveCfg = Release|x64
		{CF2DEBE9-FECA-1BAD-6A2A-CFF942009277}.Release|x64.Build.0 = Release|x64
		{35F2B8F9-FECA-1BAD-5390-01140E872A3D}.Debug|Win32.ActiveCfg = Debug|Win32
		{35F2B8F9-FECA-1BAD-5390-01140E872A3D}.Debug|Win32.Build.0 = Debug|Win32
		{35F2B8F9-FECA-1BAD-5390-01140E872A3D}.Debug|x64.ActiveCfg = Debug|x64
		{35F2B8F9-FECA-1BAD-5390-01140E872A3D}.Debug|x64.Build.0 = Debug|x64
		{35F2B8F9-FECA-1BAD-5390-01140E872A3D}.Release|Win32.ActiveCfg = Release|Win32
		{35F2B8F9-FECA-1BAD-5390-01140E872A3D}.Release|Win32.Build.0 = Release|Win32
		{35F2B8F9-FECA-1BAD-5390-01140E872A3D}.Release|x64.ActiveCfg = Release|x64
		{35F2B8F9-FECA-1BAD-5390-01140E872A3D}.Release|x64.Build.0 = Release|x64
		{75E306D0-FECA-1BAD-5390-01140E872A3D}.Debug|Win32.ActiveCfg = Debug|Win32
		{75E306D0-FECA-1BAD-5390-01140E872A3D}.Debug|Win32.Build.0 = Debug|Win32
		{75E306D0-FECA-1BAD-5390-01140E872A3D}.Debug|x64.ActiveCfg = Debug|x64
		{75E306D0-FECA-1BAD-5390-01140E872A3D}.Debug|x64.Build.0 = Debug|x64
		{75E306D0-FECA-1BAD-5390-01140E872A3D}.Release|Win32.ActiveCfg = Release|Win32
		{75E306D0-FECA-1BAD-5390-01140E872A3D}.Release|Win32.Build.0 = Release|Win32
		{75E306D0-FECA-1BAD-5390-01140E872A3D}.Release|x64.ActiveCfg = Release|x64
		{75E306D0-FECA-1BAD-5390-01140E872A3D}.Release|x64.Build.0 = Release|x64
		{027C900C-FECA-1BAD-A6A7-8F3CF5260920}.Debug|Win32.ActiveCfg = Debug|Win32
		{027C900C-FECA-1BAD-A6A7-8F3CF5260920}.Debug|Win32.Build.0 = Debug|Win32
		{027C900C-FECA-1BAD-A6A7-8F3CF5260920}.Debug|x64.ActiveCfg = Debug|x64
		{027C900C-FECA-1BAD-A6A7-8F3CF5260920}.Debug|x64.Build.0 = Debug|x64
		{027C900C-FECA-1BAD-A6A7-8F3CF5260920}.Release|Win32.ActiveCfg = Release|Win32
		{027C900C-FECA-1BAD-A6A7-8F3CF5260920}.Release|Win32.Build.0 = Release|Win32
		{027C900C-FECA-1BAD-A6A7-8F3CF5260920}.Release|x64.ActiveCfg = Release|x64
		{027C900C-FECA-1BAD-A6A7-8F3CF5260920}.Release|x64.Build.0 = Release|x64
		{17E1D125-FECA-1BAD-A6A7-8F3CF5260920}.Debug|Win32.ActiveCfg = Debug|Win32
		{17E1D125-FECA-1BAD-A6A7-8F3CF5260920}.Debug|Win32.Build.0 = Debug|Win32
		{17E1D125-FECA-1BAD-A6A7-8F3CF5260920}.Debug|x64.ActiveCfg = Debug|x64
		{17E1D125-FECA-1BAD-A6A7-8F3CF5260920}.Debug|x64.Build.0 = Debug|x64
		{17E1D125-FECA-1BAD-A6A7-8F3CF5260920}.Release|Win32.ActiveCfg = Release|Win32
		{17E1D125-FECA-1BAD-A6A7-8F3CF5260920}.Release|Win32.Build.0 = Release|Win32
		{17E1D125-FECA-1BAD-A6A7-8F3CF5260920}.Release|x64.ActiveCfg = Release|x64
		{17E1D125-FECA-1BAD-A6A7-8F3CF5260920}.Release|x64.Build.0 = Release|x64
		{426D2E25-FECA-1BAD-A6A7-8F3CF5260920}.Debug|Win32.ActiveCfg = Debug|Win32
		{426D2E25-FECA-1BAD-A6A7-8F3CF5260920}.Debug|Win32.Build.0 = Debug|Win32
		{426D2E25-FECA-1BAD-A6A7-8F3CF5260920}.Debug|x64.ActiveCfg = Debug|x64
		{426D2E25-FECA-1BAD-A6A7-8F3CF5260920}.Debug|x64.Build.0 = Debug|x64
		{426D2E25-FECA-1BAD-A6A7-8F3CF5260920}.Release|Win32.ActiveCfg = Release|Win32
		{426D2E25-FECA-1BAD-A6A7-8F3CF5260920}.Release|Win32.Build.0 = Release|Win32
		{426D2E25-FECA-1BAD-A6A7-8F3CF5260920}.Release|x64.ActiveCfg = Release|x64
		{426D2E25-FECA-1BAD-A6A7-8F3CF5260920}.Release|x64.Build.0 = Release|x64
		{BFCCB545-FECA-1BAD-A16B-D97954805936}.Debug|Win32.ActiveCfg = Debug|Win32
		{BFCCB545-FECA-1BAD-A16B-D97954805936}.Debug|Win32.Build.0 = Debug|Win32
		{BFCCB545-FECA-1BAD-A16B-D97954805936}.Debug|x64.ActiveCfg = Debug|x64
		{BFCCB545-FECA-1BAD-A16B-D97954805936}.Debug|x64.Build.0 = Debug|x64
		{BFCCB545-FECA-1BAD-A16B-D97954805936}.Release|Win32.ActiveCfg = Release|Win32
		{BFCCB545-FECA-1BAD-A16B-D97954805936}.Release|Win32.Build.0 = Release|Win32
		{BFCCB545-FECA-1BAD-A16B-D97954805936}.Release|x64.ActiveCfg = Release|x64
		{BFCCB545-FECA-1BAD-A16B-D97954805936}.Release|x64.Build.0 = Release|x64
		{41A4D6E9-FECA-1BAD-A16B-D97954805936}.Debug|Win32.ActiveCfg = Debug|Win32
		{41A4D6E9-FECA-1BAD-A16B-D97954805936}.Debug|Win32.Build.0 = Debug|Win32
		{41A4D6E9-FECA-1BAD-A16B-D97954805936}.Debug|x64.ActiveCfg = Debug|x64
		{41A4D6E9-FECA-1BAD-A16B-D97954805936}.Debug|x64.Build.0 = Debug|x64
		{41A4D6E9-FECA-1BAD-A16B-D97954805936}.Release|Win32.ActiveCfg = Release|Win32
		{41A4D6E9-FECA-1BAD-A16B-D97954805936}.Release|Win32.Build.0 = Release|Win32
		{41A4D6E9-FECA-1BAD-A16B-D97954805936}.Release|x64.ActiveCfg = Release|x64
		{41A4D6E9-FECA-1BAD-A16B-D97954805936}.Release|x64.Build.0 = Release|x64
	EndGlobalSection
	GlobalSection(SolutionProperties) = preSolution
		HideSolutionNode = FALSE
	EndGlobalSection
EndGlobal
